
Microsoft Visual Studio Solution File, Format Version 12.00
# Visual Studio 2013
Project("{2150E333-8FDC-42A3-9474-1A3956D46DE8}") = "Solution Items", "Solution Items", "{342CC5CB-1343-454D-A1A0-9E8BD92959B8}"
	ProjectSection(SolutionItems) = preProject
		ExchangeServerEWSProtocolTestSuites.runsettings = ExchangeServerEWSProtocolTestSuites.runsettings
		ExchangeServerEWSProtocolTestSuites.testsettings = ExchangeServerEWSProtocolTestSuites.testsettings
	EndProjectSection
EndProject
Project("{2150E333-8FDC-42A3-9474-1A3956D46DE8}") = "Common", "Common", "{05A60EBA-54DB-41F1-9400-6E7E9C002D96}"
EndProject
Project("{2150E333-8FDC-42A3-9474-1A3956D46DE8}") = "MS-OXWSATT", "MS-OXWSATT", "{55113BFB-B7F3-4E53-8E64-43A47F8C88C5}"
EndProject
Project("{FAE04EC0-301F-11D3-BF4B-00C04F79EFBC}") = "MS-OXWSATT_TestSuite", "MS-OXWSATT\TestSuite\MS-OXWSATT_TestSuite.csproj", "{BE1EED90-6779-498F-9AEB-AE4A63DC6E1B}"
EndProject
Project("{FAE04EC0-301F-11D3-BF4B-00C04F79EFBC}") = "MS-OXWSATT_Adapter", "MS-OXWSATT\Adapter\MS-OXWSATT_Adapter.csproj", "{CE536B5E-A0C3-4871-B420-9704ECF0B9F8}"
EndProject
Project("{2150E333-8FDC-42A3-9474-1A3956D46DE8}") = "MS-OXWSFOLD", "MS-OXWSFOLD", "{2BD7F271-50DA-4A28-B8D7-0882899705F2}"
EndProject
Project("{FAE04EC0-301F-11D3-BF4B-00C04F79EFBC}") = "MS-OXWSFOLD_Adapter", "MS-OXWSFOLD\Adapter\MS-OXWSFOLD_Adapter.csproj", "{1741AA3E-5975-4160-803B-2FD4EEB48383}"
EndProject
Project("{FAE04EC0-301F-11D3-BF4B-00C04F79EFBC}") = "MS-OXWSFOLD_TestSuite", "MS-OXWSFOLD\TestSuite\MS-OXWSFOLD_TestSuite.csproj", "{5FE01ED9-E0FB-40E5-B24B-006F2F597661}"
EndProject
Project("{2150E333-8FDC-42A3-9474-1A3956D46DE8}") = "MS-OXWSMTGS", "MS-OXWSMTGS", "{0126C538-6A44-4CC2-88FA-01A22DC55B77}"
EndProject
Project("{2150E333-8FDC-42A3-9474-1A3956D46DE8}") = "MS-OXWSBTRF", "MS-OXWSBTRF", "{EB9BB3F5-F4EE-48F0-A2F5-77E6C705765D}"
EndProject
Project("{FAE04EC0-301F-11D3-BF4B-00C04F79EFBC}") = "MS-OXWSBTRF_Adapter", "MS-OXWSBTRF\Adapter\MS-OXWSBTRF_Adapter.csproj", "{7DE624AE-55A0-4C8D-AF54-0CEE17AF9BFF}"
EndProject
Project("{FAE04EC0-301F-11D3-BF4B-00C04F79EFBC}") = "MS-OXWSBTRF_TestSuite", "MS-OXWSBTRF\TestSuite\MS-OXWSBTRF_TestSuite.csproj", "{959AF687-B210-45B7-A408-0954A53B0DE7}"
EndProject
Project("{FAE04EC0-301F-11D3-BF4B-00C04F79EFBC}") = "MS-OXWSMTGS_Adapter", "MS-OXWSMTGS\Adapter\MS-OXWSMTGS_Adapter.csproj", "{AA5D378F-993E-432A-A5C9-E5460A6D1A32}"
EndProject
Project("{FAE04EC0-301F-11D3-BF4B-00C04F79EFBC}") = "MS-OXWSMTGS_TestSuite", "MS-OXWSMTGS\TestSuite\MS-OXWSMTGS_TestSuite.csproj", "{2A648DFF-8A42-49E5-B5CB-E8CA541AD5A6}"
EndProject
Project("{2150E333-8FDC-42A3-9474-1A3956D46DE8}") = "MS-OXWSCONT", "MS-OXWSCONT", "{D1FCD3D7-7ECB-449B-9E6E-F47237679C9D}"
EndProject
Project("{FAE04EC0-301F-11D3-BF4B-00C04F79EFBC}") = "MS-OXWSCONT_Adapter", "MS-OXWSCONT\Adapter\MS-OXWSCONT_Adapter.csproj", "{277227CF-39D1-4192-8639-432E61F8C85E}"
EndProject
Project("{FAE04EC0-301F-11D3-BF4B-00C04F79EFBC}") = "MS-OXWSCONT_TestSuite", "MS-OXWSCONT\TestSuite\MS-OXWSCONT_TestSuite.csproj", "{BF04B1CA-4C39-4ACA-904D-C1F7A851D8FB}"
EndProject
Project("{2150E333-8FDC-42A3-9474-1A3956D46DE8}") = "MS-OXWSCORE", "MS-OXWSCORE", "{0F8CF8DD-124C-431F-A544-7D63D2D94BF3}"
EndProject
Project("{2150E333-8FDC-42A3-9474-1A3956D46DE8}") = "MS-OXWSMSG", "MS-OXWSMSG", "{1698193E-569A-4BF5-A7B2-971639C39716}"
EndProject
Project("{FAE04EC0-301F-11D3-BF4B-00C04F79EFBC}") = "MS-OXWSMSG_Adapter", "MS-OXWSMSG\Adapter\MS-OXWSMSG_Adapter.csproj", "{4F0244CD-8988-4F1F-902B-D47497D61100}"
EndProject
Project("{FAE04EC0-301F-11D3-BF4B-00C04F79EFBC}") = "MS-OXWSMSG_TestSuite", "MS-OXWSMSG\TestSuite\MS-OXWSMSG_TestSuite.csproj", "{932C736B-19E0-4087-8EC3-AA0E83A26F2A}"
EndProject
Project("{2150E333-8FDC-42A3-9474-1A3956D46DE8}") = "MS-OXWSTASK", "MS-OXWSTASK", "{8782F642-8D1F-4311-86A9-305229FDA964}"
EndProject
Project("{FAE04EC0-301F-11D3-BF4B-00C04F79EFBC}") = "MS-OXWSTASK_Adapter", "MS-OXWSTASK\Adapter\MS-OXWSTASK_Adapter.csproj", "{45F794A8-A34B-4369-99A8-3A4584BAA126}"
EndProject
Project("{FAE04EC0-301F-11D3-BF4B-00C04F79EFBC}") = "MS-OXWSTASK_TestSuite", "MS-OXWSTASK\TestSuite\MS-OXWSTASK_TestSuite.csproj", "{4C307242-E8F5-43A7-B04F-BC361C765942}"
EndProject
Project("{2150E333-8FDC-42A3-9474-1A3956D46DE8}") = "MS-OXWSSYNC", "MS-OXWSSYNC", "{AC2C017A-BD96-4244-902F-3CACAF0BD241}"
EndProject
Project("{FAE04EC0-301F-11D3-BF4B-00C04F79EFBC}") = "MS-OXWSSYNC_Adapter", "MS-OXWSSYNC\Adapter\MS-OXWSSYNC_Adapter.csproj", "{38878B2B-8DCB-4902-A01D-E696C06BB5E0}"
EndProject
Project("{FAE04EC0-301F-11D3-BF4B-00C04F79EFBC}") = "MS-OXWSSYNC_TestSuite", "MS-OXWSSYNC\TestSuite\MS-OXWSSYNC_TestSuite.csproj", "{57826A3D-A188-426E-969E-80DAAFEF574E}"
EndProject
Project("{FAE04EC0-301F-11D3-BF4B-00C04F79EFBC}") = "MS-OXWSCORE_Adapter", "MS-OXWSCORE\Adapter\MS-OXWSCORE_Adapter.csproj", "{2F1B5C38-30C8-4F1A-B0EB-BD3FD8189E64}"
EndProject
Project("{FAE04EC0-301F-11D3-BF4B-00C04F79EFBC}") = "MS-OXWSCORE_TestSuite", "MS-OXWSCORE\TestSuite\MS-OXWSCORE_TestSuite.csproj", "{95D84B1B-043A-4609-AD9F-268EC3E29865}"
EndProject
Project("{FAE04EC0-301F-11D3-BF4B-00C04F79EFBC}") = "Common", "Common\Common.csproj", "{719F410B-0D1A-46F2-80A7-D5D91CF8E915}"
EndProject
Project("{2150E333-8FDC-42A3-9474-1A3956D46DE8}") = "MS-OXWSITEMID", "MS-OXWSITEMID", "{2707BB36-DBEF-4B68-A691-4462A9385688}"
EndProject
Project("{FAE04EC0-301F-11D3-BF4B-00C04F79EFBC}") = "MS-OXWSITEMID_Adapter", "MS-OXWSITEMID\Adapter\MS-OXWSITEMID_Adapter.csproj", "{25713B82-15A0-465B-9BA3-DBB6B3076B5E}"
EndProject
Global
	GlobalSection(SolutionConfigurationPlatforms) = preSolution
		Debug|Any CPU = Debug|Any CPU
		Release|Any CPU = Release|Any CPU
	EndGlobalSection
	GlobalSection(ProjectConfigurationPlatforms) = postSolution
		{BE1EED90-6779-498F-9AEB-AE4A63DC6E1B}.Debug|Any CPU.ActiveCfg = Debug|Any CPU
		{BE1EED90-6779-498F-9AEB-AE4A63DC6E1B}.Debug|Any CPU.Build.0 = Debug|Any CPU
		{BE1EED90-6779-498F-9AEB-AE4A63DC6E1B}.Release|Any CPU.ActiveCfg = Release|Any CPU
		{BE1EED90-6779-498F-9AEB-AE4A63DC6E1B}.Release|Any CPU.Build.0 = Release|Any CPU
		{CE536B5E-A0C3-4871-B420-9704ECF0B9F8}.Debug|Any CPU.ActiveCfg = Debug|Any CPU
		{CE536B5E-A0C3-4871-B420-9704ECF0B9F8}.Debug|Any CPU.Build.0 = Debug|Any CPU
		{CE536B5E-A0C3-4871-B420-9704ECF0B9F8}.Release|Any CPU.ActiveCfg = Release|Any CPU
		{CE536B5E-A0C3-4871-B420-9704ECF0B9F8}.Release|Any CPU.Build.0 = Release|Any CPU
		{1741AA3E-5975-4160-803B-2FD4EEB48383}.Debug|Any CPU.ActiveCfg = Debug|Any CPU
		{1741AA3E-5975-4160-803B-2FD4EEB48383}.Debug|Any CPU.Build.0 = Debug|Any CPU
		{1741AA3E-5975-4160-803B-2FD4EEB48383}.Release|Any CPU.ActiveCfg = Release|Any CPU
		{1741AA3E-5975-4160-803B-2FD4EEB48383}.Release|Any CPU.Build.0 = Release|Any CPU
		{5FE01ED9-E0FB-40E5-B24B-006F2F597661}.Debug|Any CPU.ActiveCfg = Debug|Any CPU
		{5FE01ED9-E0FB-40E5-B24B-006F2F597661}.Debug|Any CPU.Build.0 = Debug|Any CPU
		{5FE01ED9-E0FB-40E5-B24B-006F2F597661}.Release|Any CPU.ActiveCfg = Release|Any CPU
		{5FE01ED9-E0FB-40E5-B24B-006F2F597661}.Release|Any CPU.Build.0 = Release|Any CPU
		{7DE624AE-55A0-4C8D-AF54-0CEE17AF9BFF}.Debug|Any CPU.ActiveCfg = Debug|Any CPU
		{7DE624AE-55A0-4C8D-AF54-0CEE17AF9BFF}.Debug|Any CPU.Build.0 = Debug|Any CPU
		{7DE624AE-55A0-4C8D-AF54-0CEE17AF9BFF}.Release|Any CPU.ActiveCfg = Release|Any CPU
		{7DE624AE-55A0-4C8D-AF54-0CEE17AF9BFF}.Release|Any CPU.Build.0 = Release|Any CPU
		{959AF687-B210-45B7-A408-0954A53B0DE7}.Debug|Any CPU.ActiveCfg = Debug|Any CPU
		{959AF687-B210-45B7-A408-0954A53B0DE7}.Debug|Any CPU.Build.0 = Debug|Any CPU
		{959AF687-B210-45B7-A408-0954A53B0DE7}.Release|Any CPU.ActiveCfg = Release|Any CPU
		{959AF687-B210-45B7-A408-0954A53B0DE7}.Release|Any CPU.Build.0 = Release|Any CPU
		{AA5D378F-993E-432A-A5C9-E5460A6D1A32}.Debug|Any CPU.ActiveCfg = Debug|Any CPU
		{AA5D378F-993E-432A-A5C9-E5460A6D1A32}.Debug|Any CPU.Build.0 = Debug|Any CPU
		{AA5D378F-993E-432A-A5C9-E5460A6D1A32}.Release|Any CPU.ActiveCfg = Release|Any CPU
		{AA5D378F-993E-432A-A5C9-E5460A6D1A32}.Release|Any CPU.Build.0 = Release|Any CPU
		{2A648DFF-8A42-49E5-B5CB-E8CA541AD5A6}.Debug|Any CPU.ActiveCfg = Debug|Any CPU
		{2A648DFF-8A42-49E5-B5CB-E8CA541AD5A6}.Debug|Any CPU.Build.0 = Debug|Any CPU
		{2A648DFF-8A42-49E5-B5CB-E8CA541AD5A6}.Release|Any CPU.ActiveCfg = Release|Any CPU
		{2A648DFF-8A42-49E5-B5CB-E8CA541AD5A6}.Release|Any CPU.Build.0 = Release|Any CPU
		{277227CF-39D1-4192-8639-432E61F8C85E}.Debug|Any CPU.ActiveCfg = Debug|Any CPU
		{277227CF-39D1-4192-8639-432E61F8C85E}.Debug|Any CPU.Build.0 = Debug|Any CPU
		{277227CF-39D1-4192-8639-432E61F8C85E}.Release|Any CPU.ActiveCfg = Release|Any CPU
		{277227CF-39D1-4192-8639-432E61F8C85E}.Release|Any CPU.Build.0 = Release|Any CPU
		{BF04B1CA-4C39-4ACA-904D-C1F7A851D8FB}.Debug|Any CPU.ActiveCfg = Debug|Any CPU
		{BF04B1CA-4C39-4ACA-904D-C1F7A851D8FB}.Debug|Any CPU.Build.0 = Debug|Any CPU
		{BF04B1CA-4C39-4ACA-904D-C1F7A851D8FB}.Release|Any CPU.ActiveCfg = Release|Any CPU
		{BF04B1CA-4C39-4ACA-904D-C1F7A851D8FB}.Release|Any CPU.Build.0 = Release|Any CPU
		{4F0244CD-8988-4F1F-902B-D47497D61100}.Debug|Any CPU.ActiveCfg = Debug|Any CPU
		{4F0244CD-8988-4F1F-902B-D47497D61100}.Debug|Any CPU.Build.0 = Debug|Any CPU
		{4F0244CD-8988-4F1F-902B-D47497D61100}.Release|Any CPU.ActiveCfg = Release|Any CPU
		{4F0244CD-8988-4F1F-902B-D47497D61100}.Release|Any CPU.Build.0 = Release|Any CPU
		{932C736B-19E0-4087-8EC3-AA0E83A26F2A}.Debug|Any CPU.ActiveCfg = Debug|Any CPU
		{932C736B-19E0-4087-8EC3-AA0E83A26F2A}.Debug|Any CPU.Build.0 = Debug|Any CPU
		{932C736B-19E0-4087-8EC3-AA0E83A26F2A}.Release|Any CPU.ActiveCfg = Release|Any CPU
		{932C736B-19E0-4087-8EC3-AA0E83A26F2A}.Release|Any CPU.Build.0 = Release|Any CPU
		{45F794A8-A34B-4369-99A8-3A4584BAA126}.Debug|Any CPU.ActiveCfg = Debug|Any CPU
		{45F794A8-A34B-4369-99A8-3A4584BAA126}.Debug|Any CPU.Build.0 = Debug|Any CPU
		{45F794A8-A34B-4369-99A8-3A4584BAA126}.Release|Any CPU.ActiveCfg = Release|Any CPU
		{45F794A8-A34B-4369-99A8-3A4584BAA126}.Release|Any CPU.Build.0 = Release|Any CPU
		{4C307242-E8F5-43A7-B04F-BC361C765942}.Debug|Any CPU.ActiveCfg = Debug|Any CPU
		{4C307242-E8F5-43A7-B04F-BC361C765942}.Debug|Any CPU.Build.0 = Debug|Any CPU
		{4C307242-E8F5-43A7-B04F-BC361C765942}.Release|Any CPU.ActiveCfg = Release|Any CPU
		{4C307242-E8F5-43A7-B04F-BC361C765942}.Release|Any CPU.Build.0 = Release|Any CPU
		{38878B2B-8DCB-4902-A01D-E696C06BB5E0}.Debug|Any CPU.ActiveCfg = Debug|Any CPU
		{38878B2B-8DCB-4902-A01D-E696C06BB5E0}.Debug|Any CPU.Build.0 = Debug|Any CPU
		{38878B2B-8DCB-4902-A01D-E696C06BB5E0}.Release|Any CPU.ActiveCfg = Release|Any CPU
		{38878B2B-8DCB-4902-A01D-E696C06BB5E0}.Release|Any CPU.Build.0 = Release|Any CPU
		{57826A3D-A188-426E-969E-80DAAFEF574E}.Debug|Any CPU.ActiveCfg = Debug|Any CPU
		{57826A3D-A188-426E-969E-80DAAFEF574E}.Debug|Any CPU.Build.0 = Debug|Any CPU
		{57826A3D-A188-426E-969E-80DAAFEF574E}.Release|Any CPU.ActiveCfg = Release|Any CPU
		{57826A3D-A188-426E-969E-80DAAFEF574E}.Release|Any CPU.Build.0 = Release|Any CPU
		{2F1B5C38-30C8-4F1A-B0EB-BD3FD8189E64}.Debug|Any CPU.ActiveCfg = Debug|Any CPU
		{2F1B5C38-30C8-4F1A-B0EB-BD3FD8189E64}.Debug|Any CPU.Build.0 = Debug|Any CPU
		{2F1B5C38-30C8-4F1A-B0EB-BD3FD8189E64}.Release|Any CPU.ActiveCfg = Release|Any CPU
		{2F1B5C38-30C8-4F1A-B0EB-BD3FD8189E64}.Release|Any CPU.Build.0 = Release|Any CPU
		{95D84B1B-043A-4609-AD9F-268EC3E29865}.Debug|Any CPU.ActiveCfg = Debug|Any CPU
		{95D84B1B-043A-4609-AD9F-268EC3E29865}.Debug|Any CPU.Build.0 = Debug|Any CPU
		{95D84B1B-043A-4609-AD9F-268EC3E29865}.Release|Any CPU.ActiveCfg = Release|Any CPU
		{95D84B1B-043A-4609-AD9F-268EC3E29865}.Release|Any CPU.Build.0 = Release|Any CPU
		{719F410B-0D1A-46F2-80A7-D5D91CF8E915}.Debug|Any CPU.ActiveCfg = Debug|Any CPU
		{719F410B-0D1A-46F2-80A7-D5D91CF8E915}.Debug|Any CPU.Build.0 = Debug|Any CPU
		{719F410B-0D1A-46F2-80A7-D5D91CF8E915}.Release|Any CPU.ActiveCfg = Release|Any CPU
		{719F410B-0D1A-46F2-80A7-D5D91CF8E915}.Release|Any CPU.Build.0 = Release|Any CPU
		{25713B82-15A0-465B-9BA3-DBB6B3076B5E}.Debug|Any CPU.ActiveCfg = Debug|Any CPU
		{25713B82-15A0-465B-9BA3-DBB6B3076B5E}.Debug|Any CPU.Build.0 = Debug|Any CPU
		{25713B82-15A0-465B-9BA3-DBB6B3076B5E}.Release|Any CPU.ActiveCfg = Release|Any CPU
		{25713B82-15A0-465B-9BA3-DBB6B3076B5E}.Release|Any CPU.Build.0 = Release|Any CPU
	EndGlobalSection
	GlobalSection(SolutionProperties) = preSolution
		HideSolutionNode = FALSE
	EndGlobalSection
	GlobalSection(NestedProjects) = preSolution
		{719F410B-0D1A-46F2-80A7-D5D91CF8E915} = {05A60EBA-54DB-41F1-9400-6E7E9C002D96}
		{BE1EED90-6779-498F-9AEB-AE4A63DC6E1B} = {55113BFB-B7F3-4E53-8E64-43A47F8C88C5}
		{CE536B5E-A0C3-4871-B420-9704ECF0B9F8} = {55113BFB-B7F3-4E53-8E64-43A47F8C88C5}
		{1741AA3E-5975-4160-803B-2FD4EEB48383} = {2BD7F271-50DA-4A28-B8D7-0882899705F2}
		{5FE01ED9-E0FB-40E5-B24B-006F2F597661} = {2BD7F271-50DA-4A28-B8D7-0882899705F2}
		{AA5D378F-993E-432A-A5C9-E5460A6D1A32} = {0126C538-6A44-4CC2-88FA-01A22DC55B77}
		{2A648DFF-8A42-49E5-B5CB-E8CA541AD5A6} = {0126C538-6A44-4CC2-88FA-01A22DC55B77}
		{7DE624AE-55A0-4C8D-AF54-0CEE17AF9BFF} = {EB9BB3F5-F4EE-48F0-A2F5-77E6C705765D}
		{959AF687-B210-45B7-A408-0954A53B0DE7} = {EB9BB3F5-F4EE-48F0-A2F5-77E6C705765D}
		{277227CF-39D1-4192-8639-432E61F8C85E} = {D1FCD3D7-7ECB-449B-9E6E-F47237679C9D}
		{BF04B1CA-4C39-4ACA-904D-C1F7A851D8FB} = {D1FCD3D7-7ECB-449B-9E6E-F47237679C9D}
		{2F1B5C38-30C8-4F1A-B0EB-BD3FD8189E64} = {0F8CF8DD-124C-431F-A544-7D63D2D94BF3}
		{95D84B1B-043A-4609-AD9F-268EC3E29865} = {0F8CF8DD-124C-431F-A544-7D63D2D94BF3}
		{4F0244CD-8988-4F1F-902B-D47497D61100} = {1698193E-569A-4BF5-A7B2-971639C39716}
		{932C736B-19E0-4087-8EC3-AA0E83A26F2A} = {1698193E-569A-4BF5-A7B2-971639C39716}
		{45F794A8-A34B-4369-99A8-3A4584BAA126} = {8782F642-8D1F-4311-86A9-305229FDA964}
		{4C307242-E8F5-43A7-B04F-BC361C765942} = {8782F642-8D1F-4311-86A9-305229FDA964}
		{38878B2B-8DCB-4902-A01D-E696C06BB5E0} = {AC2C017A-BD96-4244-902F-3CACAF0BD241}
		{57826A3D-A188-426E-969E-80DAAFEF574E} = {AC2C017A-BD96-4244-902F-3CACAF0BD241}
		{25713B82-15A0-465B-9BA3-DBB6B3076B5E} = {2707BB36-DBEF-4B68-A691-4462A9385688}
	EndGlobalSection
EndGlobal
