
Microsoft Visual Studio Solution File, Format Version 12.00
# Visual Studio 2013
Project("{2150E333-8FDC-42A3-9474-1A3956D46DE8}") = "MS-ASAIRS", "MS-ASAIRS", "{E802F30D-C0A7-4253-90E1-CA159A810754}"
EndProject
Project("{FAE04EC0-301F-11D3-BF4B-00C04F79EFBC}") = "MS-ASAIRS_TestSuite", "MS-ASAIRS\TestSuite\MS-ASAIRS_TestSuite.csproj", "{327ACCF7-E1DF-46DF-BAE3-C85AB7EA7DB9}"
EndProject
Project("{FAE04EC0-301F-11D3-BF4B-00C04F79EFBC}") = "MS-ASAIRS_Adapter", "MS-ASAIRS\Adapter\MS-ASAIRS_Adapter.csproj", "{E892B84F-A2C4-45E7-B2A3-FFBFE80F6A5F}"
EndProject
Project("{FAE04EC0-301F-11D3-BF4B-00C04F79EFBC}") = "MS-ASCAL_TestSuite", "MS-ASCAL\TestSuite\MS-ASCAL_TestSuite.csproj", "{959AF687-B210-45B7-A408-0954A53B0DE7}"
EndProject
Project("{2150E333-8FDC-42A3-9474-1A3956D46DE8}") = "MS-ASCAL", "MS-ASCAL", "{514F70CD-C764-438C-B848-2E6B4D4E2A2A}"
EndProject
Project("{FAE04EC0-301F-11D3-BF4B-00C04F79EFBC}") = "MS-ASCAL_Adapter", "MS-ASCAL\Adapter\MS-ASCAL_Adapter.csproj", "{7DE624AE-55A0-4C8D-AF54-0CEE17AF9BFF}"
EndProject
Project("{2150E333-8FDC-42A3-9474-1A3956D46DE8}") = "MS-ASCMD", "MS-ASCMD", "{580E927B-45F6-4285-944D-8A5B52065534}"
EndProject
Project("{2150E333-8FDC-42A3-9474-1A3956D46DE8}") = "MS-ASCNTC", "MS-ASCNTC", "{E53E2EC4-6BF2-4283-8E2A-1D4F74B5BEA9}"
EndProject
Project("{2150E333-8FDC-42A3-9474-1A3956D46DE8}") = "MS-ASCON", "MS-ASCON", "{7506E401-7B45-4DAD-BDFD-63B9B173BC86}"
EndProject
Project("{2150E333-8FDC-42A3-9474-1A3956D46DE8}") = "MS-ASDOC", "MS-ASDOC", "{328095D0-A557-4D03-B095-B4AEBBD534E6}"
EndProject
Project("{2150E333-8FDC-42A3-9474-1A3956D46DE8}") = "MS-ASEMAIL", "MS-ASEMAIL", "{3A64E327-7170-43B9-8B06-59985E998EFE}"
EndProject
Project("{2150E333-8FDC-42A3-9474-1A3956D46DE8}") = "MS-ASHTTP", "MS-ASHTTP", "{5F7EEEAB-A626-4A58-BCBF-82CE0731CBC9}"
EndProject
Project("{2150E333-8FDC-42A3-9474-1A3956D46DE8}") = "MS-ASNOTE", "MS-ASNOTE", "{AB81AD27-25E8-4074-BE4A-070D3008B207}"
EndProject
Project("{2150E333-8FDC-42A3-9474-1A3956D46DE8}") = "MS-ASPROV", "MS-ASPROV", "{0959E2A1-62C1-45F9-B7EB-448D192E1A1E}"
EndProject
Project("{2150E333-8FDC-42A3-9474-1A3956D46DE8}") = "MS-ASRM", "MS-ASRM", "{B31C930F-C8F4-4970-8253-7C768DDD34EF}"
EndProject
Project("{2150E333-8FDC-42A3-9474-1A3956D46DE8}") = "MS-ASTASK", "MS-ASTASK", "{7D37AD5A-6186-4FD6-94BF-7E05A25EA3FC}"
EndProject
Project("{FAE04EC0-301F-11D3-BF4B-00C04F79EFBC}") = "MS-ASCMD_Adapter", "MS-ASCMD\Adapter\MS-ASCMD_Adapter.csproj", "{0A273D6C-84B0-48FE-A071-0552B29F6591}"
EndProject
Project("{FAE04EC0-301F-11D3-BF4B-00C04F79EFBC}") = "MS-ASCMD_TestSuite", "MS-ASCMD\TestSuite\MS-ASCMD_TestSuite.csproj", "{4C143C79-2F92-4A3A-B0A0-D33B805ACDE8}"
EndProject
Project("{FAE04EC0-301F-11D3-BF4B-00C04F79EFBC}") = "MS-ASCNTC_Adapter", "MS-ASCNTC\Adapter\MS-ASCNTC_Adapter.csproj", "{1B00DDC5-FDDC-4E3F-B235-02F3C1706263}"
EndProject
Project("{FAE04EC0-301F-11D3-BF4B-00C04F79EFBC}") = "MS-ASCNTC_TestSuite", "MS-ASCNTC\TestSuite\MS-ASCNTC_TestSuite.csproj", "{82DCC1B8-48B7-431B-9318-ADA1F282E54A}"
EndProject
Project("{FAE04EC0-301F-11D3-BF4B-00C04F79EFBC}") = "MS-ASCON_Adapter", "MS-ASCON\Adapter\MS-ASCON_Adapter.csproj", "{C9AA8EEF-B664-4CDC-86D9-210C38091E4F}"
EndProject
Project("{FAE04EC0-301F-11D3-BF4B-00C04F79EFBC}") = "MS-ASCON_TestSuite", "MS-ASCON\TestSuite\MS-ASCON_TestSuite.csproj", "{3BCB95DE-C013-40A0-96FF-2A3588032504}"
EndProject
Project("{FAE04EC0-301F-11D3-BF4B-00C04F79EFBC}") = "MS-ASDOC_Adapter", "MS-ASDOC\Adapter\MS-ASDOC_Adapter.csproj", "{CE536B5E-A0C3-4871-B420-9704ECF0B9F8}"
EndProject
Project("{FAE04EC0-301F-11D3-BF4B-00C04F79EFBC}") = "MS-ASDOC_TestSuite", "MS-ASDOC\TestSuite\MS-ASDOC_TestSuite.csproj", "{BE1EED90-6779-498F-9AEB-AE4A63DC6E1B}"
EndProject
Project("{FAE04EC0-301F-11D3-BF4B-00C04F79EFBC}") = "MS-ASEMAIL_Adapter", "MS-ASEMAIL\Adapter\MS-ASEMAIL_Adapter.csproj", "{5DD39C45-535D-4D73-B507-DFAF07060164}"
EndProject
Project("{FAE04EC0-301F-11D3-BF4B-00C04F79EFBC}") = "MS-ASEMAIL_TestSuite", "MS-ASEMAIL\TestSuite\MS-ASEMAIL_TestSuite.csproj", "{1126F9DF-7080-4C4C-9CD8-B35268633E08}"
EndProject
Project("{FAE04EC0-301F-11D3-BF4B-00C04F79EFBC}") = "MS-ASHTTP_Adapter", "MS-ASHTTP\Adapter\MS-ASHTTP_Adapter.csproj", "{68464C89-3436-48D9-BA97-F1C410C57A70}"
EndProject
Project("{FAE04EC0-301F-11D3-BF4B-00C04F79EFBC}") = "MS-ASHTTP_TestSuite", "MS-ASHTTP\TestSuite\MS-ASHTTP_TestSuite.csproj", "{5FFB3FDE-8F98-44FE-9FC1-FA81F7766243}"
EndProject
Project("{FAE04EC0-301F-11D3-BF4B-00C04F79EFBC}") = "MS-ASNOTE_Adapter", "MS-ASNOTE\Adapter\MS-ASNOTE_Adapter.csproj", "{86C0A0ED-6567-4D47-AF32-C2A7EAD42DB3}"
EndProject
Project("{FAE04EC0-301F-11D3-BF4B-00C04F79EFBC}") = "MS-ASNOTE_TestSuite", "MS-ASNOTE\TestSuite\MS-ASNOTE_TestSuite.csproj", "{2457AA3C-9B02-44B3-9489-05043EB3CBE7}"
EndProject
Project("{FAE04EC0-301F-11D3-BF4B-00C04F79EFBC}") = "MS-ASPROV_Adapter", "MS-ASPROV\Adapter\MS-ASPROV_Adapter.csproj", "{829B7794-4303-4109-AC95-663AD0E269C5}"
EndProject
Project("{FAE04EC0-301F-11D3-BF4B-00C04F79EFBC}") = "MS-ASPROV_TestSuite", "MS-ASPROV\TestSuite\MS-ASPROV_TestSuite.csproj", "{8B55B56A-C53B-403C-9AAE-0E22A5285A63}"
EndProject
Project("{FAE04EC0-301F-11D3-BF4B-00C04F79EFBC}") = "MS-ASRM_Adapter", "MS-ASRM\Adapter\MS-ASRM_Adapter.csproj", "{476FC3ED-11F1-4B88-86E3-63D1952EA471}"
EndProject
Project("{FAE04EC0-301F-11D3-BF4B-00C04F79EFBC}") = "MS-ASRM_TestSuite", "MS-ASRM\TestSuite\MS-ASRM_TestSuite.csproj", "{C1F5815F-30AE-4B7C-A265-7A30FFFD3462}"
EndProject
Project("{FAE04EC0-301F-11D3-BF4B-00C04F79EFBC}") = "MS-ASTASK_Adapter", "MS-ASTASK\Adapter\MS-ASTASK_Adapter.csproj", "{7510D310-5A44-48B0-9585-A96DBC03071A}"
EndProject
Project("{FAE04EC0-301F-11D3-BF4B-00C04F79EFBC}") = "MS-ASTASK_TestSuite", "MS-ASTASK\TestSuite\MS-ASTASK_TestSuite.csproj", "{5F7D0152-EA82-47CC-BBD4-D7851EE43DCB}"
EndProject
Project("{2150E333-8FDC-42A3-9474-1A3956D46DE8}") = "Solution Items", "Solution Items", "{F2713A60-C655-4D62-B275-CCDD8AEAE5B8}"
	ProjectSection(SolutionItems) = preProject
		ExchangeServerEASProtocolTestSuites.runsettings = ExchangeServerEASProtocolTestSuites.runsettings
		ExchangeServerEASProtocolTestSuites.testsettings = ExchangeServerEASProtocolTestSuites.testsettings
	EndProjectSection
EndProject
Project("{FAE04EC0-301F-11D3-BF4B-00C04F79EFBC}") = "Common", "Common\Common.csproj", "{7C4FF57A-6BE9-49E5-9FBE-850EFD984D09}"
EndProject
Project("{FAE04EC0-301F-11D3-BF4B-00C04F79EFBC}") = "MS-ASWBXML", "MS-ASWBXML\MS-ASWBXML.csproj", "{B9B351EA-37AE-4B70-9A73-21219CF12EF3}"
EndProject
Global
	GlobalSection(SolutionConfigurationPlatforms) = preSolution
		Debug|Any CPU = Debug|Any CPU
		Release|Any CPU = Release|Any CPU
	EndGlobalSection
	GlobalSection(ProjectConfigurationPlatforms) = postSolution
		{327ACCF7-E1DF-46DF-BAE3-C85AB7EA7DB9}.Debug|Any CPU.ActiveCfg = Debug|Any CPU
		{327ACCF7-E1DF-46DF-BAE3-C85AB7EA7DB9}.Debug|Any CPU.Build.0 = Debug|Any CPU
		{327ACCF7-E1DF-46DF-BAE3-C85AB7EA7DB9}.Release|Any CPU.ActiveCfg = Release|Any CPU
		{327ACCF7-E1DF-46DF-BAE3-C85AB7EA7DB9}.Release|Any CPU.Build.0 = Release|Any CPU
		{E892B84F-A2C4-45E7-B2A3-FFBFE80F6A5F}.Debug|Any CPU.ActiveCfg = Debug|Any CPU
		{E892B84F-A2C4-45E7-B2A3-FFBFE80F6A5F}.Debug|Any CPU.Build.0 = Debug|Any CPU
		{E892B84F-A2C4-45E7-B2A3-FFBFE80F6A5F}.Release|Any CPU.ActiveCfg = Release|Any CPU
		{E892B84F-A2C4-45E7-B2A3-FFBFE80F6A5F}.Release|Any CPU.Build.0 = Release|Any CPU
		{959AF687-B210-45B7-A408-0954A53B0DE7}.Debug|Any CPU.ActiveCfg = Debug|Any CPU
		{959AF687-B210-45B7-A408-0954A53B0DE7}.Debug|Any CPU.Build.0 = Debug|Any CPU
		{959AF687-B210-45B7-A408-0954A53B0DE7}.Release|Any CPU.ActiveCfg = Release|Any CPU
		{959AF687-B210-45B7-A408-0954A53B0DE7}.Release|Any CPU.Build.0 = Release|Any CPU
		{7DE624AE-55A0-4C8D-AF54-0CEE17AF9BFF}.Debug|Any CPU.ActiveCfg = Debug|Any CPU
		{7DE624AE-55A0-4C8D-AF54-0CEE17AF9BFF}.Debug|Any CPU.Build.0 = Debug|Any CPU
		{7DE624AE-55A0-4C8D-AF54-0CEE17AF9BFF}.Release|Any CPU.ActiveCfg = Release|Any CPU
		{7DE624AE-55A0-4C8D-AF54-0CEE17AF9BFF}.Release|Any CPU.Build.0 = Release|Any CPU
		{0A273D6C-84B0-48FE-A071-0552B29F6591}.Debug|Any CPU.ActiveCfg = Debug|Any CPU
		{0A273D6C-84B0-48FE-A071-0552B29F6591}.Debug|Any CPU.Build.0 = Debug|Any CPU
		{0A273D6C-84B0-48FE-A071-0552B29F6591}.Release|Any CPU.ActiveCfg = Release|Any CPU
		{0A273D6C-84B0-48FE-A071-0552B29F6591}.Release|Any CPU.Build.0 = Release|Any CPU
		{4C143C79-2F92-4A3A-B0A0-D33B805ACDE8}.Debug|Any CPU.ActiveCfg = Debug|Any CPU
		{4C143C79-2F92-4A3A-B0A0-D33B805ACDE8}.Debug|Any CPU.Build.0 = Debug|Any CPU
		{4C143C79-2F92-4A3A-B0A0-D33B805ACDE8}.Release|Any CPU.ActiveCfg = Release|Any CPU
		{4C143C79-2F92-4A3A-B0A0-D33B805ACDE8}.Release|Any CPU.Build.0 = Release|Any CPU
		{1B00DDC5-FDDC-4E3F-B235-02F3C1706263}.Debug|Any CPU.ActiveCfg = Debug|Any CPU
		{1B00DDC5-FDDC-4E3F-B235-02F3C1706263}.Debug|Any CPU.Build.0 = Debug|Any CPU
		{1B00DDC5-FDDC-4E3F-B235-02F3C1706263}.Release|Any CPU.ActiveCfg = Release|Any CPU
		{1B00DDC5-FDDC-4E3F-B235-02F3C1706263}.Release|Any CPU.Build.0 = Release|Any CPU
		{82DCC1B8-48B7-431B-9318-ADA1F282E54A}.Debug|Any CPU.ActiveCfg = Debug|Any CPU
		{82DCC1B8-48B7-431B-9318-ADA1F282E54A}.Debug|Any CPU.Build.0 = Debug|Any CPU
		{82DCC1B8-48B7-431B-9318-ADA1F282E54A}.Release|Any CPU.ActiveCfg = Release|Any CPU
		{82DCC1B8-48B7-431B-9318-ADA1F282E54A}.Release|Any CPU.Build.0 = Release|Any CPU
		{C9AA8EEF-B664-4CDC-86D9-210C38091E4F}.Debug|Any CPU.ActiveCfg = Debug|Any CPU
		{C9AA8EEF-B664-4CDC-86D9-210C38091E4F}.Debug|Any CPU.Build.0 = Debug|Any CPU
		{C9AA8EEF-B664-4CDC-86D9-210C38091E4F}.Release|Any CPU.ActiveCfg = Release|Any CPU
		{C9AA8EEF-B664-4CDC-86D9-210C38091E4F}.Release|Any CPU.Build.0 = Release|Any CPU
		{3BCB95DE-C013-40A0-96FF-2A3588032504}.Debug|Any CPU.ActiveCfg = Debug|Any CPU
		{3BCB95DE-C013-40A0-96FF-2A3588032504}.Debug|Any CPU.Build.0 = Debug|Any CPU
		{3BCB95DE-C013-40A0-96FF-2A3588032504}.Release|Any CPU.ActiveCfg = Release|Any CPU
		{3BCB95DE-C013-40A0-96FF-2A3588032504}.Release|Any CPU.Build.0 = Release|Any CPU
		{CE536B5E-A0C3-4871-B420-9704ECF0B9F8}.Debug|Any CPU.ActiveCfg = Debug|Any CPU
		{CE536B5E-A0C3-4871-B420-9704ECF0B9F8}.Debug|Any CPU.Build.0 = Debug|Any CPU
		{CE536B5E-A0C3-4871-B420-9704ECF0B9F8}.Release|Any CPU.ActiveCfg = Release|Any CPU
		{CE536B5E-A0C3-4871-B420-9704ECF0B9F8}.Release|Any CPU.Build.0 = Release|Any CPU
		{BE1EED90-6779-498F-9AEB-AE4A63DC6E1B}.Debug|Any CPU.ActiveCfg = Debug|Any CPU
		{BE1EED90-6779-498F-9AEB-AE4A63DC6E1B}.Debug|Any CPU.Build.0 = Debug|Any CPU
		{BE1EED90-6779-498F-9AEB-AE4A63DC6E1B}.Release|Any CPU.ActiveCfg = Release|Any CPU
		{BE1EED90-6779-498F-9AEB-AE4A63DC6E1B}.Release|Any CPU.Build.0 = Release|Any CPU
		{5DD39C45-535D-4D73-B507-DFAF07060164}.Debug|Any CPU.ActiveCfg = Debug|Any CPU
		{5DD39C45-535D-4D73-B507-DFAF07060164}.Debug|Any CPU.Build.0 = Debug|Any CPU
		{5DD39C45-535D-4D73-B507-DFAF07060164}.Release|Any CPU.ActiveCfg = Release|Any CPU
		{5DD39C45-535D-4D73-B507-DFAF07060164}.Release|Any CPU.Build.0 = Release|Any CPU
		{1126F9DF-7080-4C4C-9CD8-B35268633E08}.Debug|Any CPU.ActiveCfg = Debug|Any CPU
		{1126F9DF-7080-4C4C-9CD8-B35268633E08}.Debug|Any CPU.Build.0 = Debug|Any CPU
		{1126F9DF-7080-4C4C-9CD8-B35268633E08}.Release|Any CPU.ActiveCfg = Release|Any CPU
		{1126F9DF-7080-4C4C-9CD8-B35268633E08}.Release|Any CPU.Build.0 = Release|Any CPU
		{68464C89-3436-48D9-BA97-F1C410C57A70}.Debug|Any CPU.ActiveCfg = Debug|Any CPU
		{68464C89-3436-48D9-BA97-F1C410C57A70}.Debug|Any CPU.Build.0 = Debug|Any CPU
		{68464C89-3436-48D9-BA97-F1C410C57A70}.Release|Any CPU.ActiveCfg = Release|Any CPU
		{68464C89-3436-48D9-BA97-F1C410C57A70}.Release|Any CPU.Build.0 = Release|Any CPU
		{5FFB3FDE-8F98-44FE-9FC1-FA81F7766243}.Debug|Any CPU.ActiveCfg = Debug|Any CPU
		{5FFB3FDE-8F98-44FE-9FC1-FA81F7766243}.Debug|Any CPU.Build.0 = Debug|Any CPU
		{5FFB3FDE-8F98-44FE-9FC1-FA81F7766243}.Release|Any CPU.ActiveCfg = Release|Any CPU
		{5FFB3FDE-8F98-44FE-9FC1-FA81F7766243}.Release|Any CPU.Build.0 = Release|Any CPU
		{86C0A0ED-6567-4D47-AF32-C2A7EAD42DB3}.Debug|Any CPU.ActiveCfg = Debug|Any CPU
		{86C0A0ED-6567-4D47-AF32-C2A7EAD42DB3}.Debug|Any CPU.Build.0 = Debug|Any CPU
		{86C0A0ED-6567-4D47-AF32-C2A7EAD42DB3}.Release|Any CPU.ActiveCfg = Release|Any CPU
		{86C0A0ED-6567-4D47-AF32-C2A7EAD42DB3}.Release|Any CPU.Build.0 = Release|Any CPU
		{2457AA3C-9B02-44B3-9489-05043EB3CBE7}.Debug|Any CPU.ActiveCfg = Debug|Any CPU
		{2457AA3C-9B02-44B3-9489-05043EB3CBE7}.Debug|Any CPU.Build.0 = Debug|Any CPU
		{2457AA3C-9B02-44B3-9489-05043EB3CBE7}.Release|Any CPU.ActiveCfg = Release|Any CPU
		{2457AA3C-9B02-44B3-9489-05043EB3CBE7}.Release|Any CPU.Build.0 = Release|Any CPU
		{829B7794-4303-4109-AC95-663AD0E269C5}.Debug|Any CPU.ActiveCfg = Debug|Any CPU
		{829B7794-4303-4109-AC95-663AD0E269C5}.Debug|Any CPU.Build.0 = Debug|Any CPU
		{829B7794-4303-4109-AC95-663AD0E269C5}.Release|Any CPU.ActiveCfg = Release|Any CPU
		{829B7794-4303-4109-AC95-663AD0E269C5}.Release|Any CPU.Build.0 = Release|Any CPU
		{8B55B56A-C53B-403C-9AAE-0E22A5285A63}.Debug|Any CPU.ActiveCfg = Debug|Any CPU
		{8B55B56A-C53B-403C-9AAE-0E22A5285A63}.Debug|Any CPU.Build.0 = Debug|Any CPU
		{8B55B56A-C53B-403C-9AAE-0E22A5285A63}.Release|Any CPU.ActiveCfg = Release|Any CPU
		{8B55B56A-C53B-403C-9AAE-0E22A5285A63}.Release|Any CPU.Build.0 = Release|Any CPU
		{476FC3ED-11F1-4B88-86E3-63D1952EA471}.Debug|Any CPU.ActiveCfg = Debug|Any CPU
		{476FC3ED-11F1-4B88-86E3-63D1952EA471}.Debug|Any CPU.Build.0 = Debug|Any CPU
		{476FC3ED-11F1-4B88-86E3-63D1952EA471}.Release|Any CPU.ActiveCfg = Release|Any CPU
		{476FC3ED-11F1-4B88-86E3-63D1952EA471}.Release|Any CPU.Build.0 = Release|Any CPU
		{C1F5815F-30AE-4B7C-A265-7A30FFFD3462}.Debug|Any CPU.ActiveCfg = Debug|Any CPU
		{C1F5815F-30AE-4B7C-A265-7A30FFFD3462}.Debug|Any CPU.Build.0 = Debug|Any CPU
		{C1F5815F-30AE-4B7C-A265-7A30FFFD3462}.Release|Any CPU.ActiveCfg = Release|Any CPU
		{C1F5815F-30AE-4B7C-A265-7A30FFFD3462}.Release|Any CPU.Build.0 = Release|Any CPU
		{7510D310-5A44-48B0-9585-A96DBC03071A}.Debug|Any CPU.ActiveCfg = Debug|Any CPU
		{7510D310-5A44-48B0-9585-A96DBC03071A}.Debug|Any CPU.Build.0 = Debug|Any CPU
		{7510D310-5A44-48B0-9585-A96DBC03071A}.Release|Any CPU.ActiveCfg = Release|Any CPU
		{7510D310-5A44-48B0-9585-A96DBC03071A}.Release|Any CPU.Build.0 = Release|Any CPU
		{5F7D0152-EA82-47CC-BBD4-D7851EE43DCB}.Debug|Any CPU.ActiveCfg = Debug|Any CPU
		{5F7D0152-EA82-47CC-BBD4-D7851EE43DCB}.Debug|Any CPU.Build.0 = Debug|Any CPU
		{5F7D0152-EA82-47CC-BBD4-D7851EE43DCB}.Release|Any CPU.ActiveCfg = Release|Any CPU
		{5F7D0152-EA82-47CC-BBD4-D7851EE43DCB}.Release|Any CPU.Build.0 = Release|Any CPU
		{7C4FF57A-6BE9-49E5-9FBE-850EFD984D09}.Debug|Any CPU.ActiveCfg = Debug|Any CPU
		{7C4FF57A-6BE9-49E5-9FBE-850EFD984D09}.Debug|Any CPU.Build.0 = Debug|Any CPU
		{7C4FF57A-6BE9-49E5-9FBE-850EFD984D09}.Release|Any CPU.ActiveCfg = Release|Any CPU
		{7C4FF57A-6BE9-49E5-9FBE-850EFD984D09}.Release|Any CPU.Build.0 = Release|Any CPU
		{B9B351EA-37AE-4B70-9A73-21219CF12EF3}.Debug|Any CPU.ActiveCfg = Debug|Any CPU
		{B9B351EA-37AE-4B70-9A73-21219CF12EF3}.Debug|Any CPU.Build.0 = Debug|Any CPU
		{B9B351EA-37AE-4B70-9A73-21219CF12EF3}.Release|Any CPU.ActiveCfg = Release|Any CPU
		{B9B351EA-37AE-4B70-9A73-21219CF12EF3}.Release|Any CPU.Build.0 = Release|Any CPU
	EndGlobalSection
	GlobalSection(SolutionProperties) = preSolution
		HideSolutionNode = FALSE
	EndGlobalSection
	GlobalSection(NestedProjects) = preSolution
		{327ACCF7-E1DF-46DF-BAE3-C85AB7EA7DB9} = {E802F30D-C0A7-4253-90E1-CA159A810754}
		{E892B84F-A2C4-45E7-B2A3-FFBFE80F6A5F} = {E802F30D-C0A7-4253-90E1-CA159A810754}
		{959AF687-B210-45B7-A408-0954A53B0DE7} = {514F70CD-C764-438C-B848-2E6B4D4E2A2A}
		{7DE624AE-55A0-4C8D-AF54-0CEE17AF9BFF} = {514F70CD-C764-438C-B848-2E6B4D4E2A2A}
		{0A273D6C-84B0-48FE-A071-0552B29F6591} = {580E927B-45F6-4285-944D-8A5B52065534}
		{4C143C79-2F92-4A3A-B0A0-D33B805ACDE8} = {580E927B-45F6-4285-944D-8A5B52065534}
		{1B00DDC5-FDDC-4E3F-B235-02F3C1706263} = {E53E2EC4-6BF2-4283-8E2A-1D4F74B5BEA9}
		{82DCC1B8-48B7-431B-9318-ADA1F282E54A} = {E53E2EC4-6BF2-4283-8E2A-1D4F74B5BEA9}
		{C9AA8EEF-B664-4CDC-86D9-210C38091E4F} = {7506E401-7B45-4DAD-BDFD-63B9B173BC86}
		{3BCB95DE-C013-40A0-96FF-2A3588032504} = {7506E401-7B45-4DAD-BDFD-63B9B173BC86}
		{CE536B5E-A0C3-4871-B420-9704ECF0B9F8} = {328095D0-A557-4D03-B095-B4AEBBD534E6}
		{BE1EED90-6779-498F-9AEB-AE4A63DC6E1B} = {328095D0-A557-4D03-B095-B4AEBBD534E6}
		{5DD39C45-535D-4D73-B507-DFAF07060164} = {3A64E327-7170-43B9-8B06-59985E998EFE}
		{1126F9DF-7080-4C4C-9CD8-B35268633E08} = {3A64E327-7170-43B9-8B06-59985E998EFE}
		{68464C89-3436-48D9-BA97-F1C410C57A70} = {5F7EEEAB-A626-4A58-BCBF-82CE0731CBC9}
		{5FFB3FDE-8F98-44FE-9FC1-FA81F7766243} = {5F7EEEAB-A626-4A58-BCBF-82CE0731CBC9}
		{86C0A0ED-6567-4D47-AF32-C2A7EAD42DB3} = {AB81AD27-25E8-4074-BE4A-070D3008B207}
		{2457AA3C-9B02-44B3-9489-05043EB3CBE7} = {AB81AD27-25E8-4074-BE4A-070D3008B207}
		{829B7794-4303-4109-AC95-663AD0E269C5} = {0959E2A1-62C1-45F9-B7EB-448D192E1A1E}
		{8B55B56A-C53B-403C-9AAE-0E22A5285A63} = {0959E2A1-62C1-45F9-B7EB-448D192E1A1E}
		{476FC3ED-11F1-4B88-86E3-63D1952EA471} = {B31C930F-C8F4-4970-8253-7C768DDD34EF}
		{C1F5815F-30AE-4B7C-A265-7A30FFFD3462} = {B31C930F-C8F4-4970-8253-7C768DDD34EF}
		{7510D310-5A44-48B0-9585-A96DBC03071A} = {7D37AD5A-6186-4FD6-94BF-7E05A25EA3FC}
		{5F7D0152-EA82-47CC-BBD4-D7851EE43DCB} = {7D37AD5A-6186-4FD6-94BF-7E05A25EA3FC}
	EndGlobalSection
EndGlobal
