
Microsoft Visual Studio Solution File, Format Version 12.00
# Visual Studio 2013
Project("{2150E333-8FDC-42A3-9474-1A3956D46DE8}") = "Solution Items", "Solution Items", "{CD7DABB8-2AB2-473E-BCE3-D833E55E351C}"
	ProjectSection(SolutionItems) = preProject
		MS-OXWSMSG.runsettings = MS-OXWSMSG.runsettings
		MS-OXWSMSG.testsettings = MS-OXWSMSG.testsettings
	EndProjectSection
EndProject
Project("{FAE04EC0-301F-11D3-BF4B-00C04F79EFBC}") = "MS-OXWSMSG_TestSuite", "TestSuite\MS-OXWSMSG_TestSuite.csproj", "{932C736B-19E0-4087-8EC3-AA0E83A26F2A}"
EndProject
Project("{FAE04EC0-301F-11D3-BF4B-00C04F79EFBC}") = "MS-OXWSMSG_Adapter", "Adapter\MS-OXWSMSG_Adapter.csproj", "{4F0244CD-8988-4F1F-902B-D47497D61100}"
EndProject
Project("{FAE04EC0-301F-11D3-BF4B-00C04F79EFBC}") = "Common", "..\Common\Common.csproj", "{719F410B-0D1A-46F2-80A7-D5D91CF8E915}"
EndProject
Global
	GlobalSection(SolutionConfigurationPlatforms) = preSolution
		Debug|Any CPU = Debug|Any CPU
		Release|Any CPU = Release|Any CPU
	EndGlobalSection
	GlobalSection(ProjectConfigurationPlatforms) = postSolution
		{932C736B-19E0-4087-8EC3-AA0E83A26F2A}.Debug|Any CPU.ActiveCfg = Debug|Any CPU
		{932C736B-19E0-4087-8EC3-AA0E83A26F2A}.Debug|Any CPU.Build.0 = Debug|Any CPU
		{932C736B-19E0-4087-8EC3-AA0E83A26F2A}.Release|Any CPU.ActiveCfg = Release|Any CPU
		{932C736B-19E0-4087-8EC3-AA0E83A26F2A}.Release|Any CPU.Build.0 = Release|Any CPU
		{4F0244CD-8988-4F1F-902B-D47497D61100}.Debug|Any CPU.ActiveCfg = Debug|Any CPU
		{4F0244CD-8988-4F1F-902B-D47497D61100}.Debug|Any CPU.Build.0 = Debug|Any CPU
		{4F0244CD-8988-4F1F-902B-D47497D61100}.Release|Any CPU.ActiveCfg = Release|Any CPU
		{4F0244CD-8988-4F1F-902B-D47497D61100}.Release|Any CPU.Build.0 = Release|Any CPU
		{719F410B-0D1A-46F2-80A7-D5D91CF8E915}.Debug|Any CPU.ActiveCfg = Debug|Any CPU
		{719F410B-0D1A-46F2-80A7-D5D91CF8E915}.Debug|Any CPU.Build.0 = Debug|Any CPU
		{719F410B-0D1A-46F2-80A7-D5D91CF8E915}.Release|Any CPU.ActiveCfg = Release|Any CPU
		{719F410B-0D1A-46F2-80A7-D5D91CF8E915}.Release|Any CPU.Build.0 = Release|Any CPU
	EndGlobalSection
	GlobalSection(SolutionProperties) = preSolution
		HideSolutionNode = FALSE
	EndGlobalSection
EndGlobal
