
Microsoft Visual Studio Solution File, Format Version 12.00
# Visual Studio 2013
Project("{2150E333-8FDC-42A3-9474-1A3956D46DE8}") = "Solution Items", "Solution Items", "{E54C4ABE-91EB-411C-BDE6-486FE5E0149E}"
	ProjectSection(SolutionItems) = preProject
		MS-MEETS.runsettings = MS-MEETS.runsettings
		MS-MEETS.testsettings = MS-MEETS.testsettings
	EndProjectSection
EndProject
Project("{FAE04EC0-301F-11D3-BF4B-00C04F79EFBC}") = "MS-MEETS_TestSuite", "TestSuite\MS-MEETS_TestSuite.csproj", "{575832D7-BC24-48F0-910B-D04D86C1B4AD}"
EndProject
Project("{FAE04EC0-301F-11D3-BF4B-00C04F79EFBC}") = "MS-MEETS_Adapter", "Adapter\MS-MEETS_Adapter.csproj", "{6DE6E678-0AAA-4CF5-99F1-DFA195305632}"
EndProject
Project("{FAE04EC0-301F-11D3-BF4B-00C04F79EFBC}") = "Common", "..\Common\Common.csproj", "{584275BB-9E04-457E-88B6-B31D0F428DFC}"
EndProject
Global
	GlobalSection(SolutionConfigurationPlatforms) = preSolution
		Debug|Any CPU = Debug|Any CPU
		Release|Any CPU = Release|Any CPU
	EndGlobalSection
	GlobalSection(ProjectConfigurationPlatforms) = postSolution
		{575832D7-BC24-48F0-910B-D04D86C1B4AD}.Debug|Any CPU.ActiveCfg = Debug|Any CPU
		{575832D7-BC24-48F0-910B-D04D86C1B4AD}.Debug|Any CPU.Build.0 = Debug|Any CPU
		{575832D7-BC24-48F0-910B-D04D86C1B4AD}.Release|Any CPU.ActiveCfg = Release|Any CPU
		{575832D7-BC24-48F0-910B-D04D86C1B4AD}.Release|Any CPU.Build.0 = Release|Any CPU
		{6DE6E678-0AAA-4CF5-99F1-DFA195305632}.Debug|Any CPU.ActiveCfg = Debug|Any CPU
		{6DE6E678-0AAA-4CF5-99F1-DFA195305632}.Debug|Any CPU.Build.0 = Debug|Any CPU
		{6DE6E678-0AAA-4CF5-99F1-DFA195305632}.Release|Any CPU.ActiveCfg = Release|Any CPU
		{6DE6E678-0AAA-4CF5-99F1-DFA195305632}.Release|Any CPU.Build.0 = Release|Any CPU
		{584275BB-9E04-457E-88B6-B31D0F428DFC}.Debug|Any CPU.ActiveCfg = Debug|Any CPU
		{584275BB-9E04-457E-88B6-B31D0F428DFC}.Debug|Any CPU.Build.0 = Debug|Any CPU
		{584275BB-9E04-457E-88B6-B31D0F428DFC}.Release|Any CPU.ActiveCfg = Release|Any CPU
		{584275BB-9E04-457E-88B6-B31D0F428DFC}.Release|Any CPU.Build.0 = Release|Any CPU
	EndGlobalSection
	GlobalSection(SolutionProperties) = preSolution
		HideSolutionNode = FALSE
	EndGlobalSection
EndGlobal
