
Microsoft Visual Studio Solution File, Format Version 12.00
# Visual Studio 2013
Project("{2150E333-8FDC-42A3-9474-1A3956D46DE8}") = "Solution Items", "Solution Items", "{D83728CC-E881-47C3-B843-AFCB4B78BF53}"
	ProjectSection(SolutionItems) = preProject
		MS-ASCAL.runsettings = MS-ASCAL.runsettings
		MS-ASCAL.testsettings = MS-ASCAL.testsettings
	EndProjectSection
EndProject
Project("{FAE04EC0-301F-11D3-BF4B-00C04F79EFBC}") = "MS-ASCAL_TestSuite", "TestSuite\MS-ASCAL_TestSuite.csproj", "{959AF687-B210-45B7-A408-0954A53B0DE7}"
EndProject
Project("{FAE04EC0-301F-11D3-BF4B-00C04F79EFBC}") = "MS-ASCAL_Adapter", "Adapter\MS-ASCAL_Adapter.csproj", "{7DE624AE-55A0-4C8D-AF54-0CEE17AF9BFF}"
EndProject
Project("{FAE04EC0-301F-11D3-BF4B-00C04F79EFBC}") = "MS-ASWBXML", "..\MS-ASWBXML\MS-ASWBXML.csproj", "{B9B351EA-37AE-4B70-9A73-21219CF12EF3}"
EndProject
Project("{FAE04EC0-301F-11D3-BF4B-00C04F79EFBC}") = "Common", "..\Common\Common.csproj", "{7C4FF57A-6BE9-49E5-9FBE-850EFD984D09}"
EndProject
Global
	GlobalSection(SolutionConfigurationPlatforms) = preSolution
		Debug|Any CPU = Debug|Any CPU
		Release|Any CPU = Release|Any CPU
	EndGlobalSection
	GlobalSection(ProjectConfigurationPlatforms) = postSolution
		{959AF687-B210-45B7-A408-0954A53B0DE7}.Debug|Any CPU.ActiveCfg = Debug|Any CPU
		{959AF687-B210-45B7-A408-0954A53B0DE7}.Debug|Any CPU.Build.0 = Debug|Any CPU
		{959AF687-B210-45B7-A408-0954A53B0DE7}.Release|Any CPU.ActiveCfg = Release|Any CPU
		{959AF687-B210-45B7-A408-0954A53B0DE7}.Release|Any CPU.Build.0 = Release|Any CPU
		{7DE624AE-55A0-4C8D-AF54-0CEE17AF9BFF}.Debug|Any CPU.ActiveCfg = Debug|Any CPU
		{7DE624AE-55A0-4C8D-AF54-0CEE17AF9BFF}.Debug|Any CPU.Build.0 = Debug|Any CPU
		{7DE624AE-55A0-4C8D-AF54-0CEE17AF9BFF}.Release|Any CPU.ActiveCfg = Release|Any CPU
		{7DE624AE-55A0-4C8D-AF54-0CEE17AF9BFF}.Release|Any CPU.Build.0 = Release|Any CPU
		{B9B351EA-37AE-4B70-9A73-21219CF12EF3}.Debug|Any CPU.ActiveCfg = Debug|Any CPU
		{B9B351EA-37AE-4B70-9A73-21219CF12EF3}.Debug|Any CPU.Build.0 = Debug|Any CPU
		{B9B351EA-37AE-4B70-9A73-21219CF12EF3}.Release|Any CPU.ActiveCfg = Release|Any CPU
		{B9B351EA-37AE-4B70-9A73-21219CF12EF3}.Release|Any CPU.Build.0 = Release|Any CPU
		{7C4FF57A-6BE9-49E5-9FBE-850EFD984D09}.Debug|Any CPU.ActiveCfg = Debug|Any CPU
		{7C4FF57A-6BE9-49E5-9FBE-850EFD984D09}.Debug|Any CPU.Build.0 = Debug|Any CPU
		{7C4FF57A-6BE9-49E5-9FBE-850EFD984D09}.Release|Any CPU.ActiveCfg = Release|Any CPU
		{7C4FF57A-6BE9-49E5-9FBE-850EFD984D09}.Release|Any CPU.Build.0 = Release|Any CPU
	EndGlobalSection
	GlobalSection(SolutionProperties) = preSolution
		HideSolutionNode = FALSE
	EndGlobalSection
EndGlobal
