
Microsoft Visual Studio Solution File, Format Version 12.00
# Visual Studio 2013
Project("{2150E333-8FDC-42A3-9474-1A3956D46DE8}") = "Solution Items", "Solution Items", "{A7A5977C-3E4B-4C9E-A2F2-7C5DFC4DA853}"
	ProjectSection(SolutionItems) = preProject
		MS-OXORULE.runsettings = MS-OXORULE.runsettings
		MS-OXORULE.TestSettings = MS-OXORULE.TestSettings
	EndProjectSection
EndProject
Project("{FAE04EC0-301F-11D3-BF4B-00C04F79EFBC}") = "MS-OXORULE_TestSuite", "TestSuite\MS-OXORULE_TestSuite.csproj", "{B65DA1B3-FE0C-4EDC-B06D-1AE2EE5E2193}"
	ProjectSection(ProjectDependencies) = postProject
		{81994EC8-F433-4A61-9D6E-8444F772CEBC} = {81994EC8-F433-4A61-9D6E-8444F772CEBC}
	EndProjectSection
EndProject
Project("{FAE04EC0-301F-11D3-BF4B-00C04F79EFBC}") = "MS-OXORULE_Adapter", "Adapter\MS-OXORULE_Adapter.csproj", "{81994EC8-F433-4A61-9D6E-8444F772CEBC}"
	ProjectSection(ProjectDependencies) = postProject
		{82E8D714-466C-46BF-BDA3-E28E1593CCB6} = {82E8D714-466C-46BF-BDA3-E28E1593CCB6}
	EndProjectSection
EndProject
Project("{8BC9CEB8-8B4A-11D0-8D11-00A0C91BC942}") = "MS-OXCRPC_RPCStub", "..\Common\OXCRPCStub\MS-OXCRPCStub.vcxproj", "{82E8D714-466C-46BF-BDA3-E28E1593CCB6}"
EndProject
Project("{FAE04EC0-301F-11D3-BF4B-00C04F79EFBC}") = "Common", "..\Common\Common\Common.csproj", "{584275BB-9E04-457E-88B6-B31D0F428DFC}"
EndProject
Project("{8BC9CEB8-8B4A-11D0-8D11-00A0C91BC942}") = "MS-OXNSPI_Stub", "..\Common\NSPIStub\MS-OXNSPI_Stub.vcxproj", "{A7857E5F-6B31-46F2-9427-7A76EAE83E32}"
EndProject
Global
	GlobalSection(SolutionConfigurationPlatforms) = preSolution
		Debug|Any CPU = Debug|Any CPU
		Debug|Mixed Platforms = Debug|Mixed Platforms
		Debug|Win32 = Debug|Win32
		Release|Any CPU = Release|Any CPU
		Release|Mixed Platforms = Release|Mixed Platforms
		Release|Win32 = Release|Win32
	EndGlobalSection
	GlobalSection(ProjectConfigurationPlatforms) = postSolution
		{B65DA1B3-FE0C-4EDC-B06D-1AE2EE5E2193}.Debug|Any CPU.ActiveCfg = Debug|Any CPU
		{B65DA1B3-FE0C-4EDC-B06D-1AE2EE5E2193}.Debug|Any CPU.Build.0 = Debug|Any CPU
		{B65DA1B3-FE0C-4EDC-B06D-1AE2EE5E2193}.Debug|Mixed Platforms.ActiveCfg = Debug|Any CPU
		{B65DA1B3-FE0C-4EDC-B06D-1AE2EE5E2193}.Debug|Mixed Platforms.Build.0 = Debug|Any CPU
		{B65DA1B3-FE0C-4EDC-B06D-1AE2EE5E2193}.Debug|Win32.ActiveCfg = Debug|Any CPU
		{B65DA1B3-FE0C-4EDC-B06D-1AE2EE5E2193}.Release|Any CPU.ActiveCfg = Release|Any CPU
		{B65DA1B3-FE0C-4EDC-B06D-1AE2EE5E2193}.Release|Any CPU.Build.0 = Release|Any CPU
		{B65DA1B3-FE0C-4EDC-B06D-1AE2EE5E2193}.Release|Mixed Platforms.ActiveCfg = Release|Any CPU
		{B65DA1B3-FE0C-4EDC-B06D-1AE2EE5E2193}.Release|Mixed Platforms.Build.0 = Release|Any CPU
		{B65DA1B3-FE0C-4EDC-B06D-1AE2EE5E2193}.Release|Win32.ActiveCfg = Release|Any CPU
		{81994EC8-F433-4A61-9D6E-8444F772CEBC}.Debug|Any CPU.ActiveCfg = Debug|Any CPU
		{81994EC8-F433-4A61-9D6E-8444F772CEBC}.Debug|Any CPU.Build.0 = Debug|Any CPU
		{81994EC8-F433-4A61-9D6E-8444F772CEBC}.Debug|Mixed Platforms.ActiveCfg = Debug|Any CPU
		{81994EC8-F433-4A61-9D6E-8444F772CEBC}.Debug|Mixed Platforms.Build.0 = Debug|Any CPU
		{81994EC8-F433-4A61-9D6E-8444F772CEBC}.Debug|Win32.ActiveCfg = Debug|Any CPU
		{81994EC8-F433-4A61-9D6E-8444F772CEBC}.Release|Any CPU.ActiveCfg = Release|Any CPU
		{81994EC8-F433-4A61-9D6E-8444F772CEBC}.Release|Any CPU.Build.0 = Release|Any CPU
		{81994EC8-F433-4A61-9D6E-8444F772CEBC}.Release|Mixed Platforms.ActiveCfg = Release|Any CPU
		{81994EC8-F433-4A61-9D6E-8444F772CEBC}.Release|Mixed Platforms.Build.0 = Release|Any CPU
		{81994EC8-F433-4A61-9D6E-8444F772CEBC}.Release|Win32.ActiveCfg = Release|Any CPU
		{82E8D714-466C-46BF-BDA3-E28E1593CCB6}.Debug|Any CPU.ActiveCfg = Debug|Win32
		{82E8D714-466C-46BF-BDA3-E28E1593CCB6}.Debug|Mixed Platforms.ActiveCfg = Debug|Win32
		{82E8D714-466C-46BF-BDA3-E28E1593CCB6}.Debug|Mixed Platforms.Build.0 = Debug|Win32
		{82E8D714-466C-46BF-BDA3-E28E1593CCB6}.Debug|Win32.ActiveCfg = Debug|Win32
		{82E8D714-466C-46BF-BDA3-E28E1593CCB6}.Debug|Win32.Build.0 = Debug|Win32
		{82E8D714-466C-46BF-BDA3-E28E1593CCB6}.Release|Any CPU.ActiveCfg = Release|Win32
		{82E8D714-466C-46BF-BDA3-E28E1593CCB6}.Release|Mixed Platforms.ActiveCfg = Release|Win32
		{82E8D714-466C-46BF-BDA3-E28E1593CCB6}.Release|Mixed Platforms.Build.0 = Release|Win32
		{82E8D714-466C-46BF-BDA3-E28E1593CCB6}.Release|Win32.ActiveCfg = Release|Win32
		{82E8D714-466C-46BF-BDA3-E28E1593CCB6}.Release|Win32.Build.0 = Release|Win32
		{584275BB-9E04-457E-88B6-B31D0F428DFC}.Debug|Any CPU.ActiveCfg = Debug|Any CPU
		{584275BB-9E04-457E-88B6-B31D0F428DFC}.Debug|Any CPU.Build.0 = Debug|Any CPU
		{584275BB-9E04-457E-88B6-B31D0F428DFC}.Debug|Mixed Platforms.ActiveCfg = Debug|Any CPU
		{584275BB-9E04-457E-88B6-B31D0F428DFC}.Debug|Mixed Platforms.Build.0 = Debug|Any CPU
		{584275BB-9E04-457E-88B6-B31D0F428DFC}.Debug|Win32.ActiveCfg = Debug|Any CPU
		{584275BB-9E04-457E-88B6-B31D0F428DFC}.Release|Any CPU.ActiveCfg = Release|Any CPU
		{584275BB-9E04-457E-88B6-B31D0F428DFC}.Release|Any CPU.Build.0 = Release|Any CPU
		{584275BB-9E04-457E-88B6-B31D0F428DFC}.Release|Mixed Platforms.ActiveCfg = Release|Any CPU
		{584275BB-9E04-457E-88B6-B31D0F428DFC}.Release|Mixed Platforms.Build.0 = Release|Any CPU
		{584275BB-9E04-457E-88B6-B31D0F428DFC}.Release|Win32.ActiveCfg = Release|Any CPU
		{A7857E5F-6B31-46F2-9427-7A76EAE83E32}.Debug|Any CPU.ActiveCfg = Debug|Win32
		{A7857E5F-6B31-46F2-9427-7A76EAE83E32}.Debug|Mixed Platforms.ActiveCfg = Debug|Win32
		{A7857E5F-6B31-46F2-9427-7A76EAE83E32}.Debug|Mixed Platforms.Build.0 = Debug|Win32
		{A7857E5F-6B31-46F2-9427-7A76EAE83E32}.Debug|Win32.ActiveCfg = Debug|Win32
		{A7857E5F-6B31-46F2-9427-7A76EAE83E32}.Debug|Win32.Build.0 = Debug|Win32
		{A7857E5F-6B31-46F2-9427-7A76EAE83E32}.Release|Any CPU.ActiveCfg = Release|Win32
		{A7857E5F-6B31-46F2-9427-7A76EAE83E32}.Release|Mixed Platforms.ActiveCfg = Release|Win32
		{A7857E5F-6B31-46F2-9427-7A76EAE83E32}.Release|Mixed Platforms.Build.0 = Release|Win32
		{A7857E5F-6B31-46F2-9427-7A76EAE83E32}.Release|Win32.ActiveCfg = Release|Win32
		{A7857E5F-6B31-46F2-9427-7A76EAE83E32}.Release|Win32.Build.0 = Release|Win32
	EndGlobalSection
	GlobalSection(SolutionProperties) = preSolution
		HideSolutionNode = FALSE
	EndGlobalSection
EndGlobal
