
Microsoft Visual Studio Solution File, Format Version 12.00
# Visual Studio 2013
Project("{2150E333-8FDC-42A3-9474-1A3956D46DE8}") = "Solution Items", "Solution Items", "{1BF8FFA4-DFE5-45D9-A281-3CCA9807CB93}"
	ProjectSection(SolutionItems) = preProject
		MS-ASPROV.runsettings = MS-ASPROV.runsettings
		MS-ASPROV.testsettings = MS-ASPROV.testsettings
	EndProjectSection
EndProject
Project("{FAE04EC0-301F-11D3-BF4B-00C04F79EFBC}") = "MS-ASPROV_TestSuite", "TestSuite\MS-ASPROV_TestSuite.csproj", "{8B55B56A-C53B-403C-9AAE-0E22A5285A63}"
EndProject
Project("{FAE04EC0-301F-11D3-BF4B-00C04F79EFBC}") = "MS-ASPROV_Adapter", "Adapter\MS-ASPROV_Adapter.csproj", "{829B7794-4303-4109-AC95-663AD0E269C5}"
EndProject
Project("{FAE04EC0-301F-11D3-BF4B-00C04F79EFBC}") = "MS-ASWBXML", "..\MS-ASWBXML\MS-ASWBXML.csproj", "{B9B351EA-37AE-4B70-9A73-21219CF12EF3}"
EndProject
Project("{FAE04EC0-301F-11D3-BF4B-00C04F79EFBC}") = "Common", "..\Common\Common.csproj", "{7C4FF57A-6BE9-49E5-9FBE-850EFD984D09}"
EndProject
Global
	GlobalSection(SolutionConfigurationPlatforms) = preSolution
		Debug|Any CPU = Debug|Any CPU
		Release|Any CPU = Release|Any CPU
	EndGlobalSection
	GlobalSection(ProjectConfigurationPlatforms) = postSolution
		{8B55B56A-C53B-403C-9AAE-0E22A5285A63}.Debug|Any CPU.ActiveCfg = Debug|Any CPU
		{8B55B56A-C53B-403C-9AAE-0E22A5285A63}.Debug|Any CPU.Build.0 = Debug|Any CPU
		{8B55B56A-C53B-403C-9AAE-0E22A5285A63}.Release|Any CPU.ActiveCfg = Release|Any CPU
		{8B55B56A-C53B-403C-9AAE-0E22A5285A63}.Release|Any CPU.Build.0 = Release|Any CPU
		{829B7794-4303-4109-AC95-663AD0E269C5}.Debug|Any CPU.ActiveCfg = Debug|Any CPU
		{829B7794-4303-4109-AC95-663AD0E269C5}.Debug|Any CPU.Build.0 = Debug|Any CPU
		{829B7794-4303-4109-AC95-663AD0E269C5}.Release|Any CPU.ActiveCfg = Release|Any CPU
		{829B7794-4303-4109-AC95-663AD0E269C5}.Release|Any CPU.Build.0 = Release|Any CPU
		{B9B351EA-37AE-4B70-9A73-21219CF12EF3}.Debug|Any CPU.ActiveCfg = Debug|Any CPU
		{B9B351EA-37AE-4B70-9A73-21219CF12EF3}.Debug|Any CPU.Build.0 = Debug|Any CPU
		{B9B351EA-37AE-4B70-9A73-21219CF12EF3}.Release|Any CPU.ActiveCfg = Release|Any CPU
		{B9B351EA-37AE-4B70-9A73-21219CF12EF3}.Release|Any CPU.Build.0 = Release|Any CPU
		{7C4FF57A-6BE9-49E5-9FBE-850EFD984D09}.Debug|Any CPU.ActiveCfg = Debug|Any CPU
		{7C4FF57A-6BE9-49E5-9FBE-850EFD984D09}.Debug|Any CPU.Build.0 = Debug|Any CPU
		{7C4FF57A-6BE9-49E5-9FBE-850EFD984D09}.Release|Any CPU.ActiveCfg = Release|Any CPU
		{7C4FF57A-6BE9-49E5-9FBE-850EFD984D09}.Release|Any CPU.Build.0 = Release|Any CPU
	EndGlobalSection
        GlobalSection(SolutionProperties) = preSolution
		HideSolutionNode = FALSE
	EndGlobalSection
EndGlobal
