
Microsoft Visual Studio Solution File, Format Version 12.00
# Visual Studio 2013
Project("{2150E333-8FDC-42A3-9474-1A3956D46DE8}") = "Solution Items", "Solution Items", "{A7A5977C-3E4B-4C9E-A2F2-7C5DFC4DA853}"
	ProjectSection(SolutionItems) = preProject
		ExchangeMAPIProtocolTestSuites.runsettings = ExchangeMAPIProtocolTestSuites.runsettings
		ExchangeMAPIProtocolTestSuites.testsettings = ExchangeMAPIProtocolTestSuites.testsettings
	EndProjectSection
EndProject
Project("{2150E333-8FDC-42A3-9474-1A3956D46DE8}") = "MS-OXCRPC", "MS-OXCRPC", "{D784F7C4-61B0-4457-9214-8F357A309A02}"
EndProject
Project("{FAE04EC0-301F-11D3-BF4B-00C04F79EFBC}") = "MS-OXCRPC_Adapter", "MS-OXCRPC\Adapter\MS-OXCRPC_Adapter.csproj", "{611B219F-6FB7-4D35-B1E2-74167AB9DF39}"
EndProject
Project("{FAE04EC0-301F-11D3-BF4B-00C04F79EFBC}") = "MS-OXCRPC_TestSuite", "MS-OXCRPC\TestSuite\MS-OXCRPC_TestSuite.csproj", "{E8D85A2F-2C9E-4304-AEE9-E7A842472A41}"
EndProject
Project("{2150E333-8FDC-42A3-9474-1A3956D46DE8}") = "MS-OXCFOLD", "MS-OXCFOLD", "{292723E6-3ABC-4334-9EE0-EA0E158146C9}"
EndProject
Project("{2150E333-8FDC-42A3-9474-1A3956D46DE8}") = "MS-OXCFXICS", "MS-OXCFXICS", "{2F8B6DA2-3DF1-49D4-993D-9DA9F42BF52F}"
EndProject
Project("{2150E333-8FDC-42A3-9474-1A3956D46DE8}") = "MS-OXCMSG", "MS-OXCMSG", "{8F154E92-6E4F-4640-A53D-17D61C997239}"
EndProject
Project("{2150E333-8FDC-42A3-9474-1A3956D46DE8}") = "MS-OXCPERM", "MS-OXCPERM", "{9B91F3E8-A748-4006-8C0F-619B3EC42AC4}"
EndProject
Project("{2150E333-8FDC-42A3-9474-1A3956D46DE8}") = "MS-OXCPRPT", "MS-OXCPRPT", "{59CEE084-D8DE-4ECE-82ED-308720AE2013}"
EndProject
Project("{2150E333-8FDC-42A3-9474-1A3956D46DE8}") = "MS-OXCROPS", "MS-OXCROPS", "{9C0AF86E-942C-4072-9E41-CA0CA86D9518}"
EndProject
Project("{2150E333-8FDC-42A3-9474-1A3956D46DE8}") = "MS-OXCNOTIF", "MS-OXCNOTIF", "{1CDEB8A2-FC59-4A79-A5ED-FF3EE98157B2}"
EndProject
Project("{2150E333-8FDC-42A3-9474-1A3956D46DE8}") = "MS-OXCSTOR", "MS-OXCSTOR", "{3A325E60-7C05-4B5E-87CF-972D340C2050}"
EndProject
Project("{2150E333-8FDC-42A3-9474-1A3956D46DE8}") = "MS-OXCTABL", "MS-OXCTABL", "{575DB45E-D3B9-49BD-823B-423F9E61DD09}"
EndProject
Project("{2150E333-8FDC-42A3-9474-1A3956D46DE8}") = "MS-OXORULE", "MS-OXORULE", "{1545DD48-B8ED-4709-A56D-3CBBCCCFEBD5}"
EndProject
Project("{FAE04EC0-301F-11D3-BF4B-00C04F79EFBC}") = "MS-OXCFOLD_Adapter", "MS-OXCFOLD\Adapter\MS-OXCFOLD_Adapter.csproj", "{C575C357-5198-47C5-B5C5-EDB2CD6BF40C}"
EndProject
Project("{FAE04EC0-301F-11D3-BF4B-00C04F79EFBC}") = "MS-OXCFOLD_TestSuite", "MS-OXCFOLD\TestSuite\MS-OXCFOLD_TestSuite.csproj", "{C724621C-52E1-44A3-B41F-9551331CD386}"
EndProject
Project("{FAE04EC0-301F-11D3-BF4B-00C04F79EFBC}") = "MS-OXCFXICS_Adapter", "MS-OXCFXICS\Adapter\MS-OXCFXICS_Adapter.csproj", "{8E76CE3A-5827-4AC3-82FB-6B691B51359F}"
EndProject
Project("{FAE04EC0-301F-11D3-BF4B-00C04F79EFBC}") = "MS-OXCFXICS_Model", "MS-OXCFXICS\Model\MS-OXCFXICS_Model.csproj", "{05C14729-754E-4513-906A-447385232079}"
EndProject
Project("{FAE04EC0-301F-11D3-BF4B-00C04F79EFBC}") = "MS-OXCFXICS_TestSuite", "MS-OXCFXICS\TestSuite\MS-OXCFXICS_TestSuite.csproj", "{A67F9C27-3E32-4FBE-8EBA-8DE199352EC6}"
EndProject
Project("{FAE04EC0-301F-11D3-BF4B-00C04F79EFBC}") = "MS-OXCMSG_Adapter", "MS-OXCMSG\Adapter\MS-OXCMSG_Adapter.csproj", "{7F6CA04E-4A3A-41C2-967D-FFD1B9EF1795}"
EndProject
Project("{FAE04EC0-301F-11D3-BF4B-00C04F79EFBC}") = "MS-OXCMSG_TestSuite", "MS-OXCMSG\TestSuite\MS-OXCMSG_TestSuite.csproj", "{17F7E3E6-269E-4D62-9BCA-58328C2AAE77}"
EndProject
Project("{FAE04EC0-301F-11D3-BF4B-00C04F79EFBC}") = "MS-OXCPERM_Adapter", "MS-OXCPERM\Adapter\MS-OXCPERM_Adapter.csproj", "{0CDBED85-3FE8-41AD-AD74-6A11F3B6E127}"
EndProject
Project("{FAE04EC0-301F-11D3-BF4B-00C04F79EFBC}") = "MS-OXCPERM_TestSuite", "MS-OXCPERM\TestSuite\MS-OXCPERM_TestSuite.csproj", "{FC02F4C0-7718-41CC-9157-B6D28DEF85F0}"
EndProject
Project("{FAE04EC0-301F-11D3-BF4B-00C04F79EFBC}") = "MS-OXCPRPT_Adapter", "MS-OXCPRPT\Adapter\MS-OXCPRPT_Adapter.csproj", "{45892ADC-1CD0-46E4-AD1D-1E9C902EEA12}"
EndProject
Project("{FAE04EC0-301F-11D3-BF4B-00C04F79EFBC}") = "MS-OXCPRPT_Model", "MS-OXCPRPT\Model\MS-OXCPRPT_Model.csproj", "{A0469E29-6231-401B-9194-D8614F9ABA96}"
EndProject
Project("{FAE04EC0-301F-11D3-BF4B-00C04F79EFBC}") = "MS-OXCPRPT_TestSuite", "MS-OXCPRPT\TestSuite\MS-OXCPRPT_TestSuite.csproj", "{159DF1D2-95E5-4E16-96B8-2E923E61E552}"
EndProject
Project("{FAE04EC0-301F-11D3-BF4B-00C04F79EFBC}") = "MS-OXCROPS_Adapter", "MS-OXCROPS\Adapter\MS-OXCROPS_Adapter.csproj", "{914DB27C-F359-44C7-AB79-9AE5E1343044}"
EndProject
Project("{FAE04EC0-301F-11D3-BF4B-00C04F79EFBC}") = "MS-OXCROPS_TestSuite", "MS-OXCROPS\TestSuite\MS-OXCROPS_TestSuite.csproj", "{ECF655AE-3252-479F-ADA9-C48CF976F378}"
EndProject
Project("{FAE04EC0-301F-11D3-BF4B-00C04F79EFBC}") = "MS-OXCSTOR_Adapter", "MS-OXCSTOR\Adapter\MS-OXCSTOR_Adapter.csproj", "{32B5552C-901A-44E5-A782-9DEA8FB63393}"
EndProject
Project("{FAE04EC0-301F-11D3-BF4B-00C04F79EFBC}") = "MS-OXCSTOR_TestSuite", "MS-OXCSTOR\TestSuite\MS-OXCSTOR_TestSuite.csproj", "{CD636210-2F32-4156-B5FB-EE188104881E}"
EndProject
Project("{FAE04EC0-301F-11D3-BF4B-00C04F79EFBC}") = "MS-OXCTABL_Adapter", "MS-OXCTABL\Adapter\MS-OXCTABL_Adapter.csproj", "{01A08DD2-EFAC-48D3-8978-11971A282B0C}"
EndProject
Project("{FAE04EC0-301F-11D3-BF4B-00C04F79EFBC}") = "MS-OXCTABL_Model", "MS-OXCTABL\Model\MS-OXCTABL_Model.csproj", "{BBC6AD3A-649C-4702-A4F0-FC33DBE59CD6}"
EndProject
Project("{FAE04EC0-301F-11D3-BF4B-00C04F79EFBC}") = "MS-OXCTABL_TestSuite", "MS-OXCTABL\TestSuite\MS-OXCTABL_TestSuite.csproj", "{9E96DC9C-60DE-48E2-A35E-08FA55D157EC}"
EndProject
Project("{FAE04EC0-301F-11D3-BF4B-00C04F79EFBC}") = "MS-OXORULE_Adapter", "MS-OXORULE\Adapter\MS-OXORULE_Adapter.csproj", "{81994EC8-F433-4A61-9D6E-8444F772CEBC}"
EndProject
Project("{FAE04EC0-301F-11D3-BF4B-00C04F79EFBC}") = "MS-OXORULE_TestSuite", "MS-OXORULE\TestSuite\MS-OXORULE_TestSuite.csproj", "{B65DA1B3-FE0C-4EDC-B06D-1AE2EE5E2193}"
EndProject
Project("{2150E333-8FDC-42A3-9474-1A3956D46DE8}") = "Common", "Common", "{77A574ED-2CB4-47DA-9B1D-F8D0E3E20A54}"
EndProject
Project("{8BC9CEB8-8B4A-11D0-8D11-00A0C91BC942}") = "MS-OXCRPC_RPCStub", "Common\OXCRPCStub\MS-OXCRPCStub.vcxproj", "{82E8D714-466C-46BF-BDA3-E28E1593CCB6}"
EndProject
Project("{FAE04EC0-301F-11D3-BF4B-00C04F79EFBC}") = "MS-OXCNOTIF_Adapter", "MS-OXCNOTIF\Adapter\MS-OXCNOTIF_Adapter.csproj", "{66C97B4E-4884-4C82-9FE9-15D6D48D8FB5}"
EndProject
Project("{FAE04EC0-301F-11D3-BF4B-00C04F79EFBC}") = "MS-OXCNOTIF_TestSuite", "MS-OXCNOTIF\TestSuite\MS-OXCNOTIF_TestSuite.csproj", "{D5FAE671-81DF-4D34-B89E-72660A00A2E9}"
EndProject
Project("{2150E333-8FDC-42A3-9474-1A3956D46DE8}") = "MS-OXNSPI", "MS-OXNSPI", "{0DB2200F-3C00-4DEB-AE57-D35BA3FAD4F5}"
EndProject
Project("{FAE04EC0-301F-11D3-BF4B-00C04F79EFBC}") = "MS-OXNSPI_TestSuite", "MS-OXNSPI\TestSuite\MS-OXNSPI_TestSuite.csproj", "{C2E771B0-C085-4A0F-9D68-63D90606E6C0}"
EndProject
Project("{FAE04EC0-301F-11D3-BF4B-00C04F79EFBC}") = "MS-OXNSPI_Adapter", "MS-OXNSPI\Adapter\MS-OXNSPI_Adapter.csproj", "{4B392AEE-1D43-4105-9D88-82A80FE0CDFE}"
	ProjectSection(ProjectDependencies) = postProject
		{A7857E5F-6B31-46F2-9427-7A76EAE83E32} = {A7857E5F-6B31-46F2-9427-7A76EAE83E32}
	EndProjectSection
EndProject
Project("{FAE04EC0-301F-11D3-BF4B-00C04F79EFBC}") = "Common", "Common\Common\Common.csproj", "{584275BB-9E04-457E-88B6-B31D0F428DFC}"
	ProjectSection(ProjectDependencies) = postProject
		{82E8D714-466C-46BF-BDA3-E28E1593CCB6} = {82E8D714-466C-46BF-BDA3-E28E1593CCB6}
	EndProjectSection
EndProject
Project("{2150E333-8FDC-42A3-9474-1A3956D46DE8}") = "MS-OXCMAPIHTTP", "MS-OXCMAPIHTTP", "{FAE04EC0-301F-11D3-BF4B-00C04F79EFBC}"
EndProject
Project("{FAE04EC0-301F-11D3-BF4B-00C04F79EFBC}") = "MS-OXCMAPIHTTP_Adapter", "MS-OXCMAPIHTTP\Adapter\MS-OXCMAPIHTTP_Adapter.csproj", "{4ED0B548-E7E6-477F-BB8A-7B5195A5530A}"
EndProject
Project("{FAE04EC0-301F-11D3-BF4B-00C04F79EFBC}") = "MS-OXCMAPIHTTP_TestSuite", "MS-OXCMAPIHTTP\TestSuite\MS-OXCMAPIHTTP_TestSuite.csproj", "{DBC6EB25-B01B-4B97-92B0-4093C901DC8D}"
EndProject
Project("{8BC9CEB8-8B4A-11D0-8D11-00A0C91BC942}") = "MS-OXNSPI_Stub", "Common\NSPIStub\MS-OXNSPI_Stub.vcxproj", "{A7857E5F-6B31-46F2-9427-7A76EAE83E32}"
EndProject
Global
	GlobalSection(SolutionConfigurationPlatforms) = preSolution
		Debug|Any CPU = Debug|Any CPU
		Debug|Mixed Platforms = Debug|Mixed Platforms
		Debug|Win32 = Debug|Win32
		Debug|x86 = Debug|x86
		Release|Any CPU = Release|Any CPU
		Release|Mixed Platforms = Release|Mixed Platforms
		Release|Win32 = Release|Win32
		Release|x86 = Release|x86
	EndGlobalSection
	GlobalSection(ProjectConfigurationPlatforms) = postSolution
		{611B219F-6FB7-4D35-B1E2-74167AB9DF39}.Debug|Any CPU.ActiveCfg = Debug|Any CPU
		{611B219F-6FB7-4D35-B1E2-74167AB9DF39}.Debug|Any CPU.Build.0 = Debug|Any CPU
		{611B219F-6FB7-4D35-B1E2-74167AB9DF39}.Debug|Mixed Platforms.ActiveCfg = Debug|Any CPU
		{611B219F-6FB7-4D35-B1E2-74167AB9DF39}.Debug|Mixed Platforms.Build.0 = Debug|Any CPU
		{611B219F-6FB7-4D35-B1E2-74167AB9DF39}.Debug|Win32.ActiveCfg = Debug|Any CPU
		{611B219F-6FB7-4D35-B1E2-74167AB9DF39}.Debug|x86.ActiveCfg = Debug|Any CPU
		{611B219F-6FB7-4D35-B1E2-74167AB9DF39}.Release|Any CPU.ActiveCfg = Release|Any CPU
		{611B219F-6FB7-4D35-B1E2-74167AB9DF39}.Release|Any CPU.Build.0 = Release|Any CPU
		{611B219F-6FB7-4D35-B1E2-74167AB9DF39}.Release|Mixed Platforms.ActiveCfg = Release|Any CPU
		{611B219F-6FB7-4D35-B1E2-74167AB9DF39}.Release|Mixed Platforms.Build.0 = Release|Any CPU
		{611B219F-6FB7-4D35-B1E2-74167AB9DF39}.Release|Win32.ActiveCfg = Release|Any CPU
		{611B219F-6FB7-4D35-B1E2-74167AB9DF39}.Release|x86.ActiveCfg = Release|Any CPU
		{E8D85A2F-2C9E-4304-AEE9-E7A842472A41}.Debug|Any CPU.ActiveCfg = Debug|Any CPU
		{E8D85A2F-2C9E-4304-AEE9-E7A842472A41}.Debug|Any CPU.Build.0 = Debug|Any CPU
		{E8D85A2F-2C9E-4304-AEE9-E7A842472A41}.Debug|Mixed Platforms.ActiveCfg = Debug|Any CPU
		{E8D85A2F-2C9E-4304-AEE9-E7A842472A41}.Debug|Mixed Platforms.Build.0 = Debug|Any CPU
		{E8D85A2F-2C9E-4304-AEE9-E7A842472A41}.Debug|Win32.ActiveCfg = Debug|Any CPU
		{E8D85A2F-2C9E-4304-AEE9-E7A842472A41}.Debug|x86.ActiveCfg = Debug|Any CPU
		{E8D85A2F-2C9E-4304-AEE9-E7A842472A41}.Release|Any CPU.ActiveCfg = Release|Any CPU
		{E8D85A2F-2C9E-4304-AEE9-E7A842472A41}.Release|Any CPU.Build.0 = Release|Any CPU
		{E8D85A2F-2C9E-4304-AEE9-E7A842472A41}.Release|Mixed Platforms.ActiveCfg = Release|Any CPU
		{E8D85A2F-2C9E-4304-AEE9-E7A842472A41}.Release|Mixed Platforms.Build.0 = Release|Any CPU
		{E8D85A2F-2C9E-4304-AEE9-E7A842472A41}.Release|Win32.ActiveCfg = Release|Any CPU
		{E8D85A2F-2C9E-4304-AEE9-E7A842472A41}.Release|x86.ActiveCfg = Release|Any CPU
		{C575C357-5198-47C5-B5C5-EDB2CD6BF40C}.Debug|Any CPU.ActiveCfg = Debug|Any CPU
		{C575C357-5198-47C5-B5C5-EDB2CD6BF40C}.Debug|Any CPU.Build.0 = Debug|Any CPU
		{C575C357-5198-47C5-B5C5-EDB2CD6BF40C}.Debug|Mixed Platforms.ActiveCfg = Debug|Any CPU
		{C575C357-5198-47C5-B5C5-EDB2CD6BF40C}.Debug|Mixed Platforms.Build.0 = Debug|Any CPU
		{C575C357-5198-47C5-B5C5-EDB2CD6BF40C}.Debug|Win32.ActiveCfg = Debug|Any CPU
		{C575C357-5198-47C5-B5C5-EDB2CD6BF40C}.Debug|x86.ActiveCfg = Debug|Any CPU
		{C575C357-5198-47C5-B5C5-EDB2CD6BF40C}.Release|Any CPU.ActiveCfg = Release|Any CPU
		{C575C357-5198-47C5-B5C5-EDB2CD6BF40C}.Release|Any CPU.Build.0 = Release|Any CPU
		{C575C357-5198-47C5-B5C5-EDB2CD6BF40C}.Release|Mixed Platforms.ActiveCfg = Release|Any CPU
		{C575C357-5198-47C5-B5C5-EDB2CD6BF40C}.Release|Mixed Platforms.Build.0 = Release|Any CPU
		{C575C357-5198-47C5-B5C5-EDB2CD6BF40C}.Release|Win32.ActiveCfg = Release|Any CPU
		{C575C357-5198-47C5-B5C5-EDB2CD6BF40C}.Release|x86.ActiveCfg = Release|Any CPU
		{C724621C-52E1-44A3-B41F-9551331CD386}.Debug|Any CPU.ActiveCfg = Debug|Any CPU
		{C724621C-52E1-44A3-B41F-9551331CD386}.Debug|Any CPU.Build.0 = Debug|Any CPU
		{C724621C-52E1-44A3-B41F-9551331CD386}.Debug|Mixed Platforms.ActiveCfg = Debug|Any CPU
		{C724621C-52E1-44A3-B41F-9551331CD386}.Debug|Mixed Platforms.Build.0 = Debug|Any CPU
		{C724621C-52E1-44A3-B41F-9551331CD386}.Debug|Win32.ActiveCfg = Debug|Any CPU
		{C724621C-52E1-44A3-B41F-9551331CD386}.Debug|x86.ActiveCfg = Debug|Any CPU
		{C724621C-52E1-44A3-B41F-9551331CD386}.Release|Any CPU.ActiveCfg = Release|Any CPU
		{C724621C-52E1-44A3-B41F-9551331CD386}.Release|Any CPU.Build.0 = Release|Any CPU
		{C724621C-52E1-44A3-B41F-9551331CD386}.Release|Mixed Platforms.ActiveCfg = Release|Any CPU
		{C724621C-52E1-44A3-B41F-9551331CD386}.Release|Mixed Platforms.Build.0 = Release|Any CPU
		{C724621C-52E1-44A3-B41F-9551331CD386}.Release|Win32.ActiveCfg = Release|Any CPU
		{C724621C-52E1-44A3-B41F-9551331CD386}.Release|x86.ActiveCfg = Release|Any CPU
		{8E76CE3A-5827-4AC3-82FB-6B691B51359F}.Debug|Any CPU.ActiveCfg = Debug|Any CPU
		{8E76CE3A-5827-4AC3-82FB-6B691B51359F}.Debug|Any CPU.Build.0 = Debug|Any CPU
		{8E76CE3A-5827-4AC3-82FB-6B691B51359F}.Debug|Mixed Platforms.ActiveCfg = Debug|Any CPU
		{8E76CE3A-5827-4AC3-82FB-6B691B51359F}.Debug|Mixed Platforms.Build.0 = Debug|Any CPU
		{8E76CE3A-5827-4AC3-82FB-6B691B51359F}.Debug|Win32.ActiveCfg = Debug|Any CPU
		{8E76CE3A-5827-4AC3-82FB-6B691B51359F}.Debug|x86.ActiveCfg = Debug|Any CPU
		{8E76CE3A-5827-4AC3-82FB-6B691B51359F}.Release|Any CPU.ActiveCfg = Release|Any CPU
		{8E76CE3A-5827-4AC3-82FB-6B691B51359F}.Release|Any CPU.Build.0 = Release|Any CPU
		{8E76CE3A-5827-4AC3-82FB-6B691B51359F}.Release|Mixed Platforms.ActiveCfg = Release|Any CPU
		{8E76CE3A-5827-4AC3-82FB-6B691B51359F}.Release|Mixed Platforms.Build.0 = Release|Any CPU
		{8E76CE3A-5827-4AC3-82FB-6B691B51359F}.Release|Win32.ActiveCfg = Release|Any CPU
		{8E76CE3A-5827-4AC3-82FB-6B691B51359F}.Release|x86.ActiveCfg = Release|Any CPU
		{05C14729-754E-4513-906A-447385232079}.Debug|Any CPU.ActiveCfg = Debug|Any CPU
		{05C14729-754E-4513-906A-447385232079}.Debug|Any CPU.Build.0 = Debug|Any CPU
		{05C14729-754E-4513-906A-447385232079}.Debug|Mixed Platforms.ActiveCfg = Debug|Any CPU
		{05C14729-754E-4513-906A-447385232079}.Debug|Mixed Platforms.Build.0 = Debug|Any CPU
		{05C14729-754E-4513-906A-447385232079}.Debug|Win32.ActiveCfg = Debug|Any CPU
		{05C14729-754E-4513-906A-447385232079}.Debug|x86.ActiveCfg = Debug|Any CPU
		{05C14729-754E-4513-906A-447385232079}.Release|Any CPU.ActiveCfg = Release|Any CPU
		{05C14729-754E-4513-906A-447385232079}.Release|Any CPU.Build.0 = Release|Any CPU
		{05C14729-754E-4513-906A-447385232079}.Release|Mixed Platforms.ActiveCfg = Release|Any CPU
		{05C14729-754E-4513-906A-447385232079}.Release|Mixed Platforms.Build.0 = Release|Any CPU
		{05C14729-754E-4513-906A-447385232079}.Release|Win32.ActiveCfg = Release|Any CPU
		{05C14729-754E-4513-906A-447385232079}.Release|x86.ActiveCfg = Release|Any CPU
		{A67F9C27-3E32-4FBE-8EBA-8DE199352EC6}.Debug|Any CPU.ActiveCfg = Debug|Any CPU
		{A67F9C27-3E32-4FBE-8EBA-8DE199352EC6}.Debug|Any CPU.Build.0 = Debug|Any CPU
		{A67F9C27-3E32-4FBE-8EBA-8DE199352EC6}.Debug|Mixed Platforms.ActiveCfg = Debug|Any CPU
		{A67F9C27-3E32-4FBE-8EBA-8DE199352EC6}.Debug|Mixed Platforms.Build.0 = Debug|Any CPU
		{A67F9C27-3E32-4FBE-8EBA-8DE199352EC6}.Debug|Win32.ActiveCfg = Debug|Any CPU
		{A67F9C27-3E32-4FBE-8EBA-8DE199352EC6}.Debug|x86.ActiveCfg = Debug|Any CPU
		{A67F9C27-3E32-4FBE-8EBA-8DE199352EC6}.Release|Any CPU.ActiveCfg = Release|Any CPU
		{A67F9C27-3E32-4FBE-8EBA-8DE199352EC6}.Release|Any CPU.Build.0 = Release|Any CPU
		{A67F9C27-3E32-4FBE-8EBA-8DE199352EC6}.Release|Mixed Platforms.ActiveCfg = Release|Any CPU
		{A67F9C27-3E32-4FBE-8EBA-8DE199352EC6}.Release|Mixed Platforms.Build.0 = Release|Any CPU
		{A67F9C27-3E32-4FBE-8EBA-8DE199352EC6}.Release|Win32.ActiveCfg = Release|Any CPU
		{A67F9C27-3E32-4FBE-8EBA-8DE199352EC6}.Release|x86.ActiveCfg = Release|Any CPU
		{7F6CA04E-4A3A-41C2-967D-FFD1B9EF1795}.Debug|Any CPU.ActiveCfg = Debug|Any CPU
		{7F6CA04E-4A3A-41C2-967D-FFD1B9EF1795}.Debug|Any CPU.Build.0 = Debug|Any CPU
		{7F6CA04E-4A3A-41C2-967D-FFD1B9EF1795}.Debug|Mixed Platforms.ActiveCfg = Debug|Any CPU
		{7F6CA04E-4A3A-41C2-967D-FFD1B9EF1795}.Debug|Mixed Platforms.Build.0 = Debug|Any CPU
		{7F6CA04E-4A3A-41C2-967D-FFD1B9EF1795}.Debug|Win32.ActiveCfg = Debug|Any CPU
		{7F6CA04E-4A3A-41C2-967D-FFD1B9EF1795}.Debug|x86.ActiveCfg = Debug|Any CPU
		{7F6CA04E-4A3A-41C2-967D-FFD1B9EF1795}.Release|Any CPU.ActiveCfg = Release|Any CPU
		{7F6CA04E-4A3A-41C2-967D-FFD1B9EF1795}.Release|Any CPU.Build.0 = Release|Any CPU
		{7F6CA04E-4A3A-41C2-967D-FFD1B9EF1795}.Release|Mixed Platforms.ActiveCfg = Release|Any CPU
		{7F6CA04E-4A3A-41C2-967D-FFD1B9EF1795}.Release|Mixed Platforms.Build.0 = Release|Any CPU
		{7F6CA04E-4A3A-41C2-967D-FFD1B9EF1795}.Release|Win32.ActiveCfg = Release|Any CPU
		{7F6CA04E-4A3A-41C2-967D-FFD1B9EF1795}.Release|x86.ActiveCfg = Release|Any CPU
		{17F7E3E6-269E-4D62-9BCA-58328C2AAE77}.Debug|Any CPU.ActiveCfg = Debug|Any CPU
		{17F7E3E6-269E-4D62-9BCA-58328C2AAE77}.Debug|Any CPU.Build.0 = Debug|Any CPU
		{17F7E3E6-269E-4D62-9BCA-58328C2AAE77}.Debug|Mixed Platforms.ActiveCfg = Debug|Any CPU
		{17F7E3E6-269E-4D62-9BCA-58328C2AAE77}.Debug|Mixed Platforms.Build.0 = Debug|Any CPU
		{17F7E3E6-269E-4D62-9BCA-58328C2AAE77}.Debug|Win32.ActiveCfg = Debug|Any CPU
		{17F7E3E6-269E-4D62-9BCA-58328C2AAE77}.Debug|x86.ActiveCfg = Debug|Any CPU
		{17F7E3E6-269E-4D62-9BCA-58328C2AAE77}.Release|Any CPU.ActiveCfg = Release|Any CPU
		{17F7E3E6-269E-4D62-9BCA-58328C2AAE77}.Release|Any CPU.Build.0 = Release|Any CPU
		{17F7E3E6-269E-4D62-9BCA-58328C2AAE77}.Release|Mixed Platforms.ActiveCfg = Release|Any CPU
		{17F7E3E6-269E-4D62-9BCA-58328C2AAE77}.Release|Mixed Platforms.Build.0 = Release|Any CPU
		{17F7E3E6-269E-4D62-9BCA-58328C2AAE77}.Release|Win32.ActiveCfg = Release|Any CPU
		{17F7E3E6-269E-4D62-9BCA-58328C2AAE77}.Release|x86.ActiveCfg = Release|Any CPU
		{0CDBED85-3FE8-41AD-AD74-6A11F3B6E127}.Debug|Any CPU.ActiveCfg = Debug|Any CPU
		{0CDBED85-3FE8-41AD-AD74-6A11F3B6E127}.Debug|Any CPU.Build.0 = Debug|Any CPU
		{0CDBED85-3FE8-41AD-AD74-6A11F3B6E127}.Debug|Mixed Platforms.ActiveCfg = Debug|Any CPU
		{0CDBED85-3FE8-41AD-AD74-6A11F3B6E127}.Debug|Mixed Platforms.Build.0 = Debug|Any CPU
		{0CDBED85-3FE8-41AD-AD74-6A11F3B6E127}.Debug|Win32.ActiveCfg = Debug|Any CPU
		{0CDBED85-3FE8-41AD-AD74-6A11F3B6E127}.Debug|x86.ActiveCfg = Debug|Any CPU
		{0CDBED85-3FE8-41AD-AD74-6A11F3B6E127}.Release|Any CPU.ActiveCfg = Release|Any CPU
		{0CDBED85-3FE8-41AD-AD74-6A11F3B6E127}.Release|Any CPU.Build.0 = Release|Any CPU
		{0CDBED85-3FE8-41AD-AD74-6A11F3B6E127}.Release|Mixed Platforms.ActiveCfg = Release|Any CPU
		{0CDBED85-3FE8-41AD-AD74-6A11F3B6E127}.Release|Mixed Platforms.Build.0 = Release|Any CPU
		{0CDBED85-3FE8-41AD-AD74-6A11F3B6E127}.Release|Win32.ActiveCfg = Release|Any CPU
		{0CDBED85-3FE8-41AD-AD74-6A11F3B6E127}.Release|x86.ActiveCfg = Release|Any CPU
		{FC02F4C0-7718-41CC-9157-B6D28DEF85F0}.Debug|Any CPU.ActiveCfg = Debug|Any CPU
		{FC02F4C0-7718-41CC-9157-B6D28DEF85F0}.Debug|Any CPU.Build.0 = Debug|Any CPU
		{FC02F4C0-7718-41CC-9157-B6D28DEF85F0}.Debug|Mixed Platforms.ActiveCfg = Debug|Any CPU
		{FC02F4C0-7718-41CC-9157-B6D28DEF85F0}.Debug|Mixed Platforms.Build.0 = Debug|Any CPU
		{FC02F4C0-7718-41CC-9157-B6D28DEF85F0}.Debug|Win32.ActiveCfg = Debug|Any CPU
		{FC02F4C0-7718-41CC-9157-B6D28DEF85F0}.Debug|x86.ActiveCfg = Debug|Any CPU
		{FC02F4C0-7718-41CC-9157-B6D28DEF85F0}.Release|Any CPU.ActiveCfg = Release|Any CPU
		{FC02F4C0-7718-41CC-9157-B6D28DEF85F0}.Release|Any CPU.Build.0 = Release|Any CPU
		{FC02F4C0-7718-41CC-9157-B6D28DEF85F0}.Release|Mixed Platforms.ActiveCfg = Release|Any CPU
		{FC02F4C0-7718-41CC-9157-B6D28DEF85F0}.Release|Mixed Platforms.Build.0 = Release|Any CPU
		{FC02F4C0-7718-41CC-9157-B6D28DEF85F0}.Release|Win32.ActiveCfg = Release|Any CPU
		{FC02F4C0-7718-41CC-9157-B6D28DEF85F0}.Release|x86.ActiveCfg = Release|Any CPU
		{45892ADC-1CD0-46E4-AD1D-1E9C902EEA12}.Debug|Any CPU.ActiveCfg = Debug|Any CPU
		{45892ADC-1CD0-46E4-AD1D-1E9C902EEA12}.Debug|Any CPU.Build.0 = Debug|Any CPU
		{45892ADC-1CD0-46E4-AD1D-1E9C902EEA12}.Debug|Mixed Platforms.ActiveCfg = Debug|Any CPU
		{45892ADC-1CD0-46E4-AD1D-1E9C902EEA12}.Debug|Mixed Platforms.Build.0 = Debug|Any CPU
		{45892ADC-1CD0-46E4-AD1D-1E9C902EEA12}.Debug|Win32.ActiveCfg = Debug|Any CPU
		{45892ADC-1CD0-46E4-AD1D-1E9C902EEA12}.Debug|x86.ActiveCfg = Debug|Any CPU
		{45892ADC-1CD0-46E4-AD1D-1E9C902EEA12}.Release|Any CPU.ActiveCfg = Release|Any CPU
		{45892ADC-1CD0-46E4-AD1D-1E9C902EEA12}.Release|Any CPU.Build.0 = Release|Any CPU
		{45892ADC-1CD0-46E4-AD1D-1E9C902EEA12}.Release|Mixed Platforms.ActiveCfg = Release|Any CPU
		{45892ADC-1CD0-46E4-AD1D-1E9C902EEA12}.Release|Mixed Platforms.Build.0 = Release|Any CPU
		{45892ADC-1CD0-46E4-AD1D-1E9C902EEA12}.Release|Win32.ActiveCfg = Release|Any CPU
		{45892ADC-1CD0-46E4-AD1D-1E9C902EEA12}.Release|x86.ActiveCfg = Release|Any CPU
		{A0469E29-6231-401B-9194-D8614F9ABA96}.Debug|Any CPU.ActiveCfg = Debug|Any CPU
		{A0469E29-6231-401B-9194-D8614F9ABA96}.Debug|Any CPU.Build.0 = Debug|Any CPU
		{A0469E29-6231-401B-9194-D8614F9ABA96}.Debug|Mixed Platforms.ActiveCfg = Debug|Any CPU
		{A0469E29-6231-401B-9194-D8614F9ABA96}.Debug|Mixed Platforms.Build.0 = Debug|Any CPU
		{A0469E29-6231-401B-9194-D8614F9ABA96}.Debug|Win32.ActiveCfg = Debug|Any CPU
		{A0469E29-6231-401B-9194-D8614F9ABA96}.Debug|x86.ActiveCfg = Debug|Any CPU
		{A0469E29-6231-401B-9194-D8614F9ABA96}.Release|Any CPU.ActiveCfg = Release|Any CPU
		{A0469E29-6231-401B-9194-D8614F9ABA96}.Release|Any CPU.Build.0 = Release|Any CPU
		{A0469E29-6231-401B-9194-D8614F9ABA96}.Release|Mixed Platforms.ActiveCfg = Release|Any CPU
		{A0469E29-6231-401B-9194-D8614F9ABA96}.Release|Mixed Platforms.Build.0 = Release|Any CPU
		{A0469E29-6231-401B-9194-D8614F9ABA96}.Release|Win32.ActiveCfg = Release|Any CPU
		{A0469E29-6231-401B-9194-D8614F9ABA96}.Release|x86.ActiveCfg = Release|Any CPU
		{159DF1D2-95E5-4E16-96B8-2E923E61E552}.Debug|Any CPU.ActiveCfg = Debug|Any CPU
		{159DF1D2-95E5-4E16-96B8-2E923E61E552}.Debug|Any CPU.Build.0 = Debug|Any CPU
		{159DF1D2-95E5-4E16-96B8-2E923E61E552}.Debug|Mixed Platforms.ActiveCfg = Debug|Any CPU
		{159DF1D2-95E5-4E16-96B8-2E923E61E552}.Debug|Mixed Platforms.Build.0 = Debug|Any CPU
		{159DF1D2-95E5-4E16-96B8-2E923E61E552}.Debug|Win32.ActiveCfg = Debug|Any CPU
		{159DF1D2-95E5-4E16-96B8-2E923E61E552}.Debug|x86.ActiveCfg = Debug|Any CPU
		{159DF1D2-95E5-4E16-96B8-2E923E61E552}.Release|Any CPU.ActiveCfg = Release|Any CPU
		{159DF1D2-95E5-4E16-96B8-2E923E61E552}.Release|Any CPU.Build.0 = Release|Any CPU
		{159DF1D2-95E5-4E16-96B8-2E923E61E552}.Release|Mixed Platforms.ActiveCfg = Release|Any CPU
		{159DF1D2-95E5-4E16-96B8-2E923E61E552}.Release|Mixed Platforms.Build.0 = Release|Any CPU
		{159DF1D2-95E5-4E16-96B8-2E923E61E552}.Release|Win32.ActiveCfg = Release|Any CPU
		{159DF1D2-95E5-4E16-96B8-2E923E61E552}.Release|x86.ActiveCfg = Release|Any CPU
		{914DB27C-F359-44C7-AB79-9AE5E1343044}.Debug|Any CPU.ActiveCfg = Debug|Any CPU
		{914DB27C-F359-44C7-AB79-9AE5E1343044}.Debug|Any CPU.Build.0 = Debug|Any CPU
		{914DB27C-F359-44C7-AB79-9AE5E1343044}.Debug|Mixed Platforms.ActiveCfg = Debug|Any CPU
		{914DB27C-F359-44C7-AB79-9AE5E1343044}.Debug|Mixed Platforms.Build.0 = Debug|Any CPU
		{914DB27C-F359-44C7-AB79-9AE5E1343044}.Debug|Win32.ActiveCfg = Debug|Any CPU
		{914DB27C-F359-44C7-AB79-9AE5E1343044}.Debug|x86.ActiveCfg = Debug|Any CPU
		{914DB27C-F359-44C7-AB79-9AE5E1343044}.Release|Any CPU.ActiveCfg = Release|Any CPU
		{914DB27C-F359-44C7-AB79-9AE5E1343044}.Release|Any CPU.Build.0 = Release|Any CPU
		{914DB27C-F359-44C7-AB79-9AE5E1343044}.Release|Mixed Platforms.ActiveCfg = Release|Any CPU
		{914DB27C-F359-44C7-AB79-9AE5E1343044}.Release|Mixed Platforms.Build.0 = Release|Any CPU
		{914DB27C-F359-44C7-AB79-9AE5E1343044}.Release|Win32.ActiveCfg = Release|Any CPU
		{914DB27C-F359-44C7-AB79-9AE5E1343044}.Release|x86.ActiveCfg = Release|Any CPU
		{ECF655AE-3252-479F-ADA9-C48CF976F378}.Debug|Any CPU.ActiveCfg = Debug|Any CPU
		{ECF655AE-3252-479F-ADA9-C48CF976F378}.Debug|Any CPU.Build.0 = Debug|Any CPU
		{ECF655AE-3252-479F-ADA9-C48CF976F378}.Debug|Mixed Platforms.ActiveCfg = Debug|Any CPU
		{ECF655AE-3252-479F-ADA9-C48CF976F378}.Debug|Mixed Platforms.Build.0 = Debug|Any CPU
		{ECF655AE-3252-479F-ADA9-C48CF976F378}.Debug|Win32.ActiveCfg = Debug|Any CPU
		{ECF655AE-3252-479F-ADA9-C48CF976F378}.Debug|x86.ActiveCfg = Debug|Any CPU
		{ECF655AE-3252-479F-ADA9-C48CF976F378}.Release|Any CPU.ActiveCfg = Release|Any CPU
		{ECF655AE-3252-479F-ADA9-C48CF976F378}.Release|Any CPU.Build.0 = Release|Any CPU
		{ECF655AE-3252-479F-ADA9-C48CF976F378}.Release|Mixed Platforms.ActiveCfg = Release|Any CPU
		{ECF655AE-3252-479F-ADA9-C48CF976F378}.Release|Mixed Platforms.Build.0 = Release|Any CPU
		{ECF655AE-3252-479F-ADA9-C48CF976F378}.Release|Win32.ActiveCfg = Release|Any CPU
		{ECF655AE-3252-479F-ADA9-C48CF976F378}.Release|x86.ActiveCfg = Release|Any CPU
		{32B5552C-901A-44E5-A782-9DEA8FB63393}.Debug|Any CPU.ActiveCfg = Debug|Any CPU
		{32B5552C-901A-44E5-A782-9DEA8FB63393}.Debug|Any CPU.Build.0 = Debug|Any CPU
		{32B5552C-901A-44E5-A782-9DEA8FB63393}.Debug|Mixed Platforms.ActiveCfg = Debug|Any CPU
		{32B5552C-901A-44E5-A782-9DEA8FB63393}.Debug|Mixed Platforms.Build.0 = Debug|Any CPU
		{32B5552C-901A-44E5-A782-9DEA8FB63393}.Debug|Win32.ActiveCfg = Debug|Any CPU
		{32B5552C-901A-44E5-A782-9DEA8FB63393}.Debug|x86.ActiveCfg = Debug|Any CPU
		{32B5552C-901A-44E5-A782-9DEA8FB63393}.Release|Any CPU.ActiveCfg = Release|Any CPU
		{32B5552C-901A-44E5-A782-9DEA8FB63393}.Release|Any CPU.Build.0 = Release|Any CPU
		{32B5552C-901A-44E5-A782-9DEA8FB63393}.Release|Mixed Platforms.ActiveCfg = Release|Any CPU
		{32B5552C-901A-44E5-A782-9DEA8FB63393}.Release|Mixed Platforms.Build.0 = Release|Any CPU
		{32B5552C-901A-44E5-A782-9DEA8FB63393}.Release|Win32.ActiveCfg = Release|Any CPU
		{32B5552C-901A-44E5-A782-9DEA8FB63393}.Release|x86.ActiveCfg = Release|Any CPU
		{CD636210-2F32-4156-B5FB-EE188104881E}.Debug|Any CPU.ActiveCfg = Debug|Any CPU
		{CD636210-2F32-4156-B5FB-EE188104881E}.Debug|Any CPU.Build.0 = Debug|Any CPU
		{CD636210-2F32-4156-B5FB-EE188104881E}.Debug|Mixed Platforms.ActiveCfg = Debug|Any CPU
		{CD636210-2F32-4156-B5FB-EE188104881E}.Debug|Mixed Platforms.Build.0 = Debug|Any CPU
		{CD636210-2F32-4156-B5FB-EE188104881E}.Debug|Win32.ActiveCfg = Debug|Any CPU
		{CD636210-2F32-4156-B5FB-EE188104881E}.Debug|x86.ActiveCfg = Debug|Any CPU
		{CD636210-2F32-4156-B5FB-EE188104881E}.Release|Any CPU.ActiveCfg = Release|Any CPU
		{CD636210-2F32-4156-B5FB-EE188104881E}.Release|Any CPU.Build.0 = Release|Any CPU
		{CD636210-2F32-4156-B5FB-EE188104881E}.Release|Mixed Platforms.ActiveCfg = Release|Any CPU
		{CD636210-2F32-4156-B5FB-EE188104881E}.Release|Mixed Platforms.Build.0 = Release|Any CPU
		{CD636210-2F32-4156-B5FB-EE188104881E}.Release|Win32.ActiveCfg = Release|Any CPU
		{CD636210-2F32-4156-B5FB-EE188104881E}.Release|x86.ActiveCfg = Release|Any CPU
		{01A08DD2-EFAC-48D3-8978-11971A282B0C}.Debug|Any CPU.ActiveCfg = Debug|Any CPU
		{01A08DD2-EFAC-48D3-8978-11971A282B0C}.Debug|Any CPU.Build.0 = Debug|Any CPU
		{01A08DD2-EFAC-48D3-8978-11971A282B0C}.Debug|Mixed Platforms.ActiveCfg = Debug|Any CPU
		{01A08DD2-EFAC-48D3-8978-11971A282B0C}.Debug|Mixed Platforms.Build.0 = Debug|Any CPU
		{01A08DD2-EFAC-48D3-8978-11971A282B0C}.Debug|Win32.ActiveCfg = Debug|Any CPU
		{01A08DD2-EFAC-48D3-8978-11971A282B0C}.Debug|x86.ActiveCfg = Debug|Any CPU
		{01A08DD2-EFAC-48D3-8978-11971A282B0C}.Release|Any CPU.ActiveCfg = Release|Any CPU
		{01A08DD2-EFAC-48D3-8978-11971A282B0C}.Release|Any CPU.Build.0 = Release|Any CPU
		{01A08DD2-EFAC-48D3-8978-11971A282B0C}.Release|Mixed Platforms.ActiveCfg = Release|Any CPU
		{01A08DD2-EFAC-48D3-8978-11971A282B0C}.Release|Mixed Platforms.Build.0 = Release|Any CPU
		{01A08DD2-EFAC-48D3-8978-11971A282B0C}.Release|Win32.ActiveCfg = Release|Any CPU
		{01A08DD2-EFAC-48D3-8978-11971A282B0C}.Release|x86.ActiveCfg = Release|Any CPU
		{BBC6AD3A-649C-4702-A4F0-FC33DBE59CD6}.Debug|Any CPU.ActiveCfg = Debug|Any CPU
		{BBC6AD3A-649C-4702-A4F0-FC33DBE59CD6}.Debug|Any CPU.Build.0 = Debug|Any CPU
		{BBC6AD3A-649C-4702-A4F0-FC33DBE59CD6}.Debug|Mixed Platforms.ActiveCfg = Debug|Any CPU
		{BBC6AD3A-649C-4702-A4F0-FC33DBE59CD6}.Debug|Mixed Platforms.Build.0 = Debug|Any CPU
		{BBC6AD3A-649C-4702-A4F0-FC33DBE59CD6}.Debug|Win32.ActiveCfg = Debug|Any CPU
		{BBC6AD3A-649C-4702-A4F0-FC33DBE59CD6}.Debug|x86.ActiveCfg = Debug|Any CPU
		{BBC6AD3A-649C-4702-A4F0-FC33DBE59CD6}.Release|Any CPU.ActiveCfg = Release|Any CPU
		{BBC6AD3A-649C-4702-A4F0-FC33DBE59CD6}.Release|Any CPU.Build.0 = Release|Any CPU
		{BBC6AD3A-649C-4702-A4F0-FC33DBE59CD6}.Release|Mixed Platforms.ActiveCfg = Release|Any CPU
		{BBC6AD3A-649C-4702-A4F0-FC33DBE59CD6}.Release|Mixed Platforms.Build.0 = Release|Any CPU
		{BBC6AD3A-649C-4702-A4F0-FC33DBE59CD6}.Release|Win32.ActiveCfg = Release|Any CPU
		{BBC6AD3A-649C-4702-A4F0-FC33DBE59CD6}.Release|x86.ActiveCfg = Release|Any CPU
		{9E96DC9C-60DE-48E2-A35E-08FA55D157EC}.Debug|Any CPU.ActiveCfg = Debug|Any CPU
		{9E96DC9C-60DE-48E2-A35E-08FA55D157EC}.Debug|Any CPU.Build.0 = Debug|Any CPU
		{9E96DC9C-60DE-48E2-A35E-08FA55D157EC}.Debug|Mixed Platforms.ActiveCfg = Debug|Any CPU
		{9E96DC9C-60DE-48E2-A35E-08FA55D157EC}.Debug|Mixed Platforms.Build.0 = Debug|Any CPU
		{9E96DC9C-60DE-48E2-A35E-08FA55D157EC}.Debug|Win32.ActiveCfg = Debug|Any CPU
		{9E96DC9C-60DE-48E2-A35E-08FA55D157EC}.Debug|x86.ActiveCfg = Debug|Any CPU
		{9E96DC9C-60DE-48E2-A35E-08FA55D157EC}.Release|Any CPU.ActiveCfg = Release|Any CPU
		{9E96DC9C-60DE-48E2-A35E-08FA55D157EC}.Release|Any CPU.Build.0 = Release|Any CPU
		{9E96DC9C-60DE-48E2-A35E-08FA55D157EC}.Release|Mixed Platforms.ActiveCfg = Release|Any CPU
		{9E96DC9C-60DE-48E2-A35E-08FA55D157EC}.Release|Mixed Platforms.Build.0 = Release|Any CPU
		{9E96DC9C-60DE-48E2-A35E-08FA55D157EC}.Release|Win32.ActiveCfg = Release|Any CPU
		{9E96DC9C-60DE-48E2-A35E-08FA55D157EC}.Release|x86.ActiveCfg = Release|Any CPU
		{81994EC8-F433-4A61-9D6E-8444F772CEBC}.Debug|Any CPU.ActiveCfg = Debug|Any CPU
		{81994EC8-F433-4A61-9D6E-8444F772CEBC}.Debug|Any CPU.Build.0 = Debug|Any CPU
		{81994EC8-F433-4A61-9D6E-8444F772CEBC}.Debug|Mixed Platforms.ActiveCfg = Debug|Any CPU
		{81994EC8-F433-4A61-9D6E-8444F772CEBC}.Debug|Mixed Platforms.Build.0 = Debug|Any CPU
		{81994EC8-F433-4A61-9D6E-8444F772CEBC}.Debug|Win32.ActiveCfg = Debug|Any CPU
		{81994EC8-F433-4A61-9D6E-8444F772CEBC}.Debug|x86.ActiveCfg = Debug|Any CPU
		{81994EC8-F433-4A61-9D6E-8444F772CEBC}.Release|Any CPU.ActiveCfg = Release|Any CPU
		{81994EC8-F433-4A61-9D6E-8444F772CEBC}.Release|Any CPU.Build.0 = Release|Any CPU
		{81994EC8-F433-4A61-9D6E-8444F772CEBC}.Release|Mixed Platforms.ActiveCfg = Release|Any CPU
		{81994EC8-F433-4A61-9D6E-8444F772CEBC}.Release|Mixed Platforms.Build.0 = Release|Any CPU
		{81994EC8-F433-4A61-9D6E-8444F772CEBC}.Release|Win32.ActiveCfg = Release|Any CPU
		{81994EC8-F433-4A61-9D6E-8444F772CEBC}.Release|x86.ActiveCfg = Release|Any CPU
		{B65DA1B3-FE0C-4EDC-B06D-1AE2EE5E2193}.Debug|Any CPU.ActiveCfg = Debug|Any CPU
		{B65DA1B3-FE0C-4EDC-B06D-1AE2EE5E2193}.Debug|Any CPU.Build.0 = Debug|Any CPU
		{B65DA1B3-FE0C-4EDC-B06D-1AE2EE5E2193}.Debug|Mixed Platforms.ActiveCfg = Debug|Any CPU
		{B65DA1B3-FE0C-4EDC-B06D-1AE2EE5E2193}.Debug|Mixed Platforms.Build.0 = Debug|Any CPU
		{B65DA1B3-FE0C-4EDC-B06D-1AE2EE5E2193}.Debug|Win32.ActiveCfg = Debug|Any CPU
		{B65DA1B3-FE0C-4EDC-B06D-1AE2EE5E2193}.Debug|x86.ActiveCfg = Debug|Any CPU
		{B65DA1B3-FE0C-4EDC-B06D-1AE2EE5E2193}.Release|Any CPU.ActiveCfg = Release|Any CPU
		{B65DA1B3-FE0C-4EDC-B06D-1AE2EE5E2193}.Release|Any CPU.Build.0 = Release|Any CPU
		{B65DA1B3-FE0C-4EDC-B06D-1AE2EE5E2193}.Release|Mixed Platforms.ActiveCfg = Release|Any CPU
		{B65DA1B3-FE0C-4EDC-B06D-1AE2EE5E2193}.Release|Mixed Platforms.Build.0 = Release|Any CPU
		{B65DA1B3-FE0C-4EDC-B06D-1AE2EE5E2193}.Release|Win32.ActiveCfg = Release|Any CPU
		{B65DA1B3-FE0C-4EDC-B06D-1AE2EE5E2193}.Release|x86.ActiveCfg = Release|Any CPU
		{82E8D714-466C-46BF-BDA3-E28E1593CCB6}.Debug|Any CPU.ActiveCfg = Debug|Win32
		{82E8D714-466C-46BF-BDA3-E28E1593CCB6}.Debug|Mixed Platforms.ActiveCfg = Debug|Win32
		{82E8D714-466C-46BF-BDA3-E28E1593CCB6}.Debug|Mixed Platforms.Build.0 = Debug|Win32
		{82E8D714-466C-46BF-BDA3-E28E1593CCB6}.Debug|Win32.ActiveCfg = Debug|Win32
		{82E8D714-466C-46BF-BDA3-E28E1593CCB6}.Debug|Win32.Build.0 = Debug|Win32
		{82E8D714-466C-46BF-BDA3-E28E1593CCB6}.Debug|x86.ActiveCfg = Debug|Win32
		{82E8D714-466C-46BF-BDA3-E28E1593CCB6}.Release|Any CPU.ActiveCfg = Release|Win32
		{82E8D714-466C-46BF-BDA3-E28E1593CCB6}.Release|Mixed Platforms.ActiveCfg = Release|Win32
		{82E8D714-466C-46BF-BDA3-E28E1593CCB6}.Release|Mixed Platforms.Build.0 = Release|Win32
		{82E8D714-466C-46BF-BDA3-E28E1593CCB6}.Release|Win32.ActiveCfg = Release|Win32
		{82E8D714-466C-46BF-BDA3-E28E1593CCB6}.Release|Win32.Build.0 = Release|Win32
		{82E8D714-466C-46BF-BDA3-E28E1593CCB6}.Release|x86.ActiveCfg = Release|Win32
		{66C97B4E-4884-4C82-9FE9-15D6D48D8FB5}.Debug|Any CPU.ActiveCfg = Debug|Any CPU
		{66C97B4E-4884-4C82-9FE9-15D6D48D8FB5}.Debug|Any CPU.Build.0 = Debug|Any CPU
		{66C97B4E-4884-4C82-9FE9-15D6D48D8FB5}.Debug|Mixed Platforms.ActiveCfg = Debug|Any CPU
		{66C97B4E-4884-4C82-9FE9-15D6D48D8FB5}.Debug|Mixed Platforms.Build.0 = Debug|Any CPU
		{66C97B4E-4884-4C82-9FE9-15D6D48D8FB5}.Debug|Win32.ActiveCfg = Debug|Any CPU
		{66C97B4E-4884-4C82-9FE9-15D6D48D8FB5}.Debug|x86.ActiveCfg = Debug|Any CPU
		{66C97B4E-4884-4C82-9FE9-15D6D48D8FB5}.Debug|x86.Build.0 = Debug|Any CPU
		{66C97B4E-4884-4C82-9FE9-15D6D48D8FB5}.Release|Any CPU.ActiveCfg = Release|Any CPU
		{66C97B4E-4884-4C82-9FE9-15D6D48D8FB5}.Release|Any CPU.Build.0 = Release|Any CPU
		{66C97B4E-4884-4C82-9FE9-15D6D48D8FB5}.Release|Mixed Platforms.ActiveCfg = Release|Any CPU
		{66C97B4E-4884-4C82-9FE9-15D6D48D8FB5}.Release|Mixed Platforms.Build.0 = Release|Any CPU
		{66C97B4E-4884-4C82-9FE9-15D6D48D8FB5}.Release|Win32.ActiveCfg = Release|Any CPU
		{66C97B4E-4884-4C82-9FE9-15D6D48D8FB5}.Release|x86.ActiveCfg = Release|Any CPU
		{66C97B4E-4884-4C82-9FE9-15D6D48D8FB5}.Release|x86.Build.0 = Release|Any CPU
		{D5FAE671-81DF-4D34-B89E-72660A00A2E9}.Debug|Any CPU.ActiveCfg = Debug|Any CPU
		{D5FAE671-81DF-4D34-B89E-72660A00A2E9}.Debug|Any CPU.Build.0 = Debug|Any CPU
		{D5FAE671-81DF-4D34-B89E-72660A00A2E9}.Debug|Mixed Platforms.ActiveCfg = Debug|Any CPU
		{D5FAE671-81DF-4D34-B89E-72660A00A2E9}.Debug|Mixed Platforms.Build.0 = Debug|Any CPU
		{D5FAE671-81DF-4D34-B89E-72660A00A2E9}.Debug|Win32.ActiveCfg = Debug|Any CPU
		{D5FAE671-81DF-4D34-B89E-72660A00A2E9}.Debug|x86.ActiveCfg = Debug|Any CPU
		{D5FAE671-81DF-4D34-B89E-72660A00A2E9}.Release|Any CPU.ActiveCfg = Release|Any CPU
		{D5FAE671-81DF-4D34-B89E-72660A00A2E9}.Release|Any CPU.Build.0 = Release|Any CPU
		{D5FAE671-81DF-4D34-B89E-72660A00A2E9}.Release|Mixed Platforms.ActiveCfg = Release|Any CPU
		{D5FAE671-81DF-4D34-B89E-72660A00A2E9}.Release|Mixed Platforms.Build.0 = Release|Any CPU
		{D5FAE671-81DF-4D34-B89E-72660A00A2E9}.Release|Win32.ActiveCfg = Release|Any CPU
		{D5FAE671-81DF-4D34-B89E-72660A00A2E9}.Release|x86.ActiveCfg = Release|Any CPU
		{C2E771B0-C085-4A0F-9D68-63D90606E6C0}.Debug|Any CPU.ActiveCfg = Debug|Any CPU
		{C2E771B0-C085-4A0F-9D68-63D90606E6C0}.Debug|Any CPU.Build.0 = Debug|Any CPU
		{C2E771B0-C085-4A0F-9D68-63D90606E6C0}.Debug|Mixed Platforms.ActiveCfg = Debug|Any CPU
		{C2E771B0-C085-4A0F-9D68-63D90606E6C0}.Debug|Mixed Platforms.Build.0 = Debug|Any CPU
		{C2E771B0-C085-4A0F-9D68-63D90606E6C0}.Debug|Win32.ActiveCfg = Debug|Any CPU
		{C2E771B0-C085-4A0F-9D68-63D90606E6C0}.Debug|x86.ActiveCfg = Debug|Any CPU
		{C2E771B0-C085-4A0F-9D68-63D90606E6C0}.Release|Any CPU.ActiveCfg = Release|Any CPU
		{C2E771B0-C085-4A0F-9D68-63D90606E6C0}.Release|Any CPU.Build.0 = Release|Any CPU
		{C2E771B0-C085-4A0F-9D68-63D90606E6C0}.Release|Mixed Platforms.ActiveCfg = Release|Any CPU
		{C2E771B0-C085-4A0F-9D68-63D90606E6C0}.Release|Mixed Platforms.Build.0 = Release|Any CPU
		{C2E771B0-C085-4A0F-9D68-63D90606E6C0}.Release|Win32.ActiveCfg = Release|Any CPU
		{C2E771B0-C085-4A0F-9D68-63D90606E6C0}.Release|x86.ActiveCfg = Release|Any CPU
		{4B392AEE-1D43-4105-9D88-82A80FE0CDFE}.Debug|Any CPU.ActiveCfg = Debug|Any CPU
		{4B392AEE-1D43-4105-9D88-82A80FE0CDFE}.Debug|Any CPU.Build.0 = Debug|Any CPU
		{4B392AEE-1D43-4105-9D88-82A80FE0CDFE}.Debug|Mixed Platforms.ActiveCfg = Debug|Any CPU
		{4B392AEE-1D43-4105-9D88-82A80FE0CDFE}.Debug|Mixed Platforms.Build.0 = Debug|Any CPU
		{4B392AEE-1D43-4105-9D88-82A80FE0CDFE}.Debug|Win32.ActiveCfg = Debug|Any CPU
		{4B392AEE-1D43-4105-9D88-82A80FE0CDFE}.Debug|x86.ActiveCfg = Debug|Any CPU
		{4B392AEE-1D43-4105-9D88-82A80FE0CDFE}.Release|Any CPU.ActiveCfg = Release|Any CPU
		{4B392AEE-1D43-4105-9D88-82A80FE0CDFE}.Release|Any CPU.Build.0 = Release|Any CPU
		{4B392AEE-1D43-4105-9D88-82A80FE0CDFE}.Release|Mixed Platforms.ActiveCfg = Release|Any CPU
		{4B392AEE-1D43-4105-9D88-82A80FE0CDFE}.Release|Mixed Platforms.Build.0 = Release|Any CPU
		{4B392AEE-1D43-4105-9D88-82A80FE0CDFE}.Release|Win32.ActiveCfg = Release|Any CPU
		{4B392AEE-1D43-4105-9D88-82A80FE0CDFE}.Release|x86.ActiveCfg = Release|Any CPU
		{584275BB-9E04-457E-88B6-B31D0F428DFC}.Debug|Any CPU.ActiveCfg = Debug|Any CPU
		{584275BB-9E04-457E-88B6-B31D0F428DFC}.Debug|Any CPU.Build.0 = Debug|Any CPU
		{584275BB-9E04-457E-88B6-B31D0F428DFC}.Debug|Mixed Platforms.ActiveCfg = Debug|Any CPU
		{584275BB-9E04-457E-88B6-B31D0F428DFC}.Debug|Mixed Platforms.Build.0 = Debug|Any CPU
		{584275BB-9E04-457E-88B6-B31D0F428DFC}.Debug|Win32.ActiveCfg = Debug|Any CPU
		{584275BB-9E04-457E-88B6-B31D0F428DFC}.Debug|x86.ActiveCfg = Debug|Any CPU
		{584275BB-9E04-457E-88B6-B31D0F428DFC}.Release|Any CPU.ActiveCfg = Release|Any CPU
		{584275BB-9E04-457E-88B6-B31D0F428DFC}.Release|Any CPU.Build.0 = Release|Any CPU
		{584275BB-9E04-457E-88B6-B31D0F428DFC}.Release|Mixed Platforms.ActiveCfg = Release|Any CPU
		{584275BB-9E04-457E-88B6-B31D0F428DFC}.Release|Mixed Platforms.Build.0 = Release|Any CPU
		{584275BB-9E04-457E-88B6-B31D0F428DFC}.Release|Win32.ActiveCfg = Release|Any CPU
		{584275BB-9E04-457E-88B6-B31D0F428DFC}.Release|x86.ActiveCfg = Release|Any CPU
		{4ED0B548-E7E6-477F-BB8A-7B5195A5530A}.Debug|Any CPU.ActiveCfg = Debug|Any CPU
		{4ED0B548-E7E6-477F-BB8A-7B5195A5530A}.Debug|Any CPU.Build.0 = Debug|Any CPU
		{4ED0B548-E7E6-477F-BB8A-7B5195A5530A}.Debug|Mixed Platforms.ActiveCfg = Debug|Any CPU
		{4ED0B548-E7E6-477F-BB8A-7B5195A5530A}.Debug|Mixed Platforms.Build.0 = Debug|Any CPU
		{4ED0B548-E7E6-477F-BB8A-7B5195A5530A}.Debug|Win32.ActiveCfg = Debug|Any CPU
		{4ED0B548-E7E6-477F-BB8A-7B5195A5530A}.Debug|x86.ActiveCfg = Debug|Any CPU
		{4ED0B548-E7E6-477F-BB8A-7B5195A5530A}.Release|Any CPU.ActiveCfg = Release|Any CPU
		{4ED0B548-E7E6-477F-BB8A-7B5195A5530A}.Release|Any CPU.Build.0 = Release|Any CPU
		{4ED0B548-E7E6-477F-BB8A-7B5195A5530A}.Release|Mixed Platforms.ActiveCfg = Release|Any CPU
		{4ED0B548-E7E6-477F-BB8A-7B5195A5530A}.Release|Mixed Platforms.Build.0 = Release|Any CPU
		{4ED0B548-E7E6-477F-BB8A-7B5195A5530A}.Release|Win32.ActiveCfg = Release|Any CPU
		{4ED0B548-E7E6-477F-BB8A-7B5195A5530A}.Release|x86.ActiveCfg = Release|Any CPU
		{DBC6EB25-B01B-4B97-92B0-4093C901DC8D}.Debug|Any CPU.ActiveCfg = Debug|Any CPU
		{DBC6EB25-B01B-4B97-92B0-4093C901DC8D}.Debug|Any CPU.Build.0 = Debug|Any CPU
		{DBC6EB25-B01B-4B97-92B0-4093C901DC8D}.Debug|Mixed Platforms.ActiveCfg = Debug|Any CPU
		{DBC6EB25-B01B-4B97-92B0-4093C901DC8D}.Debug|Mixed Platforms.Build.0 = Debug|Any CPU
		{DBC6EB25-B01B-4B97-92B0-4093C901DC8D}.Debug|Win32.ActiveCfg = Debug|Any CPU
		{DBC6EB25-B01B-4B97-92B0-4093C901DC8D}.Debug|x86.ActiveCfg = Debug|Any CPU
		{DBC6EB25-B01B-4B97-92B0-4093C901DC8D}.Release|Any CPU.ActiveCfg = Release|Any CPU
		{DBC6EB25-B01B-4B97-92B0-4093C901DC8D}.Release|Any CPU.Build.0 = Release|Any CPU
		{DBC6EB25-B01B-4B97-92B0-4093C901DC8D}.Release|Mixed Platforms.ActiveCfg = Release|Any CPU
		{DBC6EB25-B01B-4B97-92B0-4093C901DC8D}.Release|Mixed Platforms.Build.0 = Release|Any CPU
		{DBC6EB25-B01B-4B97-92B0-4093C901DC8D}.Release|Win32.ActiveCfg = Release|Any CPU
		{DBC6EB25-B01B-4B97-92B0-4093C901DC8D}.Release|x86.ActiveCfg = Release|Any CPU
		{A7857E5F-6B31-46F2-9427-7A76EAE83E32}.Debug|Any CPU.ActiveCfg = Debug|Win32
		{A7857E5F-6B31-46F2-9427-7A76EAE83E32}.Debug|Mixed Platforms.ActiveCfg = Debug|Win32
		{A7857E5F-6B31-46F2-9427-7A76EAE83E32}.Debug|Mixed Platforms.Build.0 = Debug|Win32
		{A7857E5F-6B31-46F2-9427-7A76EAE83E32}.Debug|Win32.ActiveCfg = Debug|Win32
		{A7857E5F-6B31-46F2-9427-7A76EAE83E32}.Debug|Win32.Build.0 = Debug|Win32
		{A7857E5F-6B31-46F2-9427-7A76EAE83E32}.Debug|x86.ActiveCfg = Debug|Win32
		{A7857E5F-6B31-46F2-9427-7A76EAE83E32}.Debug|x86.Build.0 = Debug|Win32
		{A7857E5F-6B31-46F2-9427-7A76EAE83E32}.Release|Any CPU.ActiveCfg = Release|Win32
		{A7857E5F-6B31-46F2-9427-7A76EAE83E32}.Release|Mixed Platforms.ActiveCfg = Release|Win32
		{A7857E5F-6B31-46F2-9427-7A76EAE83E32}.Release|Mixed Platforms.Build.0 = Release|Win32
		{A7857E5F-6B31-46F2-9427-7A76EAE83E32}.Release|Win32.ActiveCfg = Release|Win32
		{A7857E5F-6B31-46F2-9427-7A76EAE83E32}.Release|Win32.Build.0 = Release|Win32
		{A7857E5F-6B31-46F2-9427-7A76EAE83E32}.Release|x86.ActiveCfg = Release|Win32
		{A7857E5F-6B31-46F2-9427-7A76EAE83E32}.Release|x86.Build.0 = Release|Win32
	EndGlobalSection
	GlobalSection(SolutionProperties) = preSolution
		HideSolutionNode = FALSE
	EndGlobalSection
	GlobalSection(NestedProjects) = preSolution
		{611B219F-6FB7-4D35-B1E2-74167AB9DF39} = {D784F7C4-61B0-4457-9214-8F357A309A02}
		{E8D85A2F-2C9E-4304-AEE9-E7A842472A41} = {D784F7C4-61B0-4457-9214-8F357A309A02}
		{C575C357-5198-47C5-B5C5-EDB2CD6BF40C} = {292723E6-3ABC-4334-9EE0-EA0E158146C9}
		{C724621C-52E1-44A3-B41F-9551331CD386} = {292723E6-3ABC-4334-9EE0-EA0E158146C9}
		{8E76CE3A-5827-4AC3-82FB-6B691B51359F} = {2F8B6DA2-3DF1-49D4-993D-9DA9F42BF52F}
		{05C14729-754E-4513-906A-447385232079} = {2F8B6DA2-3DF1-49D4-993D-9DA9F42BF52F}
		{A67F9C27-3E32-4FBE-8EBA-8DE199352EC6} = {2F8B6DA2-3DF1-49D4-993D-9DA9F42BF52F}
		{7F6CA04E-4A3A-41C2-967D-FFD1B9EF1795} = {8F154E92-6E4F-4640-A53D-17D61C997239}
		{17F7E3E6-269E-4D62-9BCA-58328C2AAE77} = {8F154E92-6E4F-4640-A53D-17D61C997239}
		{0CDBED85-3FE8-41AD-AD74-6A11F3B6E127} = {9B91F3E8-A748-4006-8C0F-619B3EC42AC4}
		{FC02F4C0-7718-41CC-9157-B6D28DEF85F0} = {9B91F3E8-A748-4006-8C0F-619B3EC42AC4}
		{45892ADC-1CD0-46E4-AD1D-1E9C902EEA12} = {59CEE084-D8DE-4ECE-82ED-308720AE2013}
		{A0469E29-6231-401B-9194-D8614F9ABA96} = {59CEE084-D8DE-4ECE-82ED-308720AE2013}
		{159DF1D2-95E5-4E16-96B8-2E923E61E552} = {59CEE084-D8DE-4ECE-82ED-308720AE2013}
		{914DB27C-F359-44C7-AB79-9AE5E1343044} = {9C0AF86E-942C-4072-9E41-CA0CA86D9518}
		{ECF655AE-3252-479F-ADA9-C48CF976F378} = {9C0AF86E-942C-4072-9E41-CA0CA86D9518}
		{32B5552C-901A-44E5-A782-9DEA8FB63393} = {3A325E60-7C05-4B5E-87CF-972D340C2050}
		{CD636210-2F32-4156-B5FB-EE188104881E} = {3A325E60-7C05-4B5E-87CF-972D340C2050}
		{01A08DD2-EFAC-48D3-8978-11971A282B0C} = {575DB45E-D3B9-49BD-823B-423F9E61DD09}
		{BBC6AD3A-649C-4702-A4F0-FC33DBE59CD6} = {575DB45E-D3B9-49BD-823B-423F9E61DD09}
		{9E96DC9C-60DE-48E2-A35E-08FA55D157EC} = {575DB45E-D3B9-49BD-823B-423F9E61DD09}
		{81994EC8-F433-4A61-9D6E-8444F772CEBC} = {1545DD48-B8ED-4709-A56D-3CBBCCCFEBD5}
		{B65DA1B3-FE0C-4EDC-B06D-1AE2EE5E2193} = {1545DD48-B8ED-4709-A56D-3CBBCCCFEBD5}
		{82E8D714-466C-46BF-BDA3-E28E1593CCB6} = {77A574ED-2CB4-47DA-9B1D-F8D0E3E20A54}
		{66C97B4E-4884-4C82-9FE9-15D6D48D8FB5} = {1CDEB8A2-FC59-4A79-A5ED-FF3EE98157B2}
		{D5FAE671-81DF-4D34-B89E-72660A00A2E9} = {1CDEB8A2-FC59-4A79-A5ED-FF3EE98157B2}
		{C2E771B0-C085-4A0F-9D68-63D90606E6C0} = {0DB2200F-3C00-4DEB-AE57-D35BA3FAD4F5}
		{4B392AEE-1D43-4105-9D88-82A80FE0CDFE} = {0DB2200F-3C00-4DEB-AE57-D35BA3FAD4F5}
		{584275BB-9E04-457E-88B6-B31D0F428DFC} = {77A574ED-2CB4-47DA-9B1D-F8D0E3E20A54}
		{4ED0B548-E7E6-477F-BB8A-7B5195A5530A} = {FAE04EC0-301F-11D3-BF4B-00C04F79EFBC}
		{DBC6EB25-B01B-4B97-92B0-4093C901DC8D} = {FAE04EC0-301F-11D3-BF4B-00C04F79EFBC}
		{A7857E5F-6B31-46F2-9427-7A76EAE83E32} = {77A574ED-2CB4-47DA-9B1D-F8D0E3E20A54}
	EndGlobalSection
EndGlobal
