
Microsoft Visual Studio Solution File, Format Version 12.00
# Visual Studio 2013
Project("{2150E333-8FDC-42A3-9474-1A3956D46DE8}") = "Solution Items", "Solution Items", "{342CC5CB-1343-454D-A1A0-9E8BD92959B8}"
	ProjectSection(SolutionItems) = preProject
		SharePointServerProtocolTestSuites.runsettings = SharePointServerProtocolTestSuites.runsettings
		SharePointServerProtocolTestSuites.testsettings = SharePointServerProtocolTestSuites.testsettings
	EndProjectSection
EndProject
Project("{FAE04EC0-301F-11D3-BF4B-00C04F79EFBC}") = "Common", "Common\Common.csproj", "{584275BB-9E04-457E-88B6-B31D0F428DFC}"
EndProject
Project("{2150E333-8FDC-42A3-9474-1A3956D46DE8}") = "MS-LISTSWS", "MS-LISTSWS", "{8DA8E633-67AB-4289-AD3F-F0A1E8A98D7C}"
EndProject
Project("{FAE04EC0-301F-11D3-BF4B-00C04F79EFBC}") = "MS-LISTSWS_Adapter", "MS-LISTSWS\Adapter\MS-LISTSWS_Adapter.csproj", "{0A3F6A45-15DE-4DCC-8EBF-E77867BC6C66}"
EndProject
Project("{FAE04EC0-301F-11D3-BF4B-00C04F79EFBC}") = "MS-LISTSWS_TestSuite", "MS-LISTSWS\TestSuite\MS-LISTSWS_TestSuite.csproj", "{E369E795-30A6-427F-9F9E-F5EEFD9CD9F5}"
EndProject
Project("{2150E333-8FDC-42A3-9474-1A3956D46DE8}") = "MS-VERSS", "MS-VERSS", "{FC3E477F-FFC4-466A-A40C-2576399618DA}"
EndProject
Project("{FAE04EC0-301F-11D3-BF4B-00C04F79EFBC}") = "MS-VERSS_Adapter", "MS-VERSS\Adapter\MS-VERSS_Adapter.csproj", "{4ED0B548-E7E6-477F-BB8A-7B5195A5530A}"
EndProject
Project("{FAE04EC0-301F-11D3-BF4B-00C04F79EFBC}") = "MS-VERSS_TestSuite", "MS-VERSS\TestSuite\MS-VERSS_TestSuite.csproj", "{DBC6EB25-B01B-4B97-92B0-4093C901DC8D}"
EndProject
Project("{2150E333-8FDC-42A3-9474-1A3956D46DE8}") = "MS-DWSS", "MS-DWSS", "{C1258C94-4ABE-4A80-8A03-7A7E8959FC1F}"
EndProject
Project("{FAE04EC0-301F-11D3-BF4B-00C04F79EFBC}") = "MS-DWSS_Adapter", "MS-DWSS\Adapter\MS-DWSS_Adapter.csproj", "{254DF310-5DF8-4078-B81F-F2C40CA0F644}"
EndProject
Project("{FAE04EC0-301F-11D3-BF4B-00C04F79EFBC}") = "MS-DWSS_TestSuite", "MS-DWSS\TestSuite\MS-DWSS_TestSuite.csproj", "{6407E5EA-0906-4CF9-9490-A37221DB2302}"
EndProject
Project("{2150E333-8FDC-42A3-9474-1A3956D46DE8}") = "MS-SITESS", "MS-SITESS", "{59F2A20D-1C98-414E-B603-6E50ED518998}"
EndProject
Project("{FAE04EC0-301F-11D3-BF4B-00C04F79EFBC}") = "MS-SITESS_Adapter", "MS-SITESS\Adapter\MS-SITESS_Adapter.csproj", "{CDBECF5A-76E1-47CC-8584-3BC54DC663B1}"
EndProject
Project("{FAE04EC0-301F-11D3-BF4B-00C04F79EFBC}") = "MS-SITESS_TestSuite", "MS-SITESS\TestSuite\MS-SITESS_TestSuite.csproj", "{F3D93773-356C-44FE-8CD2-CD8749904240}"
EndProject
Project("{2150E333-8FDC-42A3-9474-1A3956D46DE8}") = "MS-ADMINS", "MS-ADMINS", "{4CDA8610-7CC8-4E3A-806E-16E3A5A2D256}"
EndProject
Project("{FAE04EC0-301F-11D3-BF4B-00C04F79EFBC}") = "MS-ADMINS_Adapter", "MS-ADMINS\Adapter\MS-ADMINS_Adapter.csproj", "{9738768C-989A-4ACA-BC26-188EEB8722F4}"
EndProject
Project("{FAE04EC0-301F-11D3-BF4B-00C04F79EFBC}") = "MS-ADMINS_TestSuite", "MS-ADMINS\TestSuite\MS-ADMINS_TestSuite.csproj", "{8222C65A-49E2-45ED-89AA-1BE045C04043}"
EndProject
Project("{2150E333-8FDC-42A3-9474-1A3956D46DE8}") = "MS-MEETS", "MS-MEETS", "{5056DAFB-E430-4D84-90E1-7C1155234EB7}"
EndProject
Project("{FAE04EC0-301F-11D3-BF4B-00C04F79EFBC}") = "MS-MEETS_Adapter", "MS-MEETS\Adapter\MS-MEETS_Adapter.csproj", "{6DE6E678-0AAA-4CF5-99F1-DFA195305632}"
EndProject
Project("{FAE04EC0-301F-11D3-BF4B-00C04F79EFBC}") = "MS-MEETS_TestSuite", "MS-MEETS\TestSuite\MS-MEETS_TestSuite.csproj", "{575832D7-BC24-48F0-910B-D04D86C1B4AD}"
EndProject
Project("{2150E333-8FDC-42A3-9474-1A3956D46DE8}") = "MS-OUTSPS", "MS-OUTSPS", "{143504A8-B8BF-4C3F-8E4E-4C21D79AA0A5}"
EndProject
Project("{FAE04EC0-301F-11D3-BF4B-00C04F79EFBC}") = "MS-OUTSPS_Adapter", "MS-OUTSPS\Adapter\MS-OUTSPS_Adapter.csproj", "{E2727468-EC06-4A57-A995-561EE82142F7}"
EndProject
Project("{FAE04EC0-301F-11D3-BF4B-00C04F79EFBC}") = "MS-OUTSPS_TestSuite", "MS-OUTSPS\TestSuite\MS-OUTSPS_TestSuite.csproj", "{0728AF32-4374-4954-9328-A600733C4F1D}"
EndProject
Project("{2150E333-8FDC-42A3-9474-1A3956D46DE8}") = "MS-WDVMODUU", "MS-WDVMODUU", "{973C9864-3328-4B78-9526-5247120D7710}"
EndProject
Project("{FAE04EC0-301F-11D3-BF4B-00C04F79EFBC}") = "MS-WDVMODUU_Adapter", "MS-WDVMODUU\Adapter\MS-WDVMODUU_Adapter.csproj", "{64B77338-C91D-4432-BE08-2A97290C215F}"
EndProject
Project("{FAE04EC0-301F-11D3-BF4B-00C04F79EFBC}") = "MS-WDVMODUU_TestSuite", "MS-WDVMODUU\TestSuite\MS-WDVMODUU_TestSuite.csproj", "{453D8F54-2161-4EEA-AEDF-11898FC16615}"
EndProject
Project("{2150E333-8FDC-42A3-9474-1A3956D46DE8}") = "MS-WEBSS", "MS-WEBSS", "{EEE22CBF-43AE-40C8-BE32-17B90094E0C8}"
EndProject
Project("{FAE04EC0-301F-11D3-BF4B-00C04F79EFBC}") = "MS-WEBSS_Adapter", "MS-WEBSS\Adapter\MS-WEBSS_Adapter.csproj", "{2BFC11EF-0C26-47F3-BE69-7A41A3AC91CF}"
EndProject
Project("{FAE04EC0-301F-11D3-BF4B-00C04F79EFBC}") = "MS-WEBSS_TestSuite", "MS-WEBSS\TestSuite\MS-WEBSS_TestSuite.csproj", "{1897DC95-2A70-4C54-A8F5-905166B3E4DB}"
EndProject
Project("{FAE04EC0-301F-11D3-BF4B-00C04F79EFBC}") = "MS-WWSP_Adapter", "MS-WWSP\Adapter\MS-WWSP_Adapter.csproj", "{E17035EF-CA85-4862-AA19-ABDE02F4422B}"
EndProject
Project("{2150E333-8FDC-42A3-9474-1A3956D46DE8}") = "MS-WWSP", "MS-WWSP", "{32C6A8BC-CD38-4353-AB33-477CE8E8A999}"
EndProject
Project("{FAE04EC0-301F-11D3-BF4B-00C04F79EFBC}") = "MS-WWSP_TestSuite", "MS-WWSP\TestSuite\MS-WWSP_TestSuite.csproj", "{954644AA-EF80-4F24-AD32-AAAE4D94EF4A}"
EndProject
Project("{2150E333-8FDC-42A3-9474-1A3956D46DE8}") = "MS-WSSREST", "MS-WSSREST", "{50F6208C-C122-44D0-A63E-F7047600DDB4}"
EndProject
Project("{2150E333-8FDC-42A3-9474-1A3956D46DE8}") = "MS-SHDACCWS", "MS-SHDACCWS", "{3737CD62-BED4-4BBC-8473-73599789F40E}"
EndProject
Project("{FAE04EC0-301F-11D3-BF4B-00C04F79EFBC}") = "MS-SHDACCWS_Adapter", "MS-SHDACCWS\Adapter\MS-SHDACCWS_Adapter.csproj", "{57EDAB89-9ABF-4042-AEB2-31CF92C43E9D}"
EndProject
Project("{FAE04EC0-301F-11D3-BF4B-00C04F79EFBC}") = "MS-SHDACCWS_TestSuite", "MS-SHDACCWS\TestSuite\MS-SHDACCWS_TestSuite.csproj", "{6CB61117-736A-45E0-B21E-6C02D2A67A76}"
EndProject
Project("{2150E333-8FDC-42A3-9474-1A3956D46DE8}") = "MS-AUTHWS", "MS-AUTHWS", "{2FA2BC42-5D70-4EEF-A44C-2BF51B2C2BE5}"
EndProject
Project("{2150E333-8FDC-42A3-9474-1A3956D46DE8}") = "MS-OFFICIALFILE", "MS-OFFICIALFILE", "{BCAED5E7-BBB7-4946-B7C2-C350510779E4}"
EndProject
Project("{FAE04EC0-301F-11D3-BF4B-00C04F79EFBC}") = "MS-AUTHWS_Adapter", "MS-AUTHWS\Adapter\MS-AUTHWS_Adapter.csproj", "{89CE4705-FF0A-47CF-93D5-278C38B254BD}"
EndProject
Project("{FAE04EC0-301F-11D3-BF4B-00C04F79EFBC}") = "MS-AUTHWS_TestSuite", "MS-AUTHWS\TestSuite\MS-AUTHWS_TestSuite.csproj", "{54FAB3D4-314D-407A-9702-3955C7BC1B44}"
EndProject
Project("{FAE04EC0-301F-11D3-BF4B-00C04F79EFBC}") = "MS-OFFICIALFILE_Adapter", "MS-OFFICIALFILE\Adapter\MS-OFFICIALFILE_Adapter.csproj", "{4C0576C5-89EF-4B01-BD3E-98F0ACB201D8}"
EndProject
Project("{FAE04EC0-301F-11D3-BF4B-00C04F79EFBC}") = "MS-OFFICIALFILE_TestSuite", "MS-OFFICIALFILE\TestSuite\MS-OFFICIALFILE_TestSuite.csproj", "{B2CFA137-B8FD-48AB-98B1-3C976BED3CD6}"
EndProject
Project("{FAE04EC0-301F-11D3-BF4B-00C04F79EFBC}") = "MS-WSSREST_Adapter", "MS-WSSREST\Adapter\MS-WSSREST_Adapter.csproj", "{8F8F2AD1-47E2-45C7-B1E9-796741B4B6C3}"
EndProject
Project("{FAE04EC0-301F-11D3-BF4B-00C04F79EFBC}") = "MS-WSSREST_TestSuite", "MS-WSSREST\TestSuite\MS-WSSREST_TestSuite.csproj", "{A1B4CBDE-CFF7-46B8-8428-7DB167A9690D}"
EndProject
Project("{2150E333-8FDC-42A3-9474-1A3956D46DE8}") = "MS-CPSWS", "MS-CPSWS", "{65D7C13E-BF30-4440-9FBC-1F26CC5C2728}"
EndProject
Project("{FAE04EC0-301F-11D3-BF4B-00C04F79EFBC}") = "MS-CPSWS_Adapter", "MS-CPSWS\Adapter\MS-CPSWS_Adapter.csproj", "{E79241C4-AB97-421A-8060-06D278595F53}"
EndProject
Project("{FAE04EC0-301F-11D3-BF4B-00C04F79EFBC}") = "MS-CPSWS_TestSuite", "MS-CPSWS\TestSuite\MS-CPSWS_TestSuite.csproj", "{13E5111D-5CAA-495E-B9FB-3DC4154076B4}"
EndProject
Project("{2150E333-8FDC-42A3-9474-1A3956D46DE8}") = "MS-VIEWSS", "MS-VIEWSS", "{9BFCFED1-E9F3-4115-A2D0-83FBC9C522BD}"
EndProject
Project("{FAE04EC0-301F-11D3-BF4B-00C04F79EFBC}") = "MS-VIEWSS_Adapter", "MS-VIEWSS\Adapter\MS-VIEWSS_Adapter.csproj", "{D8D9CA69-0784-4DDE-AD7C-72C68CE3BA1A}"
EndProject
Project("{FAE04EC0-301F-11D3-BF4B-00C04F79EFBC}") = "MS-VIEWSS_TestSuite", "MS-VIEWSS\TestSuite\MS-VIEWSS_TestSuite.csproj", "{B44A8132-5A83-4FEE-9F3B-564382F1BD52}"
EndProject
Project("{2150E333-8FDC-42A3-9474-1A3956D46DE8}") = "MS-COPYS", "MS-COPYS", "{761604F9-7679-412C-BE74-C81CC8BF4B9D}"
EndProject
Project("{FAE04EC0-301F-11D3-BF4B-00C04F79EFBC}") = "MS-COPYS_Adapter", "MS-COPYS\Adapter\MS-COPYS_Adapter.csproj", "{4F49F1A0-EE86-4D3C-9B33-F81B3BF32DB6}"
EndProject
Project("{FAE04EC0-301F-11D3-BF4B-00C04F79EFBC}") = "MS-COPYS_TestSuite", "MS-COPYS\TestSuite\MS-COPYS_TestSuite.csproj", "{24610D81-496C-424A-AAE6-4FB944C36F21}"
EndProject
Global
	GlobalSection(SolutionConfigurationPlatforms) = preSolution
		Debug|amd64 = Debug|amd64
		Debug|Any CPU = Debug|Any CPU
		Debug|Itanium = Debug|Itanium
		Debug|Win32 = Debug|Win32
		Debug|x64 = Debug|x64
		Debug|x86 = Debug|x86
		Release|amd64 = Release|amd64
		Release|Any CPU = Release|Any CPU
		Release|Itanium = Release|Itanium
		Release|Win32 = Release|Win32
		Release|x64 = Release|x64
		Release|x86 = Release|x86
	EndGlobalSection
	GlobalSection(ProjectConfigurationPlatforms) = postSolution
		{584275BB-9E04-457E-88B6-B31D0F428DFC}.Debug|amd64.ActiveCfg = Debug|Any CPU
		{584275BB-9E04-457E-88B6-B31D0F428DFC}.Debug|amd64.Build.0 = Debug|Any CPU
		{584275BB-9E04-457E-88B6-B31D0F428DFC}.Debug|Any CPU.ActiveCfg = Debug|Any CPU
		{584275BB-9E04-457E-88B6-B31D0F428DFC}.Debug|Any CPU.Build.0 = Debug|Any CPU
		{584275BB-9E04-457E-88B6-B31D0F428DFC}.Debug|Itanium.ActiveCfg = Debug|Any CPU
		{584275BB-9E04-457E-88B6-B31D0F428DFC}.Debug|Itanium.Build.0 = Debug|Any CPU
		{584275BB-9E04-457E-88B6-B31D0F428DFC}.Debug|Win32.ActiveCfg = Debug|Any CPU
		{584275BB-9E04-457E-88B6-B31D0F428DFC}.Debug|Win32.Build.0 = Debug|Any CPU
		{584275BB-9E04-457E-88B6-B31D0F428DFC}.Debug|x64.ActiveCfg = Debug|Any CPU
		{584275BB-9E04-457E-88B6-B31D0F428DFC}.Debug|x64.Build.0 = Debug|Any CPU
		{584275BB-9E04-457E-88B6-B31D0F428DFC}.Debug|x86.ActiveCfg = Debug|Any CPU
		{584275BB-9E04-457E-88B6-B31D0F428DFC}.Debug|x86.Build.0 = Debug|Any CPU
		{584275BB-9E04-457E-88B6-B31D0F428DFC}.Release|amd64.ActiveCfg = Release|Any CPU
		{584275BB-9E04-457E-88B6-B31D0F428DFC}.Release|Any CPU.ActiveCfg = Release|Any CPU
		{584275BB-9E04-457E-88B6-B31D0F428DFC}.Release|Any CPU.Build.0 = Release|Any CPU
		{584275BB-9E04-457E-88B6-B31D0F428DFC}.Release|Itanium.ActiveCfg = Release|Any CPU
		{584275BB-9E04-457E-88B6-B31D0F428DFC}.Release|Win32.ActiveCfg = Release|Any CPU
		{584275BB-9E04-457E-88B6-B31D0F428DFC}.Release|Win32.Build.0 = Release|Any CPU
		{584275BB-9E04-457E-88B6-B31D0F428DFC}.Release|x64.ActiveCfg = Release|Any CPU
		{584275BB-9E04-457E-88B6-B31D0F428DFC}.Release|x86.ActiveCfg = Release|Any CPU
		{0A3F6A45-15DE-4DCC-8EBF-E77867BC6C66}.Debug|amd64.ActiveCfg = Debug|Any CPU
		{0A3F6A45-15DE-4DCC-8EBF-E77867BC6C66}.Debug|amd64.Build.0 = Debug|Any CPU
		{0A3F6A45-15DE-4DCC-8EBF-E77867BC6C66}.Debug|Any CPU.ActiveCfg = Debug|Any CPU
		{0A3F6A45-15DE-4DCC-8EBF-E77867BC6C66}.Debug|Any CPU.Build.0 = Debug|Any CPU
		{0A3F6A45-15DE-4DCC-8EBF-E77867BC6C66}.Debug|Itanium.ActiveCfg = Debug|Any CPU
		{0A3F6A45-15DE-4DCC-8EBF-E77867BC6C66}.Debug|Itanium.Build.0 = Debug|Any CPU
		{0A3F6A45-15DE-4DCC-8EBF-E77867BC6C66}.Debug|Win32.ActiveCfg = Debug|Any CPU
		{0A3F6A45-15DE-4DCC-8EBF-E77867BC6C66}.Debug|Win32.Build.0 = Debug|Any CPU
		{0A3F6A45-15DE-4DCC-8EBF-E77867BC6C66}.Debug|x64.ActiveCfg = Debug|Any CPU
		{0A3F6A45-15DE-4DCC-8EBF-E77867BC6C66}.Debug|x64.Build.0 = Debug|Any CPU
		{0A3F6A45-15DE-4DCC-8EBF-E77867BC6C66}.Debug|x86.ActiveCfg = Debug|Any CPU
		{0A3F6A45-15DE-4DCC-8EBF-E77867BC6C66}.Debug|x86.Build.0 = Debug|Any CPU
		{0A3F6A45-15DE-4DCC-8EBF-E77867BC6C66}.Release|amd64.ActiveCfg = Release|Any CPU
		{0A3F6A45-15DE-4DCC-8EBF-E77867BC6C66}.Release|Any CPU.ActiveCfg = Release|Any CPU
		{0A3F6A45-15DE-4DCC-8EBF-E77867BC6C66}.Release|Any CPU.Build.0 = Release|Any CPU
		{0A3F6A45-15DE-4DCC-8EBF-E77867BC6C66}.Release|Itanium.ActiveCfg = Release|Any CPU
		{0A3F6A45-15DE-4DCC-8EBF-E77867BC6C66}.Release|Win32.ActiveCfg = Release|Any CPU
		{0A3F6A45-15DE-4DCC-8EBF-E77867BC6C66}.Release|Win32.Build.0 = Release|Any CPU
		{0A3F6A45-15DE-4DCC-8EBF-E77867BC6C66}.Release|x64.ActiveCfg = Release|Any CPU
		{0A3F6A45-15DE-4DCC-8EBF-E77867BC6C66}.Release|x86.ActiveCfg = Release|Any CPU
		{E369E795-30A6-427F-9F9E-F5EEFD9CD9F5}.Debug|amd64.ActiveCfg = Debug|Any CPU
		{E369E795-30A6-427F-9F9E-F5EEFD9CD9F5}.Debug|amd64.Build.0 = Debug|Any CPU
		{E369E795-30A6-427F-9F9E-F5EEFD9CD9F5}.Debug|Any CPU.ActiveCfg = Debug|Any CPU
		{E369E795-30A6-427F-9F9E-F5EEFD9CD9F5}.Debug|Any CPU.Build.0 = Debug|Any CPU
		{E369E795-30A6-427F-9F9E-F5EEFD9CD9F5}.Debug|Itanium.ActiveCfg = Debug|Any CPU
		{E369E795-30A6-427F-9F9E-F5EEFD9CD9F5}.Debug|Itanium.Build.0 = Debug|Any CPU
		{E369E795-30A6-427F-9F9E-F5EEFD9CD9F5}.Debug|Win32.ActiveCfg = Debug|Any CPU
		{E369E795-30A6-427F-9F9E-F5EEFD9CD9F5}.Debug|Win32.Build.0 = Debug|Any CPU
		{E369E795-30A6-427F-9F9E-F5EEFD9CD9F5}.Debug|x64.ActiveCfg = Debug|Any CPU
		{E369E795-30A6-427F-9F9E-F5EEFD9CD9F5}.Debug|x64.Build.0 = Debug|Any CPU
		{E369E795-30A6-427F-9F9E-F5EEFD9CD9F5}.Debug|x86.ActiveCfg = Debug|Any CPU
		{E369E795-30A6-427F-9F9E-F5EEFD9CD9F5}.Debug|x86.Build.0 = Debug|Any CPU
		{E369E795-30A6-427F-9F9E-F5EEFD9CD9F5}.Release|amd64.ActiveCfg = Release|Any CPU
		{E369E795-30A6-427F-9F9E-F5EEFD9CD9F5}.Release|Any CPU.ActiveCfg = Release|Any CPU
		{E369E795-30A6-427F-9F9E-F5EEFD9CD9F5}.Release|Any CPU.Build.0 = Release|Any CPU
		{E369E795-30A6-427F-9F9E-F5EEFD9CD9F5}.Release|Itanium.ActiveCfg = Release|Any CPU
		{E369E795-30A6-427F-9F9E-F5EEFD9CD9F5}.Release|Win32.ActiveCfg = Release|Any CPU
		{E369E795-30A6-427F-9F9E-F5EEFD9CD9F5}.Release|Win32.Build.0 = Release|Any CPU
		{E369E795-30A6-427F-9F9E-F5EEFD9CD9F5}.Release|x64.ActiveCfg = Release|Any CPU
		{E369E795-30A6-427F-9F9E-F5EEFD9CD9F5}.Release|x86.ActiveCfg = Release|Any CPU
		{4ED0B548-E7E6-477F-BB8A-7B5195A5530A}.Debug|amd64.ActiveCfg = Debug|Any CPU
		{4ED0B548-E7E6-477F-BB8A-7B5195A5530A}.Debug|amd64.Build.0 = Debug|Any CPU
		{4ED0B548-E7E6-477F-BB8A-7B5195A5530A}.Debug|Any CPU.ActiveCfg = Debug|Any CPU
		{4ED0B548-E7E6-477F-BB8A-7B5195A5530A}.Debug|Any CPU.Build.0 = Debug|Any CPU
		{4ED0B548-E7E6-477F-BB8A-7B5195A5530A}.Debug|Itanium.ActiveCfg = Debug|Any CPU
		{4ED0B548-E7E6-477F-BB8A-7B5195A5530A}.Debug|Itanium.Build.0 = Debug|Any CPU
		{4ED0B548-E7E6-477F-BB8A-7B5195A5530A}.Debug|Win32.ActiveCfg = Debug|Any CPU
		{4ED0B548-E7E6-477F-BB8A-7B5195A5530A}.Debug|Win32.Build.0 = Debug|Any CPU
		{4ED0B548-E7E6-477F-BB8A-7B5195A5530A}.Debug|x64.ActiveCfg = Debug|Any CPU
		{4ED0B548-E7E6-477F-BB8A-7B5195A5530A}.Debug|x64.Build.0 = Debug|Any CPU
		{4ED0B548-E7E6-477F-BB8A-7B5195A5530A}.Debug|x86.ActiveCfg = Debug|Any CPU
		{4ED0B548-E7E6-477F-BB8A-7B5195A5530A}.Debug|x86.Build.0 = Debug|Any CPU
		{4ED0B548-E7E6-477F-BB8A-7B5195A5530A}.Release|amd64.ActiveCfg = Release|Any CPU
		{4ED0B548-E7E6-477F-BB8A-7B5195A5530A}.Release|Any CPU.ActiveCfg = Release|Any CPU
		{4ED0B548-E7E6-477F-BB8A-7B5195A5530A}.Release|Any CPU.Build.0 = Release|Any CPU
		{4ED0B548-E7E6-477F-BB8A-7B5195A5530A}.Release|Itanium.ActiveCfg = Release|Any CPU
		{4ED0B548-E7E6-477F-BB8A-7B5195A5530A}.Release|Win32.ActiveCfg = Release|Any CPU
		{4ED0B548-E7E6-477F-BB8A-7B5195A5530A}.Release|Win32.Build.0 = Release|Any CPU
		{4ED0B548-E7E6-477F-BB8A-7B5195A5530A}.Release|x64.ActiveCfg = Release|Any CPU
		{4ED0B548-E7E6-477F-BB8A-7B5195A5530A}.Release|x86.ActiveCfg = Release|Any CPU
		{DBC6EB25-B01B-4B97-92B0-4093C901DC8D}.Debug|amd64.ActiveCfg = Debug|Any CPU
		{DBC6EB25-B01B-4B97-92B0-4093C901DC8D}.Debug|amd64.Build.0 = Debug|Any CPU
		{DBC6EB25-B01B-4B97-92B0-4093C901DC8D}.Debug|Any CPU.ActiveCfg = Debug|Any CPU
		{DBC6EB25-B01B-4B97-92B0-4093C901DC8D}.Debug|Any CPU.Build.0 = Debug|Any CPU
		{DBC6EB25-B01B-4B97-92B0-4093C901DC8D}.Debug|Itanium.ActiveCfg = Debug|Any CPU
		{DBC6EB25-B01B-4B97-92B0-4093C901DC8D}.Debug|Itanium.Build.0 = Debug|Any CPU
		{DBC6EB25-B01B-4B97-92B0-4093C901DC8D}.Debug|Win32.ActiveCfg = Debug|Any CPU
		{DBC6EB25-B01B-4B97-92B0-4093C901DC8D}.Debug|Win32.Build.0 = Debug|Any CPU
		{DBC6EB25-B01B-4B97-92B0-4093C901DC8D}.Debug|x64.ActiveCfg = Debug|Any CPU
		{DBC6EB25-B01B-4B97-92B0-4093C901DC8D}.Debug|x64.Build.0 = Debug|Any CPU
		{DBC6EB25-B01B-4B97-92B0-4093C901DC8D}.Debug|x86.ActiveCfg = Debug|Any CPU
		{DBC6EB25-B01B-4B97-92B0-4093C901DC8D}.Debug|x86.Build.0 = Debug|Any CPU
		{DBC6EB25-B01B-4B97-92B0-4093C901DC8D}.Release|amd64.ActiveCfg = Release|Any CPU
		{DBC6EB25-B01B-4B97-92B0-4093C901DC8D}.Release|Any CPU.ActiveCfg = Release|Any CPU
		{DBC6EB25-B01B-4B97-92B0-4093C901DC8D}.Release|Any CPU.Build.0 = Release|Any CPU
		{DBC6EB25-B01B-4B97-92B0-4093C901DC8D}.Release|Itanium.ActiveCfg = Release|Any CPU
		{DBC6EB25-B01B-4B97-92B0-4093C901DC8D}.Release|Win32.ActiveCfg = Release|Any CPU
		{DBC6EB25-B01B-4B97-92B0-4093C901DC8D}.Release|Win32.Build.0 = Release|Any CPU
		{DBC6EB25-B01B-4B97-92B0-4093C901DC8D}.Release|x64.ActiveCfg = Release|Any CPU
		{DBC6EB25-B01B-4B97-92B0-4093C901DC8D}.Release|x86.ActiveCfg = Release|Any CPU
		{254DF310-5DF8-4078-B81F-F2C40CA0F644}.Debug|amd64.ActiveCfg = Debug|Any CPU
		{254DF310-5DF8-4078-B81F-F2C40CA0F644}.Debug|amd64.Build.0 = Debug|Any CPU
		{254DF310-5DF8-4078-B81F-F2C40CA0F644}.Debug|Any CPU.ActiveCfg = Debug|Any CPU
		{254DF310-5DF8-4078-B81F-F2C40CA0F644}.Debug|Any CPU.Build.0 = Debug|Any CPU
		{254DF310-5DF8-4078-B81F-F2C40CA0F644}.Debug|Itanium.ActiveCfg = Debug|Any CPU
		{254DF310-5DF8-4078-B81F-F2C40CA0F644}.Debug|Itanium.Build.0 = Debug|Any CPU
		{254DF310-5DF8-4078-B81F-F2C40CA0F644}.Debug|Win32.ActiveCfg = Debug|Any CPU
		{254DF310-5DF8-4078-B81F-F2C40CA0F644}.Debug|Win32.Build.0 = Debug|Any CPU
		{254DF310-5DF8-4078-B81F-F2C40CA0F644}.Debug|x64.ActiveCfg = Debug|Any CPU
		{254DF310-5DF8-4078-B81F-F2C40CA0F644}.Debug|x64.Build.0 = Debug|Any CPU
		{254DF310-5DF8-4078-B81F-F2C40CA0F644}.Debug|x86.ActiveCfg = Debug|Any CPU
		{254DF310-5DF8-4078-B81F-F2C40CA0F644}.Debug|x86.Build.0 = Debug|Any CPU
		{254DF310-5DF8-4078-B81F-F2C40CA0F644}.Release|amd64.ActiveCfg = Release|Any CPU
		{254DF310-5DF8-4078-B81F-F2C40CA0F644}.Release|Any CPU.ActiveCfg = Release|Any CPU
		{254DF310-5DF8-4078-B81F-F2C40CA0F644}.Release|Any CPU.Build.0 = Release|Any CPU
		{254DF310-5DF8-4078-B81F-F2C40CA0F644}.Release|Itanium.ActiveCfg = Release|Any CPU
		{254DF310-5DF8-4078-B81F-F2C40CA0F644}.Release|Win32.ActiveCfg = Release|Any CPU
		{254DF310-5DF8-4078-B81F-F2C40CA0F644}.Release|Win32.Build.0 = Release|Any CPU
		{254DF310-5DF8-4078-B81F-F2C40CA0F644}.Release|x64.ActiveCfg = Release|Any CPU
		{254DF310-5DF8-4078-B81F-F2C40CA0F644}.Release|x86.ActiveCfg = Release|Any CPU
		{6407E5EA-0906-4CF9-9490-A37221DB2302}.Debug|amd64.ActiveCfg = Debug|Any CPU
		{6407E5EA-0906-4CF9-9490-A37221DB2302}.Debug|amd64.Build.0 = Debug|Any CPU
		{6407E5EA-0906-4CF9-9490-A37221DB2302}.Debug|Any CPU.ActiveCfg = Debug|Any CPU
		{6407E5EA-0906-4CF9-9490-A37221DB2302}.Debug|Any CPU.Build.0 = Debug|Any CPU
		{6407E5EA-0906-4CF9-9490-A37221DB2302}.Debug|Itanium.ActiveCfg = Debug|Any CPU
		{6407E5EA-0906-4CF9-9490-A37221DB2302}.Debug|Itanium.Build.0 = Debug|Any CPU
		{6407E5EA-0906-4CF9-9490-A37221DB2302}.Debug|Win32.ActiveCfg = Debug|Any CPU
		{6407E5EA-0906-4CF9-9490-A37221DB2302}.Debug|Win32.Build.0 = Debug|Any CPU
		{6407E5EA-0906-4CF9-9490-A37221DB2302}.Debug|x64.ActiveCfg = Debug|Any CPU
		{6407E5EA-0906-4CF9-9490-A37221DB2302}.Debug|x64.Build.0 = Debug|Any CPU
		{6407E5EA-0906-4CF9-9490-A37221DB2302}.Debug|x86.ActiveCfg = Debug|Any CPU
		{6407E5EA-0906-4CF9-9490-A37221DB2302}.Debug|x86.Build.0 = Debug|Any CPU
		{6407E5EA-0906-4CF9-9490-A37221DB2302}.Release|amd64.ActiveCfg = Release|Any CPU
		{6407E5EA-0906-4CF9-9490-A37221DB2302}.Release|Any CPU.ActiveCfg = Release|Any CPU
		{6407E5EA-0906-4CF9-9490-A37221DB2302}.Release|Any CPU.Build.0 = Release|Any CPU
		{6407E5EA-0906-4CF9-9490-A37221DB2302}.Release|Itanium.ActiveCfg = Release|Any CPU
		{6407E5EA-0906-4CF9-9490-A37221DB2302}.Release|Win32.ActiveCfg = Release|Any CPU
		{6407E5EA-0906-4CF9-9490-A37221DB2302}.Release|Win32.Build.0 = Release|Any CPU
		{6407E5EA-0906-4CF9-9490-A37221DB2302}.Release|x64.ActiveCfg = Release|Any CPU
		{6407E5EA-0906-4CF9-9490-A37221DB2302}.Release|x86.ActiveCfg = Release|Any CPU
		{CDBECF5A-76E1-47CC-8584-3BC54DC663B1}.Debug|amd64.ActiveCfg = Debug|Any CPU
		{CDBECF5A-76E1-47CC-8584-3BC54DC663B1}.Debug|amd64.Build.0 = Debug|Any CPU
		{CDBECF5A-76E1-47CC-8584-3BC54DC663B1}.Debug|Any CPU.ActiveCfg = Debug|Any CPU
		{CDBECF5A-76E1-47CC-8584-3BC54DC663B1}.Debug|Any CPU.Build.0 = Debug|Any CPU
		{CDBECF5A-76E1-47CC-8584-3BC54DC663B1}.Debug|Itanium.ActiveCfg = Debug|Any CPU
		{CDBECF5A-76E1-47CC-8584-3BC54DC663B1}.Debug|Itanium.Build.0 = Debug|Any CPU
		{CDBECF5A-76E1-47CC-8584-3BC54DC663B1}.Debug|Win32.ActiveCfg = Debug|Any CPU
		{CDBECF5A-76E1-47CC-8584-3BC54DC663B1}.Debug|Win32.Build.0 = Debug|Any CPU
		{CDBECF5A-76E1-47CC-8584-3BC54DC663B1}.Debug|x64.ActiveCfg = Debug|Any CPU
		{CDBECF5A-76E1-47CC-8584-3BC54DC663B1}.Debug|x64.Build.0 = Debug|Any CPU
		{CDBECF5A-76E1-47CC-8584-3BC54DC663B1}.Debug|x86.ActiveCfg = Debug|Any CPU
		{CDBECF5A-76E1-47CC-8584-3BC54DC663B1}.Debug|x86.Build.0 = Debug|Any CPU
		{CDBECF5A-76E1-47CC-8584-3BC54DC663B1}.Release|amd64.ActiveCfg = Release|Any CPU
		{CDBECF5A-76E1-47CC-8584-3BC54DC663B1}.Release|Any CPU.ActiveCfg = Release|Any CPU
		{CDBECF5A-76E1-47CC-8584-3BC54DC663B1}.Release|Any CPU.Build.0 = Release|Any CPU
		{CDBECF5A-76E1-47CC-8584-3BC54DC663B1}.Release|Itanium.ActiveCfg = Release|Any CPU
		{CDBECF5A-76E1-47CC-8584-3BC54DC663B1}.Release|Win32.ActiveCfg = Release|Any CPU
		{CDBECF5A-76E1-47CC-8584-3BC54DC663B1}.Release|Win32.Build.0 = Release|Any CPU
		{CDBECF5A-76E1-47CC-8584-3BC54DC663B1}.Release|x64.ActiveCfg = Release|Any CPU
		{CDBECF5A-76E1-47CC-8584-3BC54DC663B1}.Release|x86.ActiveCfg = Release|Any CPU
		{F3D93773-356C-44FE-8CD2-CD8749904240}.Debug|amd64.ActiveCfg = Debug|Any CPU
		{F3D93773-356C-44FE-8CD2-CD8749904240}.Debug|amd64.Build.0 = Debug|Any CPU
		{F3D93773-356C-44FE-8CD2-CD8749904240}.Debug|Any CPU.ActiveCfg = Debug|Any CPU
		{F3D93773-356C-44FE-8CD2-CD8749904240}.Debug|Any CPU.Build.0 = Debug|Any CPU
		{F3D93773-356C-44FE-8CD2-CD8749904240}.Debug|Itanium.ActiveCfg = Debug|Any CPU
		{F3D93773-356C-44FE-8CD2-CD8749904240}.Debug|Itanium.Build.0 = Debug|Any CPU
		{F3D93773-356C-44FE-8CD2-CD8749904240}.Debug|Win32.ActiveCfg = Debug|Any CPU
		{F3D93773-356C-44FE-8CD2-CD8749904240}.Debug|Win32.Build.0 = Debug|Any CPU
		{F3D93773-356C-44FE-8CD2-CD8749904240}.Debug|x64.ActiveCfg = Debug|Any CPU
		{F3D93773-356C-44FE-8CD2-CD8749904240}.Debug|x64.Build.0 = Debug|Any CPU
		{F3D93773-356C-44FE-8CD2-CD8749904240}.Debug|x86.ActiveCfg = Debug|Any CPU
		{F3D93773-356C-44FE-8CD2-CD8749904240}.Debug|x86.Build.0 = Debug|Any CPU
		{F3D93773-356C-44FE-8CD2-CD8749904240}.Release|amd64.ActiveCfg = Release|Any CPU
		{F3D93773-356C-44FE-8CD2-CD8749904240}.Release|Any CPU.ActiveCfg = Release|Any CPU
		{F3D93773-356C-44FE-8CD2-CD8749904240}.Release|Any CPU.Build.0 = Release|Any CPU
		{F3D93773-356C-44FE-8CD2-CD8749904240}.Release|Itanium.ActiveCfg = Release|Any CPU
		{F3D93773-356C-44FE-8CD2-CD8749904240}.Release|Win32.ActiveCfg = Release|Any CPU
		{F3D93773-356C-44FE-8CD2-CD8749904240}.Release|Win32.Build.0 = Release|Any CPU
		{F3D93773-356C-44FE-8CD2-CD8749904240}.Release|x64.ActiveCfg = Release|Any CPU
		{F3D93773-356C-44FE-8CD2-CD8749904240}.Release|x86.ActiveCfg = Release|Any CPU
		{9738768C-989A-4ACA-BC26-188EEB8722F4}.Debug|amd64.ActiveCfg = Debug|Any CPU
		{9738768C-989A-4ACA-BC26-188EEB8722F4}.Debug|amd64.Build.0 = Debug|Any CPU
		{9738768C-989A-4ACA-BC26-188EEB8722F4}.Debug|Any CPU.ActiveCfg = Debug|Any CPU
		{9738768C-989A-4ACA-BC26-188EEB8722F4}.Debug|Any CPU.Build.0 = Debug|Any CPU
		{9738768C-989A-4ACA-BC26-188EEB8722F4}.Debug|Itanium.ActiveCfg = Debug|Any CPU
		{9738768C-989A-4ACA-BC26-188EEB8722F4}.Debug|Itanium.Build.0 = Debug|Any CPU
		{9738768C-989A-4ACA-BC26-188EEB8722F4}.Debug|Win32.ActiveCfg = Debug|Any CPU
		{9738768C-989A-4ACA-BC26-188EEB8722F4}.Debug|Win32.Build.0 = Debug|Any CPU
		{9738768C-989A-4ACA-BC26-188EEB8722F4}.Debug|x64.ActiveCfg = Debug|Any CPU
		{9738768C-989A-4ACA-BC26-188EEB8722F4}.Debug|x64.Build.0 = Debug|Any CPU
		{9738768C-989A-4ACA-BC26-188EEB8722F4}.Debug|x86.ActiveCfg = Debug|Any CPU
		{9738768C-989A-4ACA-BC26-188EEB8722F4}.Debug|x86.Build.0 = Debug|Any CPU
		{9738768C-989A-4ACA-BC26-188EEB8722F4}.Release|amd64.ActiveCfg = Release|Any CPU
		{9738768C-989A-4ACA-BC26-188EEB8722F4}.Release|Any CPU.ActiveCfg = Release|Any CPU
		{9738768C-989A-4ACA-BC26-188EEB8722F4}.Release|Any CPU.Build.0 = Release|Any CPU
		{9738768C-989A-4ACA-BC26-188EEB8722F4}.Release|Itanium.ActiveCfg = Release|Any CPU
		{9738768C-989A-4ACA-BC26-188EEB8722F4}.Release|Win32.ActiveCfg = Release|Any CPU
		{9738768C-989A-4ACA-BC26-188EEB8722F4}.Release|Win32.Build.0 = Release|Any CPU
		{9738768C-989A-4ACA-BC26-188EEB8722F4}.Release|x64.ActiveCfg = Release|Any CPU
		{9738768C-989A-4ACA-BC26-188EEB8722F4}.Release|x86.ActiveCfg = Release|Any CPU
		{8222C65A-49E2-45ED-89AA-1BE045C04043}.Debug|amd64.ActiveCfg = Debug|Any CPU
		{8222C65A-49E2-45ED-89AA-1BE045C04043}.Debug|amd64.Build.0 = Debug|Any CPU
		{8222C65A-49E2-45ED-89AA-1BE045C04043}.Debug|Any CPU.ActiveCfg = Debug|Any CPU
		{8222C65A-49E2-45ED-89AA-1BE045C04043}.Debug|Any CPU.Build.0 = Debug|Any CPU
		{8222C65A-49E2-45ED-89AA-1BE045C04043}.Debug|Itanium.ActiveCfg = Debug|Any CPU
		{8222C65A-49E2-45ED-89AA-1BE045C04043}.Debug|Itanium.Build.0 = Debug|Any CPU
		{8222C65A-49E2-45ED-89AA-1BE045C04043}.Debug|Win32.ActiveCfg = Debug|Any CPU
		{8222C65A-49E2-45ED-89AA-1BE045C04043}.Debug|Win32.Build.0 = Debug|Any CPU
		{8222C65A-49E2-45ED-89AA-1BE045C04043}.Debug|x64.ActiveCfg = Debug|Any CPU
		{8222C65A-49E2-45ED-89AA-1BE045C04043}.Debug|x64.Build.0 = Debug|Any CPU
		{8222C65A-49E2-45ED-89AA-1BE045C04043}.Debug|x86.ActiveCfg = Debug|Any CPU
		{8222C65A-49E2-45ED-89AA-1BE045C04043}.Debug|x86.Build.0 = Debug|Any CPU
		{8222C65A-49E2-45ED-89AA-1BE045C04043}.Release|amd64.ActiveCfg = Release|Any CPU
		{8222C65A-49E2-45ED-89AA-1BE045C04043}.Release|Any CPU.ActiveCfg = Release|Any CPU
		{8222C65A-49E2-45ED-89AA-1BE045C04043}.Release|Any CPU.Build.0 = Release|Any CPU
		{8222C65A-49E2-45ED-89AA-1BE045C04043}.Release|Itanium.ActiveCfg = Release|Any CPU
		{8222C65A-49E2-45ED-89AA-1BE045C04043}.Release|Win32.ActiveCfg = Release|Any CPU
		{8222C65A-49E2-45ED-89AA-1BE045C04043}.Release|Win32.Build.0 = Release|Any CPU
		{8222C65A-49E2-45ED-89AA-1BE045C04043}.Release|x64.ActiveCfg = Release|Any CPU
		{8222C65A-49E2-45ED-89AA-1BE045C04043}.Release|x86.ActiveCfg = Release|Any CPU
		{6DE6E678-0AAA-4CF5-99F1-DFA195305632}.Debug|amd64.ActiveCfg = Debug|Any CPU
		{6DE6E678-0AAA-4CF5-99F1-DFA195305632}.Debug|amd64.Build.0 = Debug|Any CPU
		{6DE6E678-0AAA-4CF5-99F1-DFA195305632}.Debug|Any CPU.ActiveCfg = Debug|Any CPU
		{6DE6E678-0AAA-4CF5-99F1-DFA195305632}.Debug|Any CPU.Build.0 = Debug|Any CPU
		{6DE6E678-0AAA-4CF5-99F1-DFA195305632}.Debug|Itanium.ActiveCfg = Debug|Any CPU
		{6DE6E678-0AAA-4CF5-99F1-DFA195305632}.Debug|Itanium.Build.0 = Debug|Any CPU
		{6DE6E678-0AAA-4CF5-99F1-DFA195305632}.Debug|Win32.ActiveCfg = Debug|Any CPU
		{6DE6E678-0AAA-4CF5-99F1-DFA195305632}.Debug|Win32.Build.0 = Debug|Any CPU
		{6DE6E678-0AAA-4CF5-99F1-DFA195305632}.Debug|x64.ActiveCfg = Debug|Any CPU
		{6DE6E678-0AAA-4CF5-99F1-DFA195305632}.Debug|x64.Build.0 = Debug|Any CPU
		{6DE6E678-0AAA-4CF5-99F1-DFA195305632}.Debug|x86.ActiveCfg = Debug|Any CPU
		{6DE6E678-0AAA-4CF5-99F1-DFA195305632}.Debug|x86.Build.0 = Debug|Any CPU
		{6DE6E678-0AAA-4CF5-99F1-DFA195305632}.Release|amd64.ActiveCfg = Release|Any CPU
		{6DE6E678-0AAA-4CF5-99F1-DFA195305632}.Release|Any CPU.ActiveCfg = Release|Any CPU
		{6DE6E678-0AAA-4CF5-99F1-DFA195305632}.Release|Any CPU.Build.0 = Release|Any CPU
		{6DE6E678-0AAA-4CF5-99F1-DFA195305632}.Release|Itanium.ActiveCfg = Release|Any CPU
		{6DE6E678-0AAA-4CF5-99F1-DFA195305632}.Release|Win32.ActiveCfg = Release|Any CPU
		{6DE6E678-0AAA-4CF5-99F1-DFA195305632}.Release|Win32.Build.0 = Release|Any CPU
		{6DE6E678-0AAA-4CF5-99F1-DFA195305632}.Release|x64.ActiveCfg = Release|Any CPU
		{6DE6E678-0AAA-4CF5-99F1-DFA195305632}.Release|x86.ActiveCfg = Release|Any CPU
		{575832D7-BC24-48F0-910B-D04D86C1B4AD}.Debug|amd64.ActiveCfg = Debug|Any CPU
		{575832D7-BC24-48F0-910B-D04D86C1B4AD}.Debug|amd64.Build.0 = Debug|Any CPU
		{575832D7-BC24-48F0-910B-D04D86C1B4AD}.Debug|Any CPU.ActiveCfg = Debug|Any CPU
		{575832D7-BC24-48F0-910B-D04D86C1B4AD}.Debug|Any CPU.Build.0 = Debug|Any CPU
		{575832D7-BC24-48F0-910B-D04D86C1B4AD}.Debug|Itanium.ActiveCfg = Debug|Any CPU
		{575832D7-BC24-48F0-910B-D04D86C1B4AD}.Debug|Itanium.Build.0 = Debug|Any CPU
		{575832D7-BC24-48F0-910B-D04D86C1B4AD}.Debug|Win32.ActiveCfg = Debug|Any CPU
		{575832D7-BC24-48F0-910B-D04D86C1B4AD}.Debug|Win32.Build.0 = Debug|Any CPU
		{575832D7-BC24-48F0-910B-D04D86C1B4AD}.Debug|x64.ActiveCfg = Debug|Any CPU
		{575832D7-BC24-48F0-910B-D04D86C1B4AD}.Debug|x64.Build.0 = Debug|Any CPU
		{575832D7-BC24-48F0-910B-D04D86C1B4AD}.Debug|x86.ActiveCfg = Debug|Any CPU
		{575832D7-BC24-48F0-910B-D04D86C1B4AD}.Debug|x86.Build.0 = Debug|Any CPU
		{575832D7-BC24-48F0-910B-D04D86C1B4AD}.Release|amd64.ActiveCfg = Release|Any CPU
		{575832D7-BC24-48F0-910B-D04D86C1B4AD}.Release|Any CPU.ActiveCfg = Release|Any CPU
		{575832D7-BC24-48F0-910B-D04D86C1B4AD}.Release|Any CPU.Build.0 = Release|Any CPU
		{575832D7-BC24-48F0-910B-D04D86C1B4AD}.Release|Itanium.ActiveCfg = Release|Any CPU
		{575832D7-BC24-48F0-910B-D04D86C1B4AD}.Release|Win32.ActiveCfg = Release|Any CPU
		{575832D7-BC24-48F0-910B-D04D86C1B4AD}.Release|Win32.Build.0 = Release|Any CPU
		{575832D7-BC24-48F0-910B-D04D86C1B4AD}.Release|x64.ActiveCfg = Release|Any CPU
		{575832D7-BC24-48F0-910B-D04D86C1B4AD}.Release|x86.ActiveCfg = Release|Any CPU
		{E2727468-EC06-4A57-A995-561EE82142F7}.Debug|amd64.ActiveCfg = Debug|Any CPU
		{E2727468-EC06-4A57-A995-561EE82142F7}.Debug|amd64.Build.0 = Debug|Any CPU
		{E2727468-EC06-4A57-A995-561EE82142F7}.Debug|Any CPU.ActiveCfg = Debug|Any CPU
		{E2727468-EC06-4A57-A995-561EE82142F7}.Debug|Any CPU.Build.0 = Debug|Any CPU
		{E2727468-EC06-4A57-A995-561EE82142F7}.Debug|Itanium.ActiveCfg = Debug|Any CPU
		{E2727468-EC06-4A57-A995-561EE82142F7}.Debug|Itanium.Build.0 = Debug|Any CPU
		{E2727468-EC06-4A57-A995-561EE82142F7}.Debug|Win32.ActiveCfg = Debug|Any CPU
		{E2727468-EC06-4A57-A995-561EE82142F7}.Debug|Win32.Build.0 = Debug|Any CPU
		{E2727468-EC06-4A57-A995-561EE82142F7}.Debug|x64.ActiveCfg = Debug|Any CPU
		{E2727468-EC06-4A57-A995-561EE82142F7}.Debug|x64.Build.0 = Debug|Any CPU
		{E2727468-EC06-4A57-A995-561EE82142F7}.Debug|x86.ActiveCfg = Debug|Any CPU
		{E2727468-EC06-4A57-A995-561EE82142F7}.Debug|x86.Build.0 = Debug|Any CPU
		{E2727468-EC06-4A57-A995-561EE82142F7}.Release|amd64.ActiveCfg = Release|Any CPU
		{E2727468-EC06-4A57-A995-561EE82142F7}.Release|Any CPU.ActiveCfg = Release|Any CPU
		{E2727468-EC06-4A57-A995-561EE82142F7}.Release|Any CPU.Build.0 = Release|Any CPU
		{E2727468-EC06-4A57-A995-561EE82142F7}.Release|Itanium.ActiveCfg = Release|Any CPU
		{E2727468-EC06-4A57-A995-561EE82142F7}.Release|Win32.ActiveCfg = Release|Any CPU
		{E2727468-EC06-4A57-A995-561EE82142F7}.Release|Win32.Build.0 = Release|Any CPU
		{E2727468-EC06-4A57-A995-561EE82142F7}.Release|x64.ActiveCfg = Release|Any CPU
		{E2727468-EC06-4A57-A995-561EE82142F7}.Release|x86.ActiveCfg = Release|Any CPU
		{0728AF32-4374-4954-9328-A600733C4F1D}.Debug|amd64.ActiveCfg = Debug|Any CPU
		{0728AF32-4374-4954-9328-A600733C4F1D}.Debug|amd64.Build.0 = Debug|Any CPU
		{0728AF32-4374-4954-9328-A600733C4F1D}.Debug|Any CPU.ActiveCfg = Debug|Any CPU
		{0728AF32-4374-4954-9328-A600733C4F1D}.Debug|Any CPU.Build.0 = Debug|Any CPU
		{0728AF32-4374-4954-9328-A600733C4F1D}.Debug|Itanium.ActiveCfg = Debug|Any CPU
		{0728AF32-4374-4954-9328-A600733C4F1D}.Debug|Itanium.Build.0 = Debug|Any CPU
		{0728AF32-4374-4954-9328-A600733C4F1D}.Debug|Win32.ActiveCfg = Debug|Any CPU
		{0728AF32-4374-4954-9328-A600733C4F1D}.Debug|Win32.Build.0 = Debug|Any CPU
		{0728AF32-4374-4954-9328-A600733C4F1D}.Debug|x64.ActiveCfg = Debug|Any CPU
		{0728AF32-4374-4954-9328-A600733C4F1D}.Debug|x64.Build.0 = Debug|Any CPU
		{0728AF32-4374-4954-9328-A600733C4F1D}.Debug|x86.ActiveCfg = Debug|Any CPU
		{0728AF32-4374-4954-9328-A600733C4F1D}.Debug|x86.Build.0 = Debug|Any CPU
		{0728AF32-4374-4954-9328-A600733C4F1D}.Release|amd64.ActiveCfg = Release|Any CPU
		{0728AF32-4374-4954-9328-A600733C4F1D}.Release|Any CPU.ActiveCfg = Release|Any CPU
		{0728AF32-4374-4954-9328-A600733C4F1D}.Release|Any CPU.Build.0 = Release|Any CPU
		{0728AF32-4374-4954-9328-A600733C4F1D}.Release|Itanium.ActiveCfg = Release|Any CPU
		{0728AF32-4374-4954-9328-A600733C4F1D}.Release|Win32.ActiveCfg = Release|Any CPU
		{0728AF32-4374-4954-9328-A600733C4F1D}.Release|Win32.Build.0 = Release|Any CPU
		{0728AF32-4374-4954-9328-A600733C4F1D}.Release|x64.ActiveCfg = Release|Any CPU
		{0728AF32-4374-4954-9328-A600733C4F1D}.Release|x86.ActiveCfg = Release|Any CPU
		{64B77338-C91D-4432-BE08-2A97290C215F}.Debug|amd64.ActiveCfg = Debug|Any CPU
		{64B77338-C91D-4432-BE08-2A97290C215F}.Debug|amd64.Build.0 = Debug|Any CPU
		{64B77338-C91D-4432-BE08-2A97290C215F}.Debug|Any CPU.ActiveCfg = Debug|Any CPU
		{64B77338-C91D-4432-BE08-2A97290C215F}.Debug|Any CPU.Build.0 = Debug|Any CPU
		{64B77338-C91D-4432-BE08-2A97290C215F}.Debug|Itanium.ActiveCfg = Debug|Any CPU
		{64B77338-C91D-4432-BE08-2A97290C215F}.Debug|Itanium.Build.0 = Debug|Any CPU
		{64B77338-C91D-4432-BE08-2A97290C215F}.Debug|Win32.ActiveCfg = Debug|Any CPU
		{64B77338-C91D-4432-BE08-2A97290C215F}.Debug|Win32.Build.0 = Debug|Any CPU
		{64B77338-C91D-4432-BE08-2A97290C215F}.Debug|x64.ActiveCfg = Debug|Any CPU
		{64B77338-C91D-4432-BE08-2A97290C215F}.Debug|x64.Build.0 = Debug|Any CPU
		{64B77338-C91D-4432-BE08-2A97290C215F}.Debug|x86.ActiveCfg = Debug|Any CPU
		{64B77338-C91D-4432-BE08-2A97290C215F}.Debug|x86.Build.0 = Debug|Any CPU
		{64B77338-C91D-4432-BE08-2A97290C215F}.Release|amd64.ActiveCfg = Release|Any CPU
		{64B77338-C91D-4432-BE08-2A97290C215F}.Release|Any CPU.ActiveCfg = Release|Any CPU
		{64B77338-C91D-4432-BE08-2A97290C215F}.Release|Any CPU.Build.0 = Release|Any CPU
		{64B77338-C91D-4432-BE08-2A97290C215F}.Release|Itanium.ActiveCfg = Release|Any CPU
		{64B77338-C91D-4432-BE08-2A97290C215F}.Release|Win32.ActiveCfg = Release|Any CPU
		{64B77338-C91D-4432-BE08-2A97290C215F}.Release|Win32.Build.0 = Release|Any CPU
		{64B77338-C91D-4432-BE08-2A97290C215F}.Release|x64.ActiveCfg = Release|Any CPU
		{64B77338-C91D-4432-BE08-2A97290C215F}.Release|x86.ActiveCfg = Release|Any CPU
		{453D8F54-2161-4EEA-AEDF-11898FC16615}.Debug|amd64.ActiveCfg = Debug|Any CPU
		{453D8F54-2161-4EEA-AEDF-11898FC16615}.Debug|amd64.Build.0 = Debug|Any CPU
		{453D8F54-2161-4EEA-AEDF-11898FC16615}.Debug|Any CPU.ActiveCfg = Debug|Any CPU
		{453D8F54-2161-4EEA-AEDF-11898FC16615}.Debug|Any CPU.Build.0 = Debug|Any CPU
		{453D8F54-2161-4EEA-AEDF-11898FC16615}.Debug|Itanium.ActiveCfg = Debug|Any CPU
		{453D8F54-2161-4EEA-AEDF-11898FC16615}.Debug|Itanium.Build.0 = Debug|Any CPU
		{453D8F54-2161-4EEA-AEDF-11898FC16615}.Debug|Win32.ActiveCfg = Debug|Any CPU
		{453D8F54-2161-4EEA-AEDF-11898FC16615}.Debug|Win32.Build.0 = Debug|Any CPU
		{453D8F54-2161-4EEA-AEDF-11898FC16615}.Debug|x64.ActiveCfg = Debug|Any CPU
		{453D8F54-2161-4EEA-AEDF-11898FC16615}.Debug|x64.Build.0 = Debug|Any CPU
		{453D8F54-2161-4EEA-AEDF-11898FC16615}.Debug|x86.ActiveCfg = Debug|Any CPU
		{453D8F54-2161-4EEA-AEDF-11898FC16615}.Debug|x86.Build.0 = Debug|Any CPU
		{453D8F54-2161-4EEA-AEDF-11898FC16615}.Release|amd64.ActiveCfg = Release|Any CPU
		{453D8F54-2161-4EEA-AEDF-11898FC16615}.Release|Any CPU.ActiveCfg = Release|Any CPU
		{453D8F54-2161-4EEA-AEDF-11898FC16615}.Release|Any CPU.Build.0 = Release|Any CPU
		{453D8F54-2161-4EEA-AEDF-11898FC16615}.Release|Itanium.ActiveCfg = Release|Any CPU
		{453D8F54-2161-4EEA-AEDF-11898FC16615}.Release|Win32.ActiveCfg = Release|Any CPU
		{453D8F54-2161-4EEA-AEDF-11898FC16615}.Release|Win32.Build.0 = Release|Any CPU
		{453D8F54-2161-4EEA-AEDF-11898FC16615}.Release|x64.ActiveCfg = Release|Any CPU
		{453D8F54-2161-4EEA-AEDF-11898FC16615}.Release|x86.ActiveCfg = Release|Any CPU
		{2BFC11EF-0C26-47F3-BE69-7A41A3AC91CF}.Debug|amd64.ActiveCfg = Debug|Any CPU
		{2BFC11EF-0C26-47F3-BE69-7A41A3AC91CF}.Debug|amd64.Build.0 = Debug|Any CPU
		{2BFC11EF-0C26-47F3-BE69-7A41A3AC91CF}.Debug|Any CPU.ActiveCfg = Debug|Any CPU
		{2BFC11EF-0C26-47F3-BE69-7A41A3AC91CF}.Debug|Any CPU.Build.0 = Debug|Any CPU
		{2BFC11EF-0C26-47F3-BE69-7A41A3AC91CF}.Debug|Itanium.ActiveCfg = Debug|Any CPU
		{2BFC11EF-0C26-47F3-BE69-7A41A3AC91CF}.Debug|Itanium.Build.0 = Debug|Any CPU
		{2BFC11EF-0C26-47F3-BE69-7A41A3AC91CF}.Debug|Win32.ActiveCfg = Debug|Any CPU
		{2BFC11EF-0C26-47F3-BE69-7A41A3AC91CF}.Debug|Win32.Build.0 = Debug|Any CPU
		{2BFC11EF-0C26-47F3-BE69-7A41A3AC91CF}.Debug|x64.ActiveCfg = Debug|Any CPU
		{2BFC11EF-0C26-47F3-BE69-7A41A3AC91CF}.Debug|x64.Build.0 = Debug|Any CPU
		{2BFC11EF-0C26-47F3-BE69-7A41A3AC91CF}.Debug|x86.ActiveCfg = Debug|Any CPU
		{2BFC11EF-0C26-47F3-BE69-7A41A3AC91CF}.Debug|x86.Build.0 = Debug|Any CPU
		{2BFC11EF-0C26-47F3-BE69-7A41A3AC91CF}.Release|amd64.ActiveCfg = Release|Any CPU
		{2BFC11EF-0C26-47F3-BE69-7A41A3AC91CF}.Release|Any CPU.ActiveCfg = Release|Any CPU
		{2BFC11EF-0C26-47F3-BE69-7A41A3AC91CF}.Release|Any CPU.Build.0 = Release|Any CPU
		{2BFC11EF-0C26-47F3-BE69-7A41A3AC91CF}.Release|Itanium.ActiveCfg = Release|Any CPU
		{2BFC11EF-0C26-47F3-BE69-7A41A3AC91CF}.Release|Win32.ActiveCfg = Release|Any CPU
		{2BFC11EF-0C26-47F3-BE69-7A41A3AC91CF}.Release|Win32.Build.0 = Release|Any CPU
		{2BFC11EF-0C26-47F3-BE69-7A41A3AC91CF}.Release|x64.ActiveCfg = Release|Any CPU
		{2BFC11EF-0C26-47F3-BE69-7A41A3AC91CF}.Release|x86.ActiveCfg = Release|Any CPU
		{1897DC95-2A70-4C54-A8F5-905166B3E4DB}.Debug|amd64.ActiveCfg = Debug|Any CPU
		{1897DC95-2A70-4C54-A8F5-905166B3E4DB}.Debug|amd64.Build.0 = Debug|Any CPU
		{1897DC95-2A70-4C54-A8F5-905166B3E4DB}.Debug|Any CPU.ActiveCfg = Debug|Any CPU
		{1897DC95-2A70-4C54-A8F5-905166B3E4DB}.Debug|Any CPU.Build.0 = Debug|Any CPU
		{1897DC95-2A70-4C54-A8F5-905166B3E4DB}.Debug|Itanium.ActiveCfg = Debug|Any CPU
		{1897DC95-2A70-4C54-A8F5-905166B3E4DB}.Debug|Itanium.Build.0 = Debug|Any CPU
		{1897DC95-2A70-4C54-A8F5-905166B3E4DB}.Debug|Win32.ActiveCfg = Debug|Any CPU
		{1897DC95-2A70-4C54-A8F5-905166B3E4DB}.Debug|Win32.Build.0 = Debug|Any CPU
		{1897DC95-2A70-4C54-A8F5-905166B3E4DB}.Debug|x64.ActiveCfg = Debug|Any CPU
		{1897DC95-2A70-4C54-A8F5-905166B3E4DB}.Debug|x64.Build.0 = Debug|Any CPU
		{1897DC95-2A70-4C54-A8F5-905166B3E4DB}.Debug|x86.ActiveCfg = Debug|Any CPU
		{1897DC95-2A70-4C54-A8F5-905166B3E4DB}.Debug|x86.Build.0 = Debug|Any CPU
		{1897DC95-2A70-4C54-A8F5-905166B3E4DB}.Release|amd64.ActiveCfg = Release|Any CPU
		{1897DC95-2A70-4C54-A8F5-905166B3E4DB}.Release|Any CPU.ActiveCfg = Release|Any CPU
		{1897DC95-2A70-4C54-A8F5-905166B3E4DB}.Release|Any CPU.Build.0 = Release|Any CPU
		{1897DC95-2A70-4C54-A8F5-905166B3E4DB}.Release|Itanium.ActiveCfg = Release|Any CPU
		{1897DC95-2A70-4C54-A8F5-905166B3E4DB}.Release|Win32.ActiveCfg = Release|Any CPU
		{1897DC95-2A70-4C54-A8F5-905166B3E4DB}.Release|Win32.Build.0 = Release|Any CPU
		{1897DC95-2A70-4C54-A8F5-905166B3E4DB}.Release|x64.ActiveCfg = Release|Any CPU
		{1897DC95-2A70-4C54-A8F5-905166B3E4DB}.Release|x86.ActiveCfg = Release|Any CPU
		{E17035EF-CA85-4862-AA19-ABDE02F4422B}.Debug|amd64.ActiveCfg = Debug|Any CPU
		{E17035EF-CA85-4862-AA19-ABDE02F4422B}.Debug|amd64.Build.0 = Debug|Any CPU
		{E17035EF-CA85-4862-AA19-ABDE02F4422B}.Debug|Any CPU.ActiveCfg = Debug|Any CPU
		{E17035EF-CA85-4862-AA19-ABDE02F4422B}.Debug|Any CPU.Build.0 = Debug|Any CPU
		{E17035EF-CA85-4862-AA19-ABDE02F4422B}.Debug|Itanium.ActiveCfg = Debug|Any CPU
		{E17035EF-CA85-4862-AA19-ABDE02F4422B}.Debug|Itanium.Build.0 = Debug|Any CPU
		{E17035EF-CA85-4862-AA19-ABDE02F4422B}.Debug|Win32.ActiveCfg = Debug|Any CPU
		{E17035EF-CA85-4862-AA19-ABDE02F4422B}.Debug|Win32.Build.0 = Debug|Any CPU
		{E17035EF-CA85-4862-AA19-ABDE02F4422B}.Debug|x64.ActiveCfg = Debug|Any CPU
		{E17035EF-CA85-4862-AA19-ABDE02F4422B}.Debug|x64.Build.0 = Debug|Any CPU
		{E17035EF-CA85-4862-AA19-ABDE02F4422B}.Debug|x86.ActiveCfg = Debug|Any CPU
		{E17035EF-CA85-4862-AA19-ABDE02F4422B}.Debug|x86.Build.0 = Debug|Any CPU
		{E17035EF-CA85-4862-AA19-ABDE02F4422B}.Release|amd64.ActiveCfg = Release|Any CPU
		{E17035EF-CA85-4862-AA19-ABDE02F4422B}.Release|Any CPU.ActiveCfg = Release|Any CPU
		{E17035EF-CA85-4862-AA19-ABDE02F4422B}.Release|Any CPU.Build.0 = Release|Any CPU
		{E17035EF-CA85-4862-AA19-ABDE02F4422B}.Release|Itanium.ActiveCfg = Release|Any CPU
		{E17035EF-CA85-4862-AA19-ABDE02F4422B}.Release|Win32.ActiveCfg = Release|Any CPU
		{E17035EF-CA85-4862-AA19-ABDE02F4422B}.Release|Win32.Build.0 = Release|Any CPU
		{E17035EF-CA85-4862-AA19-ABDE02F4422B}.Release|x64.ActiveCfg = Release|Any CPU
		{E17035EF-CA85-4862-AA19-ABDE02F4422B}.Release|x86.ActiveCfg = Release|Any CPU
		{954644AA-EF80-4F24-AD32-AAAE4D94EF4A}.Debug|amd64.ActiveCfg = Debug|Any CPU
		{954644AA-EF80-4F24-AD32-AAAE4D94EF4A}.Debug|amd64.Build.0 = Debug|Any CPU
		{954644AA-EF80-4F24-AD32-AAAE4D94EF4A}.Debug|Any CPU.ActiveCfg = Debug|Any CPU
		{954644AA-EF80-4F24-AD32-AAAE4D94EF4A}.Debug|Any CPU.Build.0 = Debug|Any CPU
		{954644AA-EF80-4F24-AD32-AAAE4D94EF4A}.Debug|Itanium.ActiveCfg = Debug|Any CPU
		{954644AA-EF80-4F24-AD32-AAAE4D94EF4A}.Debug|Itanium.Build.0 = Debug|Any CPU
		{954644AA-EF80-4F24-AD32-AAAE4D94EF4A}.Debug|Win32.ActiveCfg = Debug|Any CPU
		{954644AA-EF80-4F24-AD32-AAAE4D94EF4A}.Debug|Win32.Build.0 = Debug|Any CPU
		{954644AA-EF80-4F24-AD32-AAAE4D94EF4A}.Debug|x64.ActiveCfg = Debug|Any CPU
		{954644AA-EF80-4F24-AD32-AAAE4D94EF4A}.Debug|x64.Build.0 = Debug|Any CPU
		{954644AA-EF80-4F24-AD32-AAAE4D94EF4A}.Debug|x86.ActiveCfg = Debug|Any CPU
		{954644AA-EF80-4F24-AD32-AAAE4D94EF4A}.Debug|x86.Build.0 = Debug|Any CPU
		{954644AA-EF80-4F24-AD32-AAAE4D94EF4A}.Release|amd64.ActiveCfg = Release|Any CPU
		{954644AA-EF80-4F24-AD32-AAAE4D94EF4A}.Release|Any CPU.ActiveCfg = Release|Any CPU
		{954644AA-EF80-4F24-AD32-AAAE4D94EF4A}.Release|Any CPU.Build.0 = Release|Any CPU
		{954644AA-EF80-4F24-AD32-AAAE4D94EF4A}.Release|Itanium.ActiveCfg = Release|Any CPU
		{954644AA-EF80-4F24-AD32-AAAE4D94EF4A}.Release|Win32.ActiveCfg = Release|Any CPU
		{954644AA-EF80-4F24-AD32-AAAE4D94EF4A}.Release|Win32.Build.0 = Release|Any CPU
		{954644AA-EF80-4F24-AD32-AAAE4D94EF4A}.Release|x64.ActiveCfg = Release|Any CPU
		{954644AA-EF80-4F24-AD32-AAAE4D94EF4A}.Release|x86.ActiveCfg = Release|Any CPU
		{57EDAB89-9ABF-4042-AEB2-31CF92C43E9D}.Debug|amd64.ActiveCfg = Debug|Any CPU
		{57EDAB89-9ABF-4042-AEB2-31CF92C43E9D}.Debug|Any CPU.ActiveCfg = Debug|Any CPU
		{57EDAB89-9ABF-4042-AEB2-31CF92C43E9D}.Debug|Any CPU.Build.0 = Debug|Any CPU
		{57EDAB89-9ABF-4042-AEB2-31CF92C43E9D}.Debug|Itanium.ActiveCfg = Debug|Any CPU
		{57EDAB89-9ABF-4042-AEB2-31CF92C43E9D}.Debug|Win32.ActiveCfg = Debug|Any CPU
		{57EDAB89-9ABF-4042-AEB2-31CF92C43E9D}.Debug|Win32.Build.0 = Debug|Any CPU
		{57EDAB89-9ABF-4042-AEB2-31CF92C43E9D}.Debug|x64.ActiveCfg = Debug|Any CPU
		{57EDAB89-9ABF-4042-AEB2-31CF92C43E9D}.Debug|x64.Build.0 = Debug|Any CPU
		{57EDAB89-9ABF-4042-AEB2-31CF92C43E9D}.Debug|x86.ActiveCfg = Debug|Any CPU
		{57EDAB89-9ABF-4042-AEB2-31CF92C43E9D}.Debug|x86.Build.0 = Debug|Any CPU
		{57EDAB89-9ABF-4042-AEB2-31CF92C43E9D}.Release|amd64.ActiveCfg = Release|Any CPU
		{57EDAB89-9ABF-4042-AEB2-31CF92C43E9D}.Release|Any CPU.ActiveCfg = Release|Any CPU
		{57EDAB89-9ABF-4042-AEB2-31CF92C43E9D}.Release|Any CPU.Build.0 = Release|Any CPU
		{57EDAB89-9ABF-4042-AEB2-31CF92C43E9D}.Release|Itanium.ActiveCfg = Release|Any CPU
		{57EDAB89-9ABF-4042-AEB2-31CF92C43E9D}.Release|Win32.ActiveCfg = Release|Any CPU
		{57EDAB89-9ABF-4042-AEB2-31CF92C43E9D}.Release|Win32.Build.0 = Release|Any CPU
		{57EDAB89-9ABF-4042-AEB2-31CF92C43E9D}.Release|x64.ActiveCfg = Release|Any CPU
		{57EDAB89-9ABF-4042-AEB2-31CF92C43E9D}.Release|x86.ActiveCfg = Release|Any CPU
		{6CB61117-736A-45E0-B21E-6C02D2A67A76}.Debug|amd64.ActiveCfg = Debug|Any CPU
		{6CB61117-736A-45E0-B21E-6C02D2A67A76}.Debug|Any CPU.ActiveCfg = Debug|Any CPU
		{6CB61117-736A-45E0-B21E-6C02D2A67A76}.Debug|Any CPU.Build.0 = Debug|Any CPU
		{6CB61117-736A-45E0-B21E-6C02D2A67A76}.Debug|Itanium.ActiveCfg = Debug|Any CPU
		{6CB61117-736A-45E0-B21E-6C02D2A67A76}.Debug|Win32.ActiveCfg = Debug|Any CPU
		{6CB61117-736A-45E0-B21E-6C02D2A67A76}.Debug|Win32.Build.0 = Debug|Any CPU
		{6CB61117-736A-45E0-B21E-6C02D2A67A76}.Debug|x64.ActiveCfg = Debug|Any CPU
		{6CB61117-736A-45E0-B21E-6C02D2A67A76}.Debug|x64.Build.0 = Debug|Any CPU
		{6CB61117-736A-45E0-B21E-6C02D2A67A76}.Debug|x86.ActiveCfg = Debug|Any CPU
		{6CB61117-736A-45E0-B21E-6C02D2A67A76}.Debug|x86.Build.0 = Debug|Any CPU
		{6CB61117-736A-45E0-B21E-6C02D2A67A76}.Release|amd64.ActiveCfg = Release|Any CPU
		{6CB61117-736A-45E0-B21E-6C02D2A67A76}.Release|Any CPU.ActiveCfg = Release|Any CPU
		{6CB61117-736A-45E0-B21E-6C02D2A67A76}.Release|Any CPU.Build.0 = Release|Any CPU
		{6CB61117-736A-45E0-B21E-6C02D2A67A76}.Release|Itanium.ActiveCfg = Release|Any CPU
		{6CB61117-736A-45E0-B21E-6C02D2A67A76}.Release|Win32.ActiveCfg = Release|Any CPU
		{6CB61117-736A-45E0-B21E-6C02D2A67A76}.Release|Win32.Build.0 = Release|Any CPU
		{6CB61117-736A-45E0-B21E-6C02D2A67A76}.Release|x64.ActiveCfg = Release|Any CPU
		{6CB61117-736A-45E0-B21E-6C02D2A67A76}.Release|x86.ActiveCfg = Release|Any CPU
		{89CE4705-FF0A-47CF-93D5-278C38B254BD}.Debug|amd64.ActiveCfg = Debug|Any CPU
		{89CE4705-FF0A-47CF-93D5-278C38B254BD}.Debug|amd64.Build.0 = Debug|Any CPU
		{89CE4705-FF0A-47CF-93D5-278C38B254BD}.Debug|Any CPU.ActiveCfg = Debug|Any CPU
		{89CE4705-FF0A-47CF-93D5-278C38B254BD}.Debug|Any CPU.Build.0 = Debug|Any CPU
		{89CE4705-FF0A-47CF-93D5-278C38B254BD}.Debug|Itanium.ActiveCfg = Debug|Any CPU
		{89CE4705-FF0A-47CF-93D5-278C38B254BD}.Debug|Itanium.Build.0 = Debug|Any CPU
		{89CE4705-FF0A-47CF-93D5-278C38B254BD}.Debug|Win32.ActiveCfg = Debug|Any CPU
		{89CE4705-FF0A-47CF-93D5-278C38B254BD}.Debug|Win32.Build.0 = Debug|Any CPU
		{89CE4705-FF0A-47CF-93D5-278C38B254BD}.Debug|x64.ActiveCfg = Debug|Any CPU
		{89CE4705-FF0A-47CF-93D5-278C38B254BD}.Debug|x64.Build.0 = Debug|Any CPU
		{89CE4705-FF0A-47CF-93D5-278C38B254BD}.Debug|x86.ActiveCfg = Debug|Any CPU
		{89CE4705-FF0A-47CF-93D5-278C38B254BD}.Debug|x86.Build.0 = Debug|Any CPU
		{89CE4705-FF0A-47CF-93D5-278C38B254BD}.Release|amd64.ActiveCfg = Release|Any CPU
		{89CE4705-FF0A-47CF-93D5-278C38B254BD}.Release|Any CPU.ActiveCfg = Release|Any CPU
		{89CE4705-FF0A-47CF-93D5-278C38B254BD}.Release|Any CPU.Build.0 = Release|Any CPU
		{89CE4705-FF0A-47CF-93D5-278C38B254BD}.Release|Itanium.ActiveCfg = Release|Any CPU
		{89CE4705-FF0A-47CF-93D5-278C38B254BD}.Release|Win32.ActiveCfg = Release|Any CPU
		{89CE4705-FF0A-47CF-93D5-278C38B254BD}.Release|Win32.Build.0 = Release|Any CPU
		{89CE4705-FF0A-47CF-93D5-278C38B254BD}.Release|x64.ActiveCfg = Release|Any CPU
		{89CE4705-FF0A-47CF-93D5-278C38B254BD}.Release|x86.ActiveCfg = Release|Any CPU
		{54FAB3D4-314D-407A-9702-3955C7BC1B44}.Debug|amd64.ActiveCfg = Debug|Any CPU
		{54FAB3D4-314D-407A-9702-3955C7BC1B44}.Debug|amd64.Build.0 = Debug|Any CPU
		{54FAB3D4-314D-407A-9702-3955C7BC1B44}.Debug|Any CPU.ActiveCfg = Debug|Any CPU
		{54FAB3D4-314D-407A-9702-3955C7BC1B44}.Debug|Any CPU.Build.0 = Debug|Any CPU
		{54FAB3D4-314D-407A-9702-3955C7BC1B44}.Debug|Itanium.ActiveCfg = Debug|Any CPU
		{54FAB3D4-314D-407A-9702-3955C7BC1B44}.Debug|Itanium.Build.0 = Debug|Any CPU
		{54FAB3D4-314D-407A-9702-3955C7BC1B44}.Debug|Win32.ActiveCfg = Debug|Any CPU
		{54FAB3D4-314D-407A-9702-3955C7BC1B44}.Debug|Win32.Build.0 = Debug|Any CPU
		{54FAB3D4-314D-407A-9702-3955C7BC1B44}.Debug|x64.ActiveCfg = Debug|Any CPU
		{54FAB3D4-314D-407A-9702-3955C7BC1B44}.Debug|x64.Build.0 = Debug|Any CPU
		{54FAB3D4-314D-407A-9702-3955C7BC1B44}.Debug|x86.ActiveCfg = Debug|Any CPU
		{54FAB3D4-314D-407A-9702-3955C7BC1B44}.Debug|x86.Build.0 = Debug|Any CPU
		{54FAB3D4-314D-407A-9702-3955C7BC1B44}.Release|amd64.ActiveCfg = Release|Any CPU
		{54FAB3D4-314D-407A-9702-3955C7BC1B44}.Release|Any CPU.ActiveCfg = Release|Any CPU
		{54FAB3D4-314D-407A-9702-3955C7BC1B44}.Release|Any CPU.Build.0 = Release|Any CPU
		{54FAB3D4-314D-407A-9702-3955C7BC1B44}.Release|Itanium.ActiveCfg = Release|Any CPU
		{54FAB3D4-314D-407A-9702-3955C7BC1B44}.Release|Win32.ActiveCfg = Release|Any CPU
		{54FAB3D4-314D-407A-9702-3955C7BC1B44}.Release|Win32.Build.0 = Release|Any CPU
		{54FAB3D4-314D-407A-9702-3955C7BC1B44}.Release|x64.ActiveCfg = Release|Any CPU
		{54FAB3D4-314D-407A-9702-3955C7BC1B44}.Release|x86.ActiveCfg = Release|Any CPU
		{4C0576C5-89EF-4B01-BD3E-98F0ACB201D8}.Debug|amd64.ActiveCfg = Debug|Any CPU
		{4C0576C5-89EF-4B01-BD3E-98F0ACB201D8}.Debug|Any CPU.ActiveCfg = Debug|Any CPU
		{4C0576C5-89EF-4B01-BD3E-98F0ACB201D8}.Debug|Any CPU.Build.0 = Debug|Any CPU
		{4C0576C5-89EF-4B01-BD3E-98F0ACB201D8}.Debug|Itanium.ActiveCfg = Debug|Any CPU
		{4C0576C5-89EF-4B01-BD3E-98F0ACB201D8}.Debug|Win32.ActiveCfg = Debug|Any CPU
		{4C0576C5-89EF-4B01-BD3E-98F0ACB201D8}.Debug|Win32.Build.0 = Debug|Any CPU
		{4C0576C5-89EF-4B01-BD3E-98F0ACB201D8}.Debug|x64.ActiveCfg = Debug|Any CPU
		{4C0576C5-89EF-4B01-BD3E-98F0ACB201D8}.Debug|x64.Build.0 = Debug|Any CPU
		{4C0576C5-89EF-4B01-BD3E-98F0ACB201D8}.Debug|x86.ActiveCfg = Debug|Any CPU
		{4C0576C5-89EF-4B01-BD3E-98F0ACB201D8}.Debug|x86.Build.0 = Debug|Any CPU
		{4C0576C5-89EF-4B01-BD3E-98F0ACB201D8}.Release|amd64.ActiveCfg = Release|Any CPU
		{4C0576C5-89EF-4B01-BD3E-98F0ACB201D8}.Release|Any CPU.ActiveCfg = Release|Any CPU
		{4C0576C5-89EF-4B01-BD3E-98F0ACB201D8}.Release|Any CPU.Build.0 = Release|Any CPU
		{4C0576C5-89EF-4B01-BD3E-98F0ACB201D8}.Release|Itanium.ActiveCfg = Release|Any CPU
		{4C0576C5-89EF-4B01-BD3E-98F0ACB201D8}.Release|Win32.ActiveCfg = Release|Any CPU
		{4C0576C5-89EF-4B01-BD3E-98F0ACB201D8}.Release|Win32.Build.0 = Release|Any CPU
		{4C0576C5-89EF-4B01-BD3E-98F0ACB201D8}.Release|x64.ActiveCfg = Release|Any CPU
		{4C0576C5-89EF-4B01-BD3E-98F0ACB201D8}.Release|x86.ActiveCfg = Release|Any CPU
		{B2CFA137-B8FD-48AB-98B1-3C976BED3CD6}.Debug|amd64.ActiveCfg = Debug|Any CPU
		{B2CFA137-B8FD-48AB-98B1-3C976BED3CD6}.Debug|Any CPU.ActiveCfg = Debug|Any CPU
		{B2CFA137-B8FD-48AB-98B1-3C976BED3CD6}.Debug|Any CPU.Build.0 = Debug|Any CPU
		{B2CFA137-B8FD-48AB-98B1-3C976BED3CD6}.Debug|Itanium.ActiveCfg = Debug|Any CPU
		{B2CFA137-B8FD-48AB-98B1-3C976BED3CD6}.Debug|Win32.ActiveCfg = Debug|Any CPU
		{B2CFA137-B8FD-48AB-98B1-3C976BED3CD6}.Debug|Win32.Build.0 = Debug|Any CPU
		{B2CFA137-B8FD-48AB-98B1-3C976BED3CD6}.Debug|x64.ActiveCfg = Debug|Any CPU
		{B2CFA137-B8FD-48AB-98B1-3C976BED3CD6}.Debug|x64.Build.0 = Debug|Any CPU
		{B2CFA137-B8FD-48AB-98B1-3C976BED3CD6}.Debug|x86.ActiveCfg = Debug|Any CPU
		{B2CFA137-B8FD-48AB-98B1-3C976BED3CD6}.Debug|x86.Build.0 = Debug|Any CPU
		{B2CFA137-B8FD-48AB-98B1-3C976BED3CD6}.Release|amd64.ActiveCfg = Release|Any CPU
		{B2CFA137-B8FD-48AB-98B1-3C976BED3CD6}.Release|Any CPU.ActiveCfg = Release|Any CPU
		{B2CFA137-B8FD-48AB-98B1-3C976BED3CD6}.Release|Any CPU.Build.0 = Release|Any CPU
		{B2CFA137-B8FD-48AB-98B1-3C976BED3CD6}.Release|Itanium.ActiveCfg = Release|Any CPU
		{B2CFA137-B8FD-48AB-98B1-3C976BED3CD6}.Release|Win32.ActiveCfg = Release|Any CPU
		{B2CFA137-B8FD-48AB-98B1-3C976BED3CD6}.Release|Win32.Build.0 = Release|Any CPU
		{B2CFA137-B8FD-48AB-98B1-3C976BED3CD6}.Release|x64.ActiveCfg = Release|Any CPU
		{B2CFA137-B8FD-48AB-98B1-3C976BED3CD6}.Release|x86.ActiveCfg = Release|Any CPU
		{8F8F2AD1-47E2-45C7-B1E9-796741B4B6C3}.Debug|amd64.ActiveCfg = Debug|Any CPU
		{8F8F2AD1-47E2-45C7-B1E9-796741B4B6C3}.Debug|Any CPU.ActiveCfg = Debug|Any CPU
		{8F8F2AD1-47E2-45C7-B1E9-796741B4B6C3}.Debug|Any CPU.Build.0 = Debug|Any CPU
		{8F8F2AD1-47E2-45C7-B1E9-796741B4B6C3}.Debug|Itanium.ActiveCfg = Debug|Any CPU
		{8F8F2AD1-47E2-45C7-B1E9-796741B4B6C3}.Debug|Win32.ActiveCfg = Debug|Any CPU
		{8F8F2AD1-47E2-45C7-B1E9-796741B4B6C3}.Debug|Win32.Build.0 = Debug|Any CPU
		{8F8F2AD1-47E2-45C7-B1E9-796741B4B6C3}.Debug|x64.ActiveCfg = Debug|Any CPU
		{8F8F2AD1-47E2-45C7-B1E9-796741B4B6C3}.Debug|x64.Build.0 = Debug|Any CPU
		{8F8F2AD1-47E2-45C7-B1E9-796741B4B6C3}.Debug|x86.ActiveCfg = Debug|Any CPU
		{8F8F2AD1-47E2-45C7-B1E9-796741B4B6C3}.Debug|x86.Build.0 = Debug|Any CPU
		{8F8F2AD1-47E2-45C7-B1E9-796741B4B6C3}.Release|amd64.ActiveCfg = Release|Any CPU
		{8F8F2AD1-47E2-45C7-B1E9-796741B4B6C3}.Release|Any CPU.ActiveCfg = Release|Any CPU
		{8F8F2AD1-47E2-45C7-B1E9-796741B4B6C3}.Release|Any CPU.Build.0 = Release|Any CPU
		{8F8F2AD1-47E2-45C7-B1E9-796741B4B6C3}.Release|Itanium.ActiveCfg = Release|Any CPU
		{8F8F2AD1-47E2-45C7-B1E9-796741B4B6C3}.Release|Win32.ActiveCfg = Release|Any CPU
		{8F8F2AD1-47E2-45C7-B1E9-796741B4B6C3}.Release|Win32.Build.0 = Release|Any CPU
		{8F8F2AD1-47E2-45C7-B1E9-796741B4B6C3}.Release|x64.ActiveCfg = Release|Any CPU
		{8F8F2AD1-47E2-45C7-B1E9-796741B4B6C3}.Release|x86.ActiveCfg = Release|Any CPU
		{A1B4CBDE-CFF7-46B8-8428-7DB167A9690D}.Debug|amd64.ActiveCfg = Debug|Any CPU
		{A1B4CBDE-CFF7-46B8-8428-7DB167A9690D}.Debug|Any CPU.ActiveCfg = Debug|Any CPU
		{A1B4CBDE-CFF7-46B8-8428-7DB167A9690D}.Debug|Any CPU.Build.0 = Debug|Any CPU
		{A1B4CBDE-CFF7-46B8-8428-7DB167A9690D}.Debug|Itanium.ActiveCfg = Debug|Any CPU
		{A1B4CBDE-CFF7-46B8-8428-7DB167A9690D}.Debug|Win32.ActiveCfg = Debug|Any CPU
		{A1B4CBDE-CFF7-46B8-8428-7DB167A9690D}.Debug|Win32.Build.0 = Debug|Any CPU
		{A1B4CBDE-CFF7-46B8-8428-7DB167A9690D}.Debug|x64.ActiveCfg = Debug|Any CPU
		{A1B4CBDE-CFF7-46B8-8428-7DB167A9690D}.Debug|x64.Build.0 = Debug|Any CPU
		{A1B4CBDE-CFF7-46B8-8428-7DB167A9690D}.Debug|x86.ActiveCfg = Debug|Any CPU
		{A1B4CBDE-CFF7-46B8-8428-7DB167A9690D}.Debug|x86.Build.0 = Debug|Any CPU
		{A1B4CBDE-CFF7-46B8-8428-7DB167A9690D}.Release|amd64.ActiveCfg = Release|Any CPU
		{A1B4CBDE-CFF7-46B8-8428-7DB167A9690D}.Release|Any CPU.ActiveCfg = Release|Any CPU
		{A1B4CBDE-CFF7-46B8-8428-7DB167A9690D}.Release|Any CPU.Build.0 = Release|Any CPU
		{A1B4CBDE-CFF7-46B8-8428-7DB167A9690D}.Release|Itanium.ActiveCfg = Release|Any CPU
		{A1B4CBDE-CFF7-46B8-8428-7DB167A9690D}.Release|Win32.ActiveCfg = Release|Any CPU
		{A1B4CBDE-CFF7-46B8-8428-7DB167A9690D}.Release|Win32.Build.0 = Release|Any CPU
		{A1B4CBDE-CFF7-46B8-8428-7DB167A9690D}.Release|x64.ActiveCfg = Release|Any CPU
		{A1B4CBDE-CFF7-46B8-8428-7DB167A9690D}.Release|x86.ActiveCfg = Release|Any CPU
		{E79241C4-AB97-421A-8060-06D278595F53}.Debug|amd64.ActiveCfg = Debug|Any CPU
		{E79241C4-AB97-421A-8060-06D278595F53}.Debug|Any CPU.ActiveCfg = Debug|Any CPU
		{E79241C4-AB97-421A-8060-06D278595F53}.Debug|Any CPU.Build.0 = Debug|Any CPU
		{E79241C4-AB97-421A-8060-06D278595F53}.Debug|Itanium.ActiveCfg = Debug|Any CPU
		{E79241C4-AB97-421A-8060-06D278595F53}.Debug|Win32.ActiveCfg = Debug|Any CPU
		{E79241C4-AB97-421A-8060-06D278595F53}.Debug|Win32.Build.0 = Debug|Any CPU
		{E79241C4-AB97-421A-8060-06D278595F53}.Debug|x64.ActiveCfg = Debug|Any CPU
		{E79241C4-AB97-421A-8060-06D278595F53}.Debug|x64.Build.0 = Debug|Any CPU
		{E79241C4-AB97-421A-8060-06D278595F53}.Debug|x86.ActiveCfg = Debug|Any CPU
		{E79241C4-AB97-421A-8060-06D278595F53}.Debug|x86.Build.0 = Debug|Any CPU
		{E79241C4-AB97-421A-8060-06D278595F53}.Release|amd64.ActiveCfg = Release|Any CPU
		{E79241C4-AB97-421A-8060-06D278595F53}.Release|Any CPU.ActiveCfg = Release|Any CPU
		{E79241C4-AB97-421A-8060-06D278595F53}.Release|Any CPU.Build.0 = Release|Any CPU
		{E79241C4-AB97-421A-8060-06D278595F53}.Release|Itanium.ActiveCfg = Release|Any CPU
		{E79241C4-AB97-421A-8060-06D278595F53}.Release|Win32.ActiveCfg = Release|Any CPU
		{E79241C4-AB97-421A-8060-06D278595F53}.Release|Win32.Build.0 = Release|Any CPU
		{E79241C4-AB97-421A-8060-06D278595F53}.Release|x64.ActiveCfg = Release|Any CPU
		{E79241C4-AB97-421A-8060-06D278595F53}.Release|x86.ActiveCfg = Release|Any CPU
		{13E5111D-5CAA-495E-B9FB-3DC4154076B4}.Debug|amd64.ActiveCfg = Debug|Any CPU
		{13E5111D-5CAA-495E-B9FB-3DC4154076B4}.Debug|Any CPU.ActiveCfg = Debug|Any CPU
		{13E5111D-5CAA-495E-B9FB-3DC4154076B4}.Debug|Any CPU.Build.0 = Debug|Any CPU
		{13E5111D-5CAA-495E-B9FB-3DC4154076B4}.Debug|Itanium.ActiveCfg = Debug|Any CPU
		{13E5111D-5CAA-495E-B9FB-3DC4154076B4}.Debug|Win32.ActiveCfg = Debug|Any CPU
		{13E5111D-5CAA-495E-B9FB-3DC4154076B4}.Debug|Win32.Build.0 = Debug|Any CPU
		{13E5111D-5CAA-495E-B9FB-3DC4154076B4}.Debug|x64.ActiveCfg = Debug|Any CPU
		{13E5111D-5CAA-495E-B9FB-3DC4154076B4}.Debug|x64.Build.0 = Debug|Any CPU
		{13E5111D-5CAA-495E-B9FB-3DC4154076B4}.Debug|x86.ActiveCfg = Debug|Any CPU
		{13E5111D-5CAA-495E-B9FB-3DC4154076B4}.Debug|x86.Build.0 = Debug|Any CPU
		{13E5111D-5CAA-495E-B9FB-3DC4154076B4}.Release|amd64.ActiveCfg = Release|Any CPU
		{13E5111D-5CAA-495E-B9FB-3DC4154076B4}.Release|Any CPU.ActiveCfg = Release|Any CPU
		{13E5111D-5CAA-495E-B9FB-3DC4154076B4}.Release|Any CPU.Build.0 = Release|Any CPU
		{13E5111D-5CAA-495E-B9FB-3DC4154076B4}.Release|Itanium.ActiveCfg = Release|Any CPU
		{13E5111D-5CAA-495E-B9FB-3DC4154076B4}.Release|Win32.ActiveCfg = Release|Any CPU
		{13E5111D-5CAA-495E-B9FB-3DC4154076B4}.Release|Win32.Build.0 = Release|Any CPU
		{13E5111D-5CAA-495E-B9FB-3DC4154076B4}.Release|x64.ActiveCfg = Release|Any CPU
		{13E5111D-5CAA-495E-B9FB-3DC4154076B4}.Release|x86.ActiveCfg = Release|Any CPU
		{D8D9CA69-0784-4DDE-AD7C-72C68CE3BA1A}.Debug|amd64.ActiveCfg = Debug|Any CPU
		{D8D9CA69-0784-4DDE-AD7C-72C68CE3BA1A}.Debug|Any CPU.ActiveCfg = Debug|Any CPU
		{D8D9CA69-0784-4DDE-AD7C-72C68CE3BA1A}.Debug|Any CPU.Build.0 = Debug|Any CPU
		{D8D9CA69-0784-4DDE-AD7C-72C68CE3BA1A}.Debug|Itanium.ActiveCfg = Debug|Any CPU
		{D8D9CA69-0784-4DDE-AD7C-72C68CE3BA1A}.Debug|Win32.ActiveCfg = Debug|Any CPU
		{D8D9CA69-0784-4DDE-AD7C-72C68CE3BA1A}.Debug|Win32.Build.0 = Debug|Any CPU
		{D8D9CA69-0784-4DDE-AD7C-72C68CE3BA1A}.Debug|x64.ActiveCfg = Debug|Any CPU
		{D8D9CA69-0784-4DDE-AD7C-72C68CE3BA1A}.Debug|x64.Build.0 = Debug|Any CPU
		{D8D9CA69-0784-4DDE-AD7C-72C68CE3BA1A}.Debug|x86.ActiveCfg = Debug|Any CPU
		{D8D9CA69-0784-4DDE-AD7C-72C68CE3BA1A}.Debug|x86.Build.0 = Debug|Any CPU
		{D8D9CA69-0784-4DDE-AD7C-72C68CE3BA1A}.Release|amd64.ActiveCfg = Release|Any CPU
		{D8D9CA69-0784-4DDE-AD7C-72C68CE3BA1A}.Release|Any CPU.ActiveCfg = Release|Any CPU
		{D8D9CA69-0784-4DDE-AD7C-72C68CE3BA1A}.Release|Any CPU.Build.0 = Release|Any CPU
		{D8D9CA69-0784-4DDE-AD7C-72C68CE3BA1A}.Release|Itanium.ActiveCfg = Release|Any CPU
		{D8D9CA69-0784-4DDE-AD7C-72C68CE3BA1A}.Release|Win32.ActiveCfg = Release|Any CPU
		{D8D9CA69-0784-4DDE-AD7C-72C68CE3BA1A}.Release|Win32.Build.0 = Release|Any CPU
		{D8D9CA69-0784-4DDE-AD7C-72C68CE3BA1A}.Release|x64.ActiveCfg = Release|Any CPU
		{D8D9CA69-0784-4DDE-AD7C-72C68CE3BA1A}.Release|x86.ActiveCfg = Release|Any CPU
		{B44A8132-5A83-4FEE-9F3B-564382F1BD52}.Debug|amd64.ActiveCfg = Debug|Any CPU
		{B44A8132-5A83-4FEE-9F3B-564382F1BD52}.Debug|Any CPU.ActiveCfg = Debug|Any CPU
		{B44A8132-5A83-4FEE-9F3B-564382F1BD52}.Debug|Any CPU.Build.0 = Debug|Any CPU
		{B44A8132-5A83-4FEE-9F3B-564382F1BD52}.Debug|Itanium.ActiveCfg = Debug|Any CPU
		{B44A8132-5A83-4FEE-9F3B-564382F1BD52}.Debug|Win32.ActiveCfg = Debug|Any CPU
		{B44A8132-5A83-4FEE-9F3B-564382F1BD52}.Debug|Win32.Build.0 = Debug|Any CPU
		{B44A8132-5A83-4FEE-9F3B-564382F1BD52}.Debug|x64.ActiveCfg = Debug|Any CPU
		{B44A8132-5A83-4FEE-9F3B-564382F1BD52}.Debug|x64.Build.0 = Debug|Any CPU
		{B44A8132-5A83-4FEE-9F3B-564382F1BD52}.Debug|x86.ActiveCfg = Debug|Any CPU
		{B44A8132-5A83-4FEE-9F3B-564382F1BD52}.Debug|x86.Build.0 = Debug|Any CPU
		{B44A8132-5A83-4FEE-9F3B-564382F1BD52}.Release|amd64.ActiveCfg = Release|Any CPU
		{B44A8132-5A83-4FEE-9F3B-564382F1BD52}.Release|Any CPU.ActiveCfg = Release|Any CPU
		{B44A8132-5A83-4FEE-9F3B-564382F1BD52}.Release|Any CPU.Build.0 = Release|Any CPU
		{B44A8132-5A83-4FEE-9F3B-564382F1BD52}.Release|Itanium.ActiveCfg = Release|Any CPU
		{B44A8132-5A83-4FEE-9F3B-564382F1BD52}.Release|Win32.ActiveCfg = Release|Any CPU
		{B44A8132-5A83-4FEE-9F3B-564382F1BD52}.Release|Win32.Build.0 = Release|Any CPU
		{B44A8132-5A83-4FEE-9F3B-564382F1BD52}.Release|x64.ActiveCfg = Release|Any CPU
		{B44A8132-5A83-4FEE-9F3B-564382F1BD52}.Release|x86.ActiveCfg = Release|Any CPU
		{4F49F1A0-EE86-4D3C-9B33-F81B3BF32DB6}.Debug|amd64.ActiveCfg = Debug|Any CPU
		{4F49F1A0-EE86-4D3C-9B33-F81B3BF32DB6}.Debug|Any CPU.ActiveCfg = Debug|Any CPU
		{4F49F1A0-EE86-4D3C-9B33-F81B3BF32DB6}.Debug|Any CPU.Build.0 = Debug|Any CPU
		{4F49F1A0-EE86-4D3C-9B33-F81B3BF32DB6}.Debug|Itanium.ActiveCfg = Debug|Any CPU
		{4F49F1A0-EE86-4D3C-9B33-F81B3BF32DB6}.Debug|Win32.ActiveCfg = Debug|Any CPU
		{4F49F1A0-EE86-4D3C-9B33-F81B3BF32DB6}.Debug|Win32.Build.0 = Debug|Any CPU
		{4F49F1A0-EE86-4D3C-9B33-F81B3BF32DB6}.Debug|x64.ActiveCfg = Debug|Any CPU
		{4F49F1A0-EE86-4D3C-9B33-F81B3BF32DB6}.Debug|x64.Build.0 = Debug|Any CPU
		{4F49F1A0-EE86-4D3C-9B33-F81B3BF32DB6}.Debug|x86.ActiveCfg = Debug|Any CPU
		{4F49F1A0-EE86-4D3C-9B33-F81B3BF32DB6}.Debug|x86.Build.0 = Debug|Any CPU
		{4F49F1A0-EE86-4D3C-9B33-F81B3BF32DB6}.Release|amd64.ActiveCfg = Release|Any CPU
		{4F49F1A0-EE86-4D3C-9B33-F81B3BF32DB6}.Release|Any CPU.ActiveCfg = Release|Any CPU
		{4F49F1A0-EE86-4D3C-9B33-F81B3BF32DB6}.Release|Any CPU.Build.0 = Release|Any CPU
		{4F49F1A0-EE86-4D3C-9B33-F81B3BF32DB6}.Release|Itanium.ActiveCfg = Release|Any CPU
		{4F49F1A0-EE86-4D3C-9B33-F81B3BF32DB6}.Release|Win32.ActiveCfg = Release|Any CPU
		{4F49F1A0-EE86-4D3C-9B33-F81B3BF32DB6}.Release|Win32.Build.0 = Release|Any CPU
		{4F49F1A0-EE86-4D3C-9B33-F81B3BF32DB6}.Release|x64.ActiveCfg = Release|Any CPU
		{4F49F1A0-EE86-4D3C-9B33-F81B3BF32DB6}.Release|x86.ActiveCfg = Release|Any CPU
		{24610D81-496C-424A-AAE6-4FB944C36F21}.Debug|amd64.ActiveCfg = Debug|Any CPU
		{24610D81-496C-424A-AAE6-4FB944C36F21}.Debug|Any CPU.ActiveCfg = Debug|Any CPU
		{24610D81-496C-424A-AAE6-4FB944C36F21}.Debug|Any CPU.Build.0 = Debug|Any CPU
		{24610D81-496C-424A-AAE6-4FB944C36F21}.Debug|Itanium.ActiveCfg = Debug|Any CPU
		{24610D81-496C-424A-AAE6-4FB944C36F21}.Debug|Win32.ActiveCfg = Debug|Any CPU
		{24610D81-496C-424A-AAE6-4FB944C36F21}.Debug|Win32.Build.0 = Debug|Any CPU
		{24610D81-496C-424A-AAE6-4FB944C36F21}.Debug|x64.ActiveCfg = Debug|Any CPU
		{24610D81-496C-424A-AAE6-4FB944C36F21}.Debug|x64.Build.0 = Debug|Any CPU
		{24610D81-496C-424A-AAE6-4FB944C36F21}.Debug|x86.ActiveCfg = Debug|Any CPU
		{24610D81-496C-424A-AAE6-4FB944C36F21}.Debug|x86.Build.0 = Debug|Any CPU
		{24610D81-496C-424A-AAE6-4FB944C36F21}.Release|amd64.ActiveCfg = Release|Any CPU
		{24610D81-496C-424A-AAE6-4FB944C36F21}.Release|Any CPU.ActiveCfg = Release|Any CPU
		{24610D81-496C-424A-AAE6-4FB944C36F21}.Release|Any CPU.Build.0 = Release|Any CPU
		{24610D81-496C-424A-AAE6-4FB944C36F21}.Release|Itanium.ActiveCfg = Release|Any CPU
		{24610D81-496C-424A-AAE6-4FB944C36F21}.Release|Win32.ActiveCfg = Release|Any CPU
		{24610D81-496C-424A-AAE6-4FB944C36F21}.Release|Win32.Build.0 = Release|Any CPU
		{24610D81-496C-424A-AAE6-4FB944C36F21}.Release|x64.ActiveCfg = Release|Any CPU
		{24610D81-496C-424A-AAE6-4FB944C36F21}.Release|x86.ActiveCfg = Release|Any CPU
	EndGlobalSection
	GlobalSection(SolutionProperties) = preSolution
		HideSolutionNode = FALSE
	EndGlobalSection
	GlobalSection(NestedProjects) = preSolution
		{0A3F6A45-15DE-4DCC-8EBF-E77867BC6C66} = {8DA8E633-67AB-4289-AD3F-F0A1E8A98D7C}
		{E369E795-30A6-427F-9F9E-F5EEFD9CD9F5} = {8DA8E633-67AB-4289-AD3F-F0A1E8A98D7C}
		{4ED0B548-E7E6-477F-BB8A-7B5195A5530A} = {FC3E477F-FFC4-466A-A40C-2576399618DA}
		{DBC6EB25-B01B-4B97-92B0-4093C901DC8D} = {FC3E477F-FFC4-466A-A40C-2576399618DA}
		{254DF310-5DF8-4078-B81F-F2C40CA0F644} = {C1258C94-4ABE-4A80-8A03-7A7E8959FC1F}
		{6407E5EA-0906-4CF9-9490-A37221DB2302} = {C1258C94-4ABE-4A80-8A03-7A7E8959FC1F}
		{CDBECF5A-76E1-47CC-8584-3BC54DC663B1} = {59F2A20D-1C98-414E-B603-6E50ED518998}
		{F3D93773-356C-44FE-8CD2-CD8749904240} = {59F2A20D-1C98-414E-B603-6E50ED518998}
		{9738768C-989A-4ACA-BC26-188EEB8722F4} = {4CDA8610-7CC8-4E3A-806E-16E3A5A2D256}
		{8222C65A-49E2-45ED-89AA-1BE045C04043} = {4CDA8610-7CC8-4E3A-806E-16E3A5A2D256}
		{6DE6E678-0AAA-4CF5-99F1-DFA195305632} = {5056DAFB-E430-4D84-90E1-7C1155234EB7}
		{575832D7-BC24-48F0-910B-D04D86C1B4AD} = {5056DAFB-E430-4D84-90E1-7C1155234EB7}
		{E2727468-EC06-4A57-A995-561EE82142F7} = {143504A8-B8BF-4C3F-8E4E-4C21D79AA0A5}
		{0728AF32-4374-4954-9328-A600733C4F1D} = {143504A8-B8BF-4C3F-8E4E-4C21D79AA0A5}
		{64B77338-C91D-4432-BE08-2A97290C215F} = {973C9864-3328-4B78-9526-5247120D7710}
		{453D8F54-2161-4EEA-AEDF-11898FC16615} = {973C9864-3328-4B78-9526-5247120D7710}
		{2BFC11EF-0C26-47F3-BE69-7A41A3AC91CF} = {EEE22CBF-43AE-40C8-BE32-17B90094E0C8}
		{1897DC95-2A70-4C54-A8F5-905166B3E4DB} = {EEE22CBF-43AE-40C8-BE32-17B90094E0C8}
		{E17035EF-CA85-4862-AA19-ABDE02F4422B} = {32C6A8BC-CD38-4353-AB33-477CE8E8A999}
		{954644AA-EF80-4F24-AD32-AAAE4D94EF4A} = {32C6A8BC-CD38-4353-AB33-477CE8E8A999}
		{8F8F2AD1-47E2-45C7-B1E9-796741B4B6C3} = {50F6208C-C122-44D0-A63E-F7047600DDB4}
		{A1B4CBDE-CFF7-46B8-8428-7DB167A9690D} = {50F6208C-C122-44D0-A63E-F7047600DDB4}
		{57EDAB89-9ABF-4042-AEB2-31CF92C43E9D} = {3737CD62-BED4-4BBC-8473-73599789F40E}
		{6CB61117-736A-45E0-B21E-6C02D2A67A76} = {3737CD62-BED4-4BBC-8473-73599789F40E}
		{89CE4705-FF0A-47CF-93D5-278C38B254BD} = {2FA2BC42-5D70-4EEF-A44C-2BF51B2C2BE5}
		{54FAB3D4-314D-407A-9702-3955C7BC1B44} = {2FA2BC42-5D70-4EEF-A44C-2BF51B2C2BE5}
		{4C0576C5-89EF-4B01-BD3E-98F0ACB201D8} = {BCAED5E7-BBB7-4946-B7C2-C350510779E4}
		{B2CFA137-B8FD-48AB-98B1-3C976BED3CD6} = {BCAED5E7-BBB7-4946-B7C2-C350510779E4}
		{E79241C4-AB97-421A-8060-06D278595F53} = {65D7C13E-BF30-4440-9FBC-1F26CC5C2728}
		{13E5111D-5CAA-495E-B9FB-3DC4154076B4} = {65D7C13E-BF30-4440-9FBC-1F26CC5C2728}
		{D8D9CA69-0784-4DDE-AD7C-72C68CE3BA1A} = {9BFCFED1-E9F3-4115-A2D0-83FBC9C522BD}
		{B44A8132-5A83-4FEE-9F3B-564382F1BD52} = {9BFCFED1-E9F3-4115-A2D0-83FBC9C522BD}
		{4F49F1A0-EE86-4D3C-9B33-F81B3BF32DB6} = {761604F9-7679-412C-BE74-C81CC8BF4B9D}
		{24610D81-496C-424A-AAE6-4FB944C36F21} = {761604F9-7679-412C-BE74-C81CC8BF4B9D}
	EndGlobalSection
EndGlobal
