
Microsoft Visual Studio Solution File, Format Version 12.00
# Visual Studio 2013
Project("{2150E333-8FDC-42A3-9474-1A3956D46DE8}") = "Solution Items", "Solution Items", "{AA19C2D0-B894-4001-8290-FF325D65961E}"
	ProjectSection(SolutionItems) = preProject
		MS-OXCPERM.runsettings = MS-OXCPERM.runsettings
		MS-OXCPERM.TestSettings = MS-OXCPERM.TestSettings
	EndProjectSection
EndProject
Project("{FAE04EC0-301F-11D3-BF4B-00C04F79EFBC}") = "MS-OXCPERM_TestSuite", "TestSuite\MS-OXCPERM_TestSuite.csproj", "{FC02F4C0-7718-41CC-9157-B6D28DEF85F0}"
EndProject
Project("{FAE04EC0-301F-11D3-BF4B-00C04F79EFBC}") = "MS-OXCPERM_Adapter", "Adapter\MS-OXCPERM_Adapter.csproj", "{0CDBED85-3FE8-41AD-AD74-6A11F3B6E127}"
	ProjectSection(ProjectDependencies) = postProject
		{82E8D714-466C-46BF-BDA3-E28E1593CCB6} = {82E8D714-466C-46BF-BDA3-E28E1593CCB6}
	EndProjectSection
EndProject
Project("{8BC9CEB8-8B4A-11D0-8D11-00A0C91BC942}") = "MS-OXCRPC_RPCStub", "..\Common\OXCRPCStub\MS-OXCRPCStub.vcxproj", "{82E8D714-466C-46BF-BDA3-E28E1593CCB6}"
EndProject
Project("{FAE04EC0-301F-11D3-BF4B-00C04F79EFBC}") = "Common", "..\Common\Common\Common.csproj", "{584275BB-9E04-457E-88B6-B31D0F428DFC}"
EndProject
Global
	GlobalSection(SolutionConfigurationPlatforms) = preSolution
		Debug|Any CPU = Debug|Any CPU
		Debug|Mixed Platforms = Debug|Mixed Platforms
		Debug|Win32 = Debug|Win32
		Release|Any CPU = Release|Any CPU
		Release|Mixed Platforms = Release|Mixed Platforms
		Release|Win32 = Release|Win32
	EndGlobalSection
	GlobalSection(ProjectConfigurationPlatforms) = postSolution
		{FC02F4C0-7718-41CC-9157-B6D28DEF85F0}.Debug|Any CPU.ActiveCfg = Debug|Any CPU
		{FC02F4C0-7718-41CC-9157-B6D28DEF85F0}.Debug|Any CPU.Build.0 = Debug|Any CPU
		{FC02F4C0-7718-41CC-9157-B6D28DEF85F0}.Debug|Mixed Platforms.ActiveCfg = Debug|Any CPU
		{FC02F4C0-7718-41CC-9157-B6D28DEF85F0}.Debug|Mixed Platforms.Build.0 = Debug|Any CPU
		{FC02F4C0-7718-41CC-9157-B6D28DEF85F0}.Debug|Win32.ActiveCfg = Debug|Any CPU
		{FC02F4C0-7718-41CC-9157-B6D28DEF85F0}.Release|Any CPU.ActiveCfg = Release|Any CPU
		{FC02F4C0-7718-41CC-9157-B6D28DEF85F0}.Release|Any CPU.Build.0 = Release|Any CPU
		{FC02F4C0-7718-41CC-9157-B6D28DEF85F0}.Release|Mixed Platforms.ActiveCfg = Release|Any CPU
		{FC02F4C0-7718-41CC-9157-B6D28DEF85F0}.Release|Mixed Platforms.Build.0 = Release|Any CPU
		{FC02F4C0-7718-41CC-9157-B6D28DEF85F0}.Release|Win32.ActiveCfg = Release|Any CPU
		{0CDBED85-3FE8-41AD-AD74-6A11F3B6E127}.Debug|Any CPU.ActiveCfg = Debug|Any CPU
		{0CDBED85-3FE8-41AD-AD74-6A11F3B6E127}.Debug|Any CPU.Build.0 = Debug|Any CPU
		{0CDBED85-3FE8-41AD-AD74-6A11F3B6E127}.Debug|Mixed Platforms.ActiveCfg = Debug|Any CPU
		{0CDBED85-3FE8-41AD-AD74-6A11F3B6E127}.Debug|Mixed Platforms.Build.0 = Debug|Any CPU
		{0CDBED85-3FE8-41AD-AD74-6A11F3B6E127}.Debug|Win32.ActiveCfg = Debug|Any CPU
		{0CDBED85-3FE8-41AD-AD74-6A11F3B6E127}.Release|Any CPU.ActiveCfg = Release|Any CPU
		{0CDBED85-3FE8-41AD-AD74-6A11F3B6E127}.Release|Any CPU.Build.0 = Release|Any CPU
		{0CDBED85-3FE8-41AD-AD74-6A11F3B6E127}.Release|Mixed Platforms.ActiveCfg = Release|Any CPU
		{0CDBED85-3FE8-41AD-AD74-6A11F3B6E127}.Release|Mixed Platforms.Build.0 = Release|Any CPU
		{0CDBED85-3FE8-41AD-AD74-6A11F3B6E127}.Release|Win32.ActiveCfg = Release|Any CPU
		{82E8D714-466C-46BF-BDA3-E28E1593CCB6}.Debug|Any CPU.ActiveCfg = Debug|Win32
		{82E8D714-466C-46BF-BDA3-E28E1593CCB6}.Debug|Mixed Platforms.ActiveCfg = Debug|Win32
		{82E8D714-466C-46BF-BDA3-E28E1593CCB6}.Debug|Mixed Platforms.Build.0 = Debug|Win32
		{82E8D714-466C-46BF-BDA3-E28E1593CCB6}.Debug|Win32.ActiveCfg = Debug|Win32
		{82E8D714-466C-46BF-BDA3-E28E1593CCB6}.Debug|Win32.Build.0 = Debug|Win32
		{82E8D714-466C-46BF-BDA3-E28E1593CCB6}.Release|Any CPU.ActiveCfg = Release|Win32
		{82E8D714-466C-46BF-BDA3-E28E1593CCB6}.Release|Mixed Platforms.ActiveCfg = Release|Win32
		{82E8D714-466C-46BF-BDA3-E28E1593CCB6}.Release|Mixed Platforms.Build.0 = Release|Win32
		{82E8D714-466C-46BF-BDA3-E28E1593CCB6}.Release|Win32.ActiveCfg = Release|Win32
		{82E8D714-466C-46BF-BDA3-E28E1593CCB6}.Release|Win32.Build.0 = Release|Win32
		{584275BB-9E04-457E-88B6-B31D0F428DFC}.Debug|Any CPU.ActiveCfg = Debug|Any CPU
		{584275BB-9E04-457E-88B6-B31D0F428DFC}.Debug|Any CPU.Build.0 = Debug|Any CPU
		{584275BB-9E04-457E-88B6-B31D0F428DFC}.Debug|Mixed Platforms.ActiveCfg = Debug|Any CPU
		{584275BB-9E04-457E-88B6-B31D0F428DFC}.Debug|Mixed Platforms.Build.0 = Debug|Any CPU
		{584275BB-9E04-457E-88B6-B31D0F428DFC}.Debug|Win32.ActiveCfg = Debug|Any CPU
		{584275BB-9E04-457E-88B6-B31D0F428DFC}.Release|Any CPU.ActiveCfg = Release|Any CPU
		{584275BB-9E04-457E-88B6-B31D0F428DFC}.Release|Any CPU.Build.0 = Release|Any CPU
		{584275BB-9E04-457E-88B6-B31D0F428DFC}.Release|Mixed Platforms.ActiveCfg = Release|Any CPU
		{584275BB-9E04-457E-88B6-B31D0F428DFC}.Release|Mixed Platforms.Build.0 = Release|Any CPU
		{584275BB-9E04-457E-88B6-B31D0F428DFC}.Release|Win32.ActiveCfg = Release|Any CPU
	EndGlobalSection
	GlobalSection(SolutionProperties) = preSolution
		HideSolutionNode = FALSE
	EndGlobalSection
EndGlobal
