
Microsoft Visual Studio Solution File, Format Version 12.00
# Visual Studio 2013
Project("{FAE04EC0-301F-11D3-BF4B-00C04F79EFBC}") = "MS-LISTSWS_TestSuite", "TestSuite\MS-LISTSWS_TestSuite.csproj", "{E369E795-30A6-427F-9F9E-F5EEFD9CD9F5}"
EndProject
Project("{FAE04EC0-301F-11D3-BF4B-00C04F79EFBC}") = "MS-LISTSWS_Adapter", "Adapter\MS-LISTSWS_Adapter.csproj", "{0A3F6A45-15DE-4DCC-8EBF-E77867BC6C66}"
EndProject
Project("{2150E333-8FDC-42A3-9474-1A3956D46DE8}") = "Solution Items", "Solution Items", "{4F7777CC-1D45-48AC-B7E4-0D3FF17EEA4B}"
	ProjectSection(SolutionItems) = preProject
		MS-LISTSWS.runsettings = MS-LISTSWS.runsettings
		MS-LISTSWS.testsettings = MS-LISTSWS.testsettings
	EndProjectSection
EndProject
Project("{FAE04EC0-301F-11D3-BF4B-00C04F79EFBC}") = "Common", "..\Common\Common.csproj", "{584275BB-9E04-457E-88B6-B31D0F428DFC}"
EndProject
Global
	GlobalSection(SolutionConfigurationPlatforms) = preSolution
		Debug|Any CPU = Debug|Any CPU
		Release|Any CPU = Release|Any CPU
	EndGlobalSection
	GlobalSection(ProjectConfigurationPlatforms) = postSolution
		{E369E795-30A6-427F-9F9E-F5EEFD9CD9F5}.Debug|Any CPU.ActiveCfg = Debug|Any CPU
		{E369E795-30A6-427F-9F9E-F5EEFD9CD9F5}.Debug|Any CPU.Build.0 = Debug|Any CPU
		{E369E795-30A6-427F-9F9E-F5EEFD9CD9F5}.Release|Any CPU.ActiveCfg = Release|Any CPU
		{E369E795-30A6-427F-9F9E-F5EEFD9CD9F5}.Release|Any CPU.Build.0 = Release|Any CPU
		{0A3F6A45-15DE-4DCC-8EBF-E77867BC6C66}.Debug|Any CPU.ActiveCfg = Debug|Any CPU
		{0A3F6A45-15DE-4DCC-8EBF-E77867BC6C66}.Debug|Any CPU.Build.0 = Debug|Any CPU
		{0A3F6A45-15DE-4DCC-8EBF-E77867BC6C66}.Release|Any CPU.ActiveCfg = Release|Any CPU
		{0A3F6A45-15DE-4DCC-8EBF-E77867BC6C66}.Release|Any CPU.Build.0 = Release|Any CPU
		{584275BB-9E04-457E-88B6-B31D0F428DFC}.Debug|Any CPU.ActiveCfg = Debug|Any CPU
		{584275BB-9E04-457E-88B6-B31D0F428DFC}.Debug|Any CPU.Build.0 = Debug|Any CPU
		{584275BB-9E04-457E-88B6-B31D0F428DFC}.Release|Any CPU.ActiveCfg = Release|Any CPU
		{584275BB-9E04-457E-88B6-B31D0F428DFC}.Release|Any CPU.Build.0 = Release|Any CPU
	EndGlobalSection
	GlobalSection(SolutionProperties) = preSolution
		HideSolutionNode = FALSE
	EndGlobalSection
EndGlobal
